PODS:
  - AFNetworking (1.3.4)
  - Bolts (1.1.4)
  - Facebook-iOS-SDK (3.23.1):
    - Bolts (~> 1.0)
  - FormatterKit (1.2.1):
    - FormatterKit/AddressFormatter (= 1.2.1)
    - FormatterKit/ArrayFormatter (= 1.2.1)
    - FormatterKit/LocationFormatter (= 1.2.1)
    - FormatterKit/OrdinalNumberFormatter (= 1.2.1)
    - FormatterKit/TimeIntervalFormatter (= 1.2.1)
    - FormatterKit/UnitOfInformationFormatter (= 1.2.1)
    - FormatterKit/URLRequestFormatter (= 1.2.1)
  - FormatterKit/AddressFormatter (1.2.1)
  - FormatterKit/ArrayFormatter (1.2.1)
  - FormatterKit/LocationFormatter (1.2.1)
  - FormatterKit/OrdinalNumberFormatter (1.2.1)
  - FormatterKit/TimeIntervalFormatter (1.2.1)
  - FormatterKit/UnitOfInformationFormatter (1.2.1)
  - FormatterKit/URLRequestFormatter (1.2.1)

DEPENDENCIES:
  - AFNetworking (~> 1.3.2)
  - Facebook-iOS-SDK (~> 3.23.1)
  - FormatterKit (~> 1.2.1)

SPEC CHECKSUMS:
  AFNetworking: 80c4e0652b08eb34e25b9c0ff3c82556fe5967b4
  Bolts: dd9fb8433d67f5acc3b6b4d1379bbc5513d716c1
  Facebook-iOS-SDK: 89dae50e975ebab95a01b0962d27277fc9cf08fd
  FormatterKit: 24b9e0ed65d96f9b2c13c9486028b2735b8d288a

COCOAPODS: 0.36.0
