// !$*UTF8*$!
{
	archiveVersion = 1;
	classes = {
	};
	objectVersion = 46;
	objects = {

/* Begin PBXBuildFile section */
		5B6E5B767D2D48748780E8CD /* libPods.a in Frameworks */ = {isa = PBXBuildFile; fileRef = B0F30985C67F4305AE5B3F10 /* libPods.a */; };
		991614CA17DE813C007FF6B5 /* AudioToolbox.framework in Frameworks */ = {isa = PBXBuildFile; fileRef = 991614C917DE813C007FF6B5 /* AudioToolbox.framework */; };
		991614CC17DE8161007FF6B5 /* CFNetwork.framework in Frameworks */ = {isa = PBXBuildFile; fileRef = 991614CB17DE8161007FF6B5 /* CFNetwork.framework */; };
		991614CE17DE8172007FF6B5 /* CoreLocation.framework in Frameworks */ = {isa = PBXBuildFile; fileRef = 991614CD17DE8172007FF6B5 /* CoreLocation.framework */; };
		991614D017DE817F007FF6B5 /* libz.1.1.3.dylib in Frameworks */ = {isa = PBXBuildFile; fileRef = 991614CF17DE817F007FF6B5 /* libz.1.1.3.dylib */; };
		991614D217DE8188007FF6B5 /* MobileCoreServices.framework in Frameworks */ = {isa = PBXBuildFile; fileRef = 991614D117DE8188007FF6B5 /* MobileCoreServices.framework */; };
		991614D417DE818F007FF6B5 /* QuartzCore.framework in Frameworks */ = {isa = PBXBuildFile; fileRef = 991614D317DE818F007FF6B5 /* QuartzCore.framework */; };
		991614D617DE8198007FF6B5 /* Security.framework in Frameworks */ = {isa = PBXBuildFile; fileRef = 991614D517DE8198007FF6B5 /* Security.framework */; };
		991614D817DE81A1007FF6B5 /* StoreKit.framework in Frameworks */ = {isa = PBXBuildFile; fileRef = 991614D717DE81A1007FF6B5 /* StoreKit.framework */; };
		991614DA17DE81AB007FF6B5 /* SystemConfiguration.framework in Frameworks */ = {isa = PBXBuildFile; fileRef = 991614D917DE81AB007FF6B5 /* SystemConfiguration.framework */; };
		991614DC17DE82B4007FF6B5 /* Parse.framework in Frameworks */ = {isa = PBXBuildFile; fileRef = 991614DB17DE82B4007FF6B5 /* Parse.framework */; };
		9919152217DA7B2A005DA25C /* Foundation.framework in Frameworks */ = {isa = PBXBuildFile; fileRef = 9919152117DA7B2A005DA25C /* Foundation.framework */; };
		9919152417DA7B2A005DA25C /* CoreGraphics.framework in Frameworks */ = {isa = PBXBuildFile; fileRef = 9919152317DA7B2A005DA25C /* CoreGraphics.framework */; };
		9919152617DA7B2A005DA25C /* UIKit.framework in Frameworks */ = {isa = PBXBuildFile; fileRef = 9919152517DA7B2A005DA25C /* UIKit.framework */; };
		9919152C17DA7B2A005DA25C /* InfoPlist.strings in Resources */ = {isa = PBXBuildFile; fileRef = 9919152A17DA7B2A005DA25C /* InfoPlist.strings */; };
		9919152E17DA7B2A005DA25C /* main.m in Sources */ = {isa = PBXBuildFile; fileRef = 9919152D17DA7B2A005DA25C /* main.m */; };
		9919153217DA7B2A005DA25C /* AppDelegate.m in Sources */ = {isa = PBXBuildFile; fileRef = 9919153117DA7B2A005DA25C /* AppDelegate.m */; };
		9919153517DA7B2A005DA25C /* Main.storyboard in Resources */ = {isa = PBXBuildFile; fileRef = 9919153317DA7B2A005DA25C /* Main.storyboard */; };
		9919153A17DA7B2A005DA25C /* Images.xcassets in Resources */ = {isa = PBXBuildFile; fileRef = 9919153917DA7B2A005DA25C /* Images.xcassets */; };
		9919154117DA7B2A005DA25C /* XCTest.framework in Frameworks */ = {isa = PBXBuildFile; fileRef = 9919154017DA7B2A005DA25C /* XCTest.framework */; };
		9919154217DA7B2A005DA25C /* Foundation.framework in Frameworks */ = {isa = PBXBuildFile; fileRef = 9919152117DA7B2A005DA25C /* Foundation.framework */; };
		9919154317DA7B2A005DA25C /* UIKit.framework in Frameworks */ = {isa = PBXBuildFile; fileRef = 9919152517DA7B2A005DA25C /* UIKit.framework */; };
		9919154B17DA7B2B005DA25C /* InfoPlist.strings in Resources */ = {isa = PBXBuildFile; fileRef = 9919154917DA7B2B005DA25C /* InfoPlist.strings */; };
		9922AB5317E0DA6500D1B18A /* WBDataSource.m in Sources */ = {isa = PBXBuildFile; fileRef = 9922AB4F17E0DA6500D1B18A /* WBDataSource.m */; };
		9922AB5A17E0DA6B00D1B18A /* ParseDataSource.m in Sources */ = {isa = PBXBuildFile; fileRef = 9922AB5717E0DA6B00D1B18A /* ParseDataSource.m */; };
		9922AB5B17E0DA6B00D1B18A /* ParseUser.m in Sources */ = {isa = PBXBuildFile; fileRef = 9922AB5917E0DA6B00D1B18A /* ParseUser.m */; };
		9922AB5E17E107F800D1B18A /* WBManager.m in Sources */ = {isa = PBXBuildFile; fileRef = 9922AB5D17E107F800D1B18A /* WBManager.m */; };
		9940D16817DF62F1008B2825 /* WBDatasourceTests.m in Sources */ = {isa = PBXBuildFile; fileRef = 9940D16717DF62F1008B2825 /* WBDatasourceTests.m */; };
		99D80C7117DE0EA200809322 /* UserImplementationTests.m in Sources */ = {isa = PBXBuildFile; fileRef = 99D80C7017DE0EA200809322 /* UserImplementationTests.m */; };
		99D80C7E17DE4FBF00809322 /* MyViewController.m in Sources */ = {isa = PBXBuildFile; fileRef = 99D80C7D17DE4FBF00809322 /* MyViewController.m */; };
		BE1B3F6A17E22117003494CD /* MainWindow.xib in Resources */ = {isa = PBXBuildFile; fileRef = BE1B3F5D17E22117003494CD /* MainWindow.xib */; };
		BE1B3F6B17E22117003494CD /* UIImageView+SLImageLoader.m in Sources */ = {isa = PBXBuildFile; fileRef = BE1B3F5F17E22117003494CD /* UIImageView+SLImageLoader.m */; };
		BE1B3F6C17E22117003494CD /* MainFeedCell.m in Sources */ = {isa = PBXBuildFile; fileRef = BE1B3F6217E22117003494CD /* MainFeedCell.m */; };
		BE1B3F6D17E22117003494CD /* MainFeedCell.xib in Resources */ = {isa = PBXBuildFile; fileRef = BE1B3F6317E22117003494CD /* MainFeedCell.xib */; };
		BE1B3F6E17E22117003494CD /* WBPhotoTimelineCell.m in Sources */ = {isa = PBXBuildFile; fileRef = BE1B3F6517E22117003494CD /* WBPhotoTimelineCell.m */; };
		BE1B3F6F17E22117003494CD /* WBPhotoTimelineCell.xib in Resources */ = {isa = PBXBuildFile; fileRef = BE1B3F6617E22117003494CD /* WBPhotoTimelineCell.xib */; };
		BE1B3F7017E22117003494CD /* WBPhotoTimelineSectionHeaderView.m in Sources */ = {isa = PBXBuildFile; fileRef = BE1B3F6817E22117003494CD /* WBPhotoTimelineSectionHeaderView.m */; };
		BE1B3F7117E22117003494CD /* WBPhotoTimelineSectionHeaderView.xib in Resources */ = {isa = PBXBuildFile; fileRef = BE1B3F6917E22117003494CD /* WBPhotoTimelineSectionHeaderView.xib */; };
		BE1B3F7817E22197003494CD /* MainFeedViewController.m in Sources */ = {isa = PBXBuildFile; fileRef = BE1B3F7417E22197003494CD /* MainFeedViewController.m */; };
		BE1B3F7917E22197003494CD /* MainFeedViewController.xib in Resources */ = {isa = PBXBuildFile; fileRef = BE1B3F7517E22197003494CD /* MainFeedViewController.xib */; };
		BE1B3F7A17E22197003494CD /* WBPhotoTimelineViewController.m in Sources */ = {isa = PBXBuildFile; fileRef = BE1B3F7717E22197003494CD /* WBPhotoTimelineViewController.m */; };
		DD2B8EDB17E23D1D0094A3C4 /* UIImageView+RoundedCorners.m in Sources */ = {isa = PBXBuildFile; fileRef = DD2B8EDA17E23D1D0094A3C4 /* UIImageView+RoundedCorners.m */; };
/* End PBXBuildFile section */

/* Begin PBXContainerItemProxy section */
		9919154417DA7B2A005DA25C /* PBXContainerItemProxy */ = {
			isa = PBXContainerItemProxy;
			containerPortal = 9919151617DA7B2A005DA25C /* Project object */;
			proxyType = 1;
			remoteGlobalIDString = 9919151D17DA7B2A005DA25C;
			remoteInfo = whiteboard;
		};
/* End PBXContainerItemProxy section */

/* Begin PBXFileReference section */
		991614C917DE813C007FF6B5 /* AudioToolbox.framework */ = {isa = PBXFileReference; lastKnownFileType = wrapper.framework; name = AudioToolbox.framework; path = System/Library/Frameworks/AudioToolbox.framework; sourceTree = SDKROOT; };
		991614CB17DE8161007FF6B5 /* CFNetwork.framework */ = {isa = PBXFileReference; lastKnownFileType = wrapper.framework; name = CFNetwork.framework; path = System/Library/Frameworks/CFNetwork.framework; sourceTree = SDKROOT; };
		991614CD17DE8172007FF6B5 /* CoreLocation.framework */ = {isa = PBXFileReference; lastKnownFileType = wrapper.framework; name = CoreLocation.framework; path = System/Library/Frameworks/CoreLocation.framework; sourceTree = SDKROOT; };
		991614CF17DE817F007FF6B5 /* libz.1.1.3.dylib */ = {isa = PBXFileReference; lastKnownFileType = "compiled.mach-o.dylib"; name = libz.1.1.3.dylib; path = usr/lib/libz.1.1.3.dylib; sourceTree = SDKROOT; };
		991614D117DE8188007FF6B5 /* MobileCoreServices.framework */ = {isa = PBXFileReference; lastKnownFileType = wrapper.framework; name = MobileCoreServices.framework; path = System/Library/Frameworks/MobileCoreServices.framework; sourceTree = SDKROOT; };
		991614D317DE818F007FF6B5 /* QuartzCore.framework */ = {isa = PBXFileReference; lastKnownFileType = wrapper.framework; name = QuartzCore.framework; path = System/Library/Frameworks/QuartzCore.framework; sourceTree = SDKROOT; };
		991614D517DE8198007FF6B5 /* Security.framework */ = {isa = PBXFileReference; lastKnownFileType = wrapper.framework; name = Security.framework; path = System/Library/Frameworks/Security.framework; sourceTree = SDKROOT; };
		991614D717DE81A1007FF6B5 /* StoreKit.framework */ = {isa = PBXFileReference; lastKnownFileType = wrapper.framework; name = StoreKit.framework; path = System/Library/Frameworks/StoreKit.framework; sourceTree = SDKROOT; };
		991614D917DE81AB007FF6B5 /* SystemConfiguration.framework */ = {isa = PBXFileReference; lastKnownFileType = wrapper.framework; name = SystemConfiguration.framework; path = System/Library/Frameworks/SystemConfiguration.framework; sourceTree = SDKROOT; };
		991614DB17DE82B4007FF6B5 /* Parse.framework */ = {isa = PBXFileReference; lastKnownFileType = wrapper.framework; path = Parse.framework; sourceTree = "<group>"; };
		9919151E17DA7B2A005DA25C /* whiteboard.app */ = {isa = PBXFileReference; explicitFileType = wrapper.application; includeInIndex = 0; path = whiteboard.app; sourceTree = BUILT_PRODUCTS_DIR; };
		9919152117DA7B2A005DA25C /* Foundation.framework */ = {isa = PBXFileReference; lastKnownFileType = wrapper.framework; name = Foundation.framework; path = System/Library/Frameworks/Foundation.framework; sourceTree = SDKROOT; };
		9919152317DA7B2A005DA25C /* CoreGraphics.framework */ = {isa = PBXFileReference; lastKnownFileType = wrapper.framework; name = CoreGraphics.framework; path = System/Library/Frameworks/CoreGraphics.framework; sourceTree = SDKROOT; };
		9919152517DA7B2A005DA25C /* UIKit.framework */ = {isa = PBXFileReference; lastKnownFileType = wrapper.framework; name = UIKit.framework; path = System/Library/Frameworks/UIKit.framework; sourceTree = SDKROOT; };
		9919152917DA7B2A005DA25C /* whiteboard-Info.plist */ = {isa = PBXFileReference; lastKnownFileType = text.plist.xml; path = "whiteboard-Info.plist"; sourceTree = "<group>"; };
		9919152B17DA7B2A005DA25C /* en */ = {isa = PBXFileReference; lastKnownFileType = text.plist.strings; name = en; path = en.lproj/InfoPlist.strings; sourceTree = "<group>"; };
		9919152D17DA7B2A005DA25C /* main.m */ = {isa = PBXFileReference; lastKnownFileType = sourcecode.c.objc; path = main.m; sourceTree = "<group>"; };
		9919152F17DA7B2A005DA25C /* whiteboard-Prefix.pch */ = {isa = PBXFileReference; lastKnownFileType = sourcecode.c.h; path = "whiteboard-Prefix.pch"; sourceTree = "<group>"; };
		9919153017DA7B2A005DA25C /* AppDelegate.h */ = {isa = PBXFileReference; lastKnownFileType = sourcecode.c.h; path = AppDelegate.h; sourceTree = "<group>"; };
		9919153117DA7B2A005DA25C /* AppDelegate.m */ = {isa = PBXFileReference; lastKnownFileType = sourcecode.c.objc; path = AppDelegate.m; sourceTree = "<group>"; };
		9919153417DA7B2A005DA25C /* Base */ = {isa = PBXFileReference; lastKnownFileType = file.storyboard; name = Base; path = Base.lproj/Main.storyboard; sourceTree = "<group>"; };
		9919153917DA7B2A005DA25C /* Images.xcassets */ = {isa = PBXFileReference; lastKnownFileType = folder.assetcatalog; path = Images.xcassets; sourceTree = "<group>"; };
		9919153F17DA7B2A005DA25C /* whiteboardTests.xctest */ = {isa = PBXFileReference; explicitFileType = wrapper.cfbundle; includeInIndex = 0; path = whiteboardTests.xctest; sourceTree = BUILT_PRODUCTS_DIR; };
		9919154017DA7B2A005DA25C /* XCTest.framework */ = {isa = PBXFileReference; lastKnownFileType = wrapper.framework; name = XCTest.framework; path = Library/Frameworks/XCTest.framework; sourceTree = DEVELOPER_DIR; };
		9919154817DA7B2B005DA25C /* whiteboardTests-Info.plist */ = {isa = PBXFileReference; lastKnownFileType = text.plist.xml; path = "whiteboardTests-Info.plist"; sourceTree = "<group>"; };
		9919154A17DA7B2B005DA25C /* en */ = {isa = PBXFileReference; lastKnownFileType = text.plist.strings; name = en; path = en.lproj/InfoPlist.strings; sourceTree = "<group>"; };
		9922AB4E17E0DA6500D1B18A /* WBDataSource.h */ = {isa = PBXFileReference; fileEncoding = 4; lastKnownFileType = sourcecode.c.h; path = WBDataSource.h; sourceTree = "<group>"; };
		9922AB4F17E0DA6500D1B18A /* WBDataSource.m */ = {isa = PBXFileReference; fileEncoding = 4; lastKnownFileType = sourcecode.c.objc; path = WBDataSource.m; sourceTree = "<group>"; };
		9922AB5017E0DA6500D1B18A /* WBUser.h */ = {isa = PBXFileReference; fileEncoding = 4; lastKnownFileType = sourcecode.c.h; path = WBUser.h; sourceTree = "<group>"; };
		9922AB5617E0DA6B00D1B18A /* ParseDataSource.h */ = {isa = PBXFileReference; fileEncoding = 4; lastKnownFileType = sourcecode.c.h; path = ParseDataSource.h; sourceTree = "<group>"; };
		9922AB5717E0DA6B00D1B18A /* ParseDataSource.m */ = {isa = PBXFileReference; fileEncoding = 4; lastKnownFileType = sourcecode.c.objc; path = ParseDataSource.m; sourceTree = "<group>"; };
		9922AB5817E0DA6B00D1B18A /* ParseUser.h */ = {isa = PBXFileReference; fileEncoding = 4; lastKnownFileType = sourcecode.c.h; path = ParseUser.h; sourceTree = "<group>"; };
		9922AB5917E0DA6B00D1B18A /* ParseUser.m */ = {isa = PBXFileReference; fileEncoding = 4; lastKnownFileType = sourcecode.c.objc; path = ParseUser.m; sourceTree = "<group>"; };
		9922AB5C17E107F800D1B18A /* WBManager.h */ = {isa = PBXFileReference; fileEncoding = 4; lastKnownFileType = sourcecode.c.h; path = WBManager.h; sourceTree = "<group>"; };
		9922AB5D17E107F800D1B18A /* WBManager.m */ = {isa = PBXFileReference; fileEncoding = 4; lastKnownFileType = sourcecode.c.objc; path = WBManager.m; sourceTree = "<group>"; };
		9940D16717DF62F1008B2825 /* WBDatasourceTests.m */ = {isa = PBXFileReference; fileEncoding = 4; lastKnownFileType = sourcecode.c.objc; path = WBDatasourceTests.m; sourceTree = "<group>"; };
		99D80C7017DE0EA200809322 /* UserImplementationTests.m */ = {isa = PBXFileReference; fileEncoding = 4; lastKnownFileType = sourcecode.c.objc; path = UserImplementationTests.m; sourceTree = "<group>"; };
		99D80C7C17DE4FBF00809322 /* MyViewController.h */ = {isa = PBXFileReference; fileEncoding = 4; lastKnownFileType = sourcecode.c.h; path = MyViewController.h; sourceTree = "<group>"; };
		99D80C7D17DE4FBF00809322 /* MyViewController.m */ = {isa = PBXFileReference; fileEncoding = 4; lastKnownFileType = sourcecode.c.objc; path = MyViewController.m; sourceTree = "<group>"; };
		A2E130B5A6424401B142406B /* Pods.xcconfig */ = {isa = PBXFileReference; includeInIndex = 1; lastKnownFileType = text.xcconfig; name = Pods.xcconfig; path = Pods/Pods.xcconfig; sourceTree = SOURCE_ROOT; };
		B0F30985C67F4305AE5B3F10 /* libPods.a */ = {isa = PBXFileReference; explicitFileType = archive.ar; includeInIndex = 0; path = libPods.a; sourceTree = BUILT_PRODUCTS_DIR; };
		BE1B3F5D17E22117003494CD /* MainWindow.xib */ = {isa = PBXFileReference; fileEncoding = 4; lastKnownFileType = file.xib; path = MainWindow.xib; sourceTree = "<group>"; };
		BE1B3F5E17E22117003494CD /* UIImageView+SLImageLoader.h */ = {isa = PBXFileReference; fileEncoding = 4; lastKnownFileType = sourcecode.c.h; path = "UIImageView+SLImageLoader.h"; sourceTree = "<group>"; };
		BE1B3F5F17E22117003494CD /* UIImageView+SLImageLoader.m */ = {isa = PBXFileReference; fileEncoding = 4; lastKnownFileType = sourcecode.c.objc; path = "UIImageView+SLImageLoader.m"; sourceTree = "<group>"; };
		BE1B3F6117E22117003494CD /* MainFeedCell.h */ = {isa = PBXFileReference; fileEncoding = 4; lastKnownFileType = sourcecode.c.h; path = MainFeedCell.h; sourceTree = "<group>"; };
		BE1B3F6217E22117003494CD /* MainFeedCell.m */ = {isa = PBXFileReference; fileEncoding = 4; lastKnownFileType = sourcecode.c.objc; path = MainFeedCell.m; sourceTree = "<group>"; };
		BE1B3F6317E22117003494CD /* MainFeedCell.xib */ = {isa = PBXFileReference; fileEncoding = 4; lastKnownFileType = file.xib; path = MainFeedCell.xib; sourceTree = "<group>"; };
		BE1B3F6417E22117003494CD /* WBPhotoTimelineCell.h */ = {isa = PBXFileReference; fileEncoding = 4; lastKnownFileType = sourcecode.c.h; path = WBPhotoTimelineCell.h; sourceTree = "<group>"; };
		BE1B3F6517E22117003494CD /* WBPhotoTimelineCell.m */ = {isa = PBXFileReference; fileEncoding = 4; lastKnownFileType = sourcecode.c.objc; path = WBPhotoTimelineCell.m; sourceTree = "<group>"; };
		BE1B3F6617E22117003494CD /* WBPhotoTimelineCell.xib */ = {isa = PBXFileReference; fileEncoding = 4; lastKnownFileType = file.xib; path = WBPhotoTimelineCell.xib; sourceTree = "<group>"; };
		BE1B3F6717E22117003494CD /* WBPhotoTimelineSectionHeaderView.h */ = {isa = PBXFileReference; fileEncoding = 4; lastKnownFileType = sourcecode.c.h; path = WBPhotoTimelineSectionHeaderView.h; sourceTree = "<group>"; };
		BE1B3F6817E22117003494CD /* WBPhotoTimelineSectionHeaderView.m */ = {isa = PBXFileReference; fileEncoding = 4; lastKnownFileType = sourcecode.c.objc; path = WBPhotoTimelineSectionHeaderView.m; sourceTree = "<group>"; };
		BE1B3F6917E22117003494CD /* WBPhotoTimelineSectionHeaderView.xib */ = {isa = PBXFileReference; fileEncoding = 4; lastKnownFileType = file.xib; path = WBPhotoTimelineSectionHeaderView.xib; sourceTree = "<group>"; };
		BE1B3F7317E22197003494CD /* MainFeedViewController.h */ = {isa = PBXFileReference; fileEncoding = 4; lastKnownFileType = sourcecode.c.h; path = MainFeedViewController.h; sourceTree = "<group>"; };
		BE1B3F7417E22197003494CD /* MainFeedViewController.m */ = {isa = PBXFileReference; fileEncoding = 4; lastKnownFileType = sourcecode.c.objc; path = MainFeedViewController.m; sourceTree = "<group>"; };
		BE1B3F7517E22197003494CD /* MainFeedViewController.xib */ = {isa = PBXFileReference; fileEncoding = 4; lastKnownFileType = file.xib; path = MainFeedViewController.xib; sourceTree = "<group>"; };
		BE1B3F7617E22197003494CD /* WBPhotoTimelineViewController.h */ = {isa = PBXFileReference; fileEncoding = 4; lastKnownFileType = sourcecode.c.h; path = WBPhotoTimelineViewController.h; sourceTree = "<group>"; };
		BE1B3F7717E22197003494CD /* WBPhotoTimelineViewController.m */ = {isa = PBXFileReference; fileEncoding = 4; lastKnownFileType = sourcecode.c.objc; path = WBPhotoTimelineViewController.m; sourceTree = "<group>"; };
		DD2B8ED917E23D1D0094A3C4 /* UIImageView+RoundedCorners.h */ = {isa = PBXFileReference; fileEncoding = 4; lastKnownFileType = sourcecode.c.h; name = "UIImageView+RoundedCorners.h"; path = "Helpers/UIImageView+RoundedCorners.h"; sourceTree = "<group>"; };
		DD2B8EDA17E23D1D0094A3C4 /* UIImageView+RoundedCorners.m */ = {isa = PBXFileReference; fileEncoding = 4; lastKnownFileType = sourcecode.c.objc; name = "UIImageView+RoundedCorners.m"; path = "Helpers/UIImageView+RoundedCorners.m"; sourceTree = "<group>"; };
/* End PBXFileReference section */

/* Begin PBXFrameworksBuildPhase section */
		9919151B17DA7B2A005DA25C /* Frameworks */ = {
			isa = PBXFrameworksBuildPhase;
			buildActionMask = 2147483647;
			files = (
				991614DA17DE81AB007FF6B5 /* SystemConfiguration.framework in Frameworks */,
				991614D817DE81A1007FF6B5 /* StoreKit.framework in Frameworks */,
				991614D617DE8198007FF6B5 /* Security.framework in Frameworks */,
				991614D417DE818F007FF6B5 /* QuartzCore.framework in Frameworks */,
				991614D217DE8188007FF6B5 /* MobileCoreServices.framework in Frameworks */,
				991614D017DE817F007FF6B5 /* libz.1.1.3.dylib in Frameworks */,
				991614DC17DE82B4007FF6B5 /* Parse.framework in Frameworks */,
				991614CE17DE8172007FF6B5 /* CoreLocation.framework in Frameworks */,
				9919152417DA7B2A005DA25C /* CoreGraphics.framework in Frameworks */,
				991614CC17DE8161007FF6B5 /* CFNetwork.framework in Frameworks */,
				991614CA17DE813C007FF6B5 /* AudioToolbox.framework in Frameworks */,
				9919152617DA7B2A005DA25C /* UIKit.framework in Frameworks */,
				9919152217DA7B2A005DA25C /* Foundation.framework in Frameworks */,
				5B6E5B767D2D48748780E8CD /* libPods.a in Frameworks */,
			);
			runOnlyForDeploymentPostprocessing = 0;
		};
		9919153C17DA7B2A005DA25C /* Frameworks */ = {
			isa = PBXFrameworksBuildPhase;
			buildActionMask = 2147483647;
			files = (
				9919154117DA7B2A005DA25C /* XCTest.framework in Frameworks */,
				9919154317DA7B2A005DA25C /* UIKit.framework in Frameworks */,
				9919154217DA7B2A005DA25C /* Foundation.framework in Frameworks */,
			);
			runOnlyForDeploymentPostprocessing = 0;
		};
/* End PBXFrameworksBuildPhase section */

/* Begin PBXGroup section */
		9919151517DA7B2A005DA25C = {
			isa = PBXGroup;
			children = (
				9919152717DA7B2A005DA25C /* whiteboard */,
				9919154617DA7B2A005DA25C /* whiteboardTests */,
				9919152017DA7B2A005DA25C /* Frameworks */,
				9919151F17DA7B2A005DA25C /* Products */,
				A2E130B5A6424401B142406B /* Pods.xcconfig */,
			);
			sourceTree = "<group>";
		};
		9919151F17DA7B2A005DA25C /* Products */ = {
			isa = PBXGroup;
			children = (
				9919151E17DA7B2A005DA25C /* whiteboard.app */,
				9919153F17DA7B2A005DA25C /* whiteboardTests.xctest */,
			);
			name = Products;
			sourceTree = "<group>";
		};
		9919152017DA7B2A005DA25C /* Frameworks */ = {
			isa = PBXGroup;
			children = (
				991614DB17DE82B4007FF6B5 /* Parse.framework */,
				991614D917DE81AB007FF6B5 /* SystemConfiguration.framework */,
				991614D717DE81A1007FF6B5 /* StoreKit.framework */,
				991614D517DE8198007FF6B5 /* Security.framework */,
				991614D317DE818F007FF6B5 /* QuartzCore.framework */,
				991614D117DE8188007FF6B5 /* MobileCoreServices.framework */,
				991614CF17DE817F007FF6B5 /* libz.1.1.3.dylib */,
				991614CD17DE8172007FF6B5 /* CoreLocation.framework */,
				991614CB17DE8161007FF6B5 /* CFNetwork.framework */,
				991614C917DE813C007FF6B5 /* AudioToolbox.framework */,
				9919152117DA7B2A005DA25C /* Foundation.framework */,
				9919152317DA7B2A005DA25C /* CoreGraphics.framework */,
				9919152517DA7B2A005DA25C /* UIKit.framework */,
				9919154017DA7B2A005DA25C /* XCTest.framework */,
				B0F30985C67F4305AE5B3F10 /* libPods.a */,
			);
			name = Frameworks;
			sourceTree = "<group>";
		};
		9919152717DA7B2A005DA25C /* whiteboard */ = {
			isa = PBXGroup;
			children = (
				BE1B3F7217E22197003494CD /* Controllers */,
				BE1B3F5D17E22117003494CD /* MainWindow.xib */,
				DD2B8ED817E22E920094A3C4 /* Helpers */,
				BE1B3F6017E22117003494CD /* Views */,
				9919153317DA7B2A005DA25C /* Main.storyboard */,
				9919153017DA7B2A005DA25C /* AppDelegate.h */,
				9919153117DA7B2A005DA25C /* AppDelegate.m */,
				9922AB4D17E0DA6500D1B18A /* Abstractions */,
				9922AB5517E0DA6B00D1B18A /* Parse Implementations */,
				99D80C7C17DE4FBF00809322 /* MyViewController.h */,
				99D80C7D17DE4FBF00809322 /* MyViewController.m */,
				9919153917DA7B2A005DA25C /* Images.xcassets */,
				9919152817DA7B2A005DA25C /* Supporting Files */,
			);
			path = whiteboard;
			sourceTree = "<group>";
		};
		9919152817DA7B2A005DA25C /* Supporting Files */ = {
			isa = PBXGroup;
			children = (
				9919152917DA7B2A005DA25C /* whiteboard-Info.plist */,
				9919152A17DA7B2A005DA25C /* InfoPlist.strings */,
				9919152D17DA7B2A005DA25C /* main.m */,
				9919152F17DA7B2A005DA25C /* whiteboard-Prefix.pch */,
			);
			name = "Supporting Files";
			sourceTree = "<group>";
		};
		9919154617DA7B2A005DA25C /* whiteboardTests */ = {
			isa = PBXGroup;
			children = (
				99D80C7017DE0EA200809322 /* UserImplementationTests.m */,
				9940D16717DF62F1008B2825 /* WBDatasourceTests.m */,
				9919154717DA7B2B005DA25C /* Supporting Files */,
			);
			path = whiteboardTests;
			sourceTree = "<group>";
		};
		9919154717DA7B2B005DA25C /* Supporting Files */ = {
			isa = PBXGroup;
			children = (
				9919154817DA7B2B005DA25C /* whiteboardTests-Info.plist */,
				9919154917DA7B2B005DA25C /* InfoPlist.strings */,
			);
			name = "Supporting Files";
			sourceTree = "<group>";
		};
		9922AB4D17E0DA6500D1B18A /* Abstractions */ = {
			isa = PBXGroup;
			children = (
				9922AB4E17E0DA6500D1B18A /* WBDataSource.h */,
				9922AB4F17E0DA6500D1B18A /* WBDataSource.m */,
				9922AB5017E0DA6500D1B18A /* WBUser.h */,
				9922AB5C17E107F800D1B18A /* WBManager.h */,
				9922AB5D17E107F800D1B18A /* WBManager.m */,
			);
			path = Abstractions;
			sourceTree = "<group>";
		};
		9922AB5517E0DA6B00D1B18A /* Parse Implementations */ = {
			isa = PBXGroup;
			children = (
				9922AB5617E0DA6B00D1B18A /* ParseDataSource.h */,
				9922AB5717E0DA6B00D1B18A /* ParseDataSource.m */,
				9922AB5817E0DA6B00D1B18A /* ParseUser.h */,
				9922AB5917E0DA6B00D1B18A /* ParseUser.m */,
			);
			path = "Parse Implementations";
			sourceTree = "<group>";
		};
		BE1B3F6017E22117003494CD /* Views */ = {
			isa = PBXGroup;
			children = (
				BE1B3F6117E22117003494CD /* MainFeedCell.h */,
				BE1B3F6217E22117003494CD /* MainFeedCell.m */,
				BE1B3F6317E22117003494CD /* MainFeedCell.xib */,
				BE1B3F6417E22117003494CD /* WBPhotoTimelineCell.h */,
				BE1B3F6517E22117003494CD /* WBPhotoTimelineCell.m */,
				BE1B3F6617E22117003494CD /* WBPhotoTimelineCell.xib */,
				BE1B3F6717E22117003494CD /* WBPhotoTimelineSectionHeaderView.h */,
				BE1B3F6817E22117003494CD /* WBPhotoTimelineSectionHeaderView.m */,
				BE1B3F6917E22117003494CD /* WBPhotoTimelineSectionHeaderView.xib */,
			);
			path = Views;
			sourceTree = "<group>";
		};
		BE1B3F7217E22197003494CD /* Controllers */ = {
			isa = PBXGroup;
			children = (
				BE1B3F7317E22197003494CD /* MainFeedViewController.h */,
				BE1B3F7417E22197003494CD /* MainFeedViewController.m */,
				BE1B3F7517E22197003494CD /* MainFeedViewController.xib */,
				BE1B3F7617E22197003494CD /* WBPhotoTimelineViewController.h */,
				BE1B3F7717E22197003494CD /* WBPhotoTimelineViewController.m */,
			);
			path = Controllers;
			sourceTree = "<group>";
		};
		DD2B8ED817E22E920094A3C4 /* Helpers */ = {
			isa = PBXGroup;
			children = (
				BE1B3F5E17E22117003494CD /* UIImageView+SLImageLoader.h */,
				BE1B3F5F17E22117003494CD /* UIImageView+SLImageLoader.m */,
				DD2B8ED917E23D1D0094A3C4 /* UIImageView+RoundedCorners.h */,
				DD2B8EDA17E23D1D0094A3C4 /* UIImageView+RoundedCorners.m */,
			);
			name = Helpers;
			sourceTree = "<group>";
		};
/* End PBXGroup section */

/* Begin PBXNativeTarget section */
		9919151D17DA7B2A005DA25C /* whiteboard */ = {
			isa = PBXNativeTarget;
			buildConfigurationList = 9919155017DA7B2B005DA25C /* Build configuration list for PBXNativeTarget "whiteboard" */;
			buildPhases = (
				31FEC07121E64B94ACAAF786 /* Check Pods Manifest.lock */,
				9919151A17DA7B2A005DA25C /* Sources */,
				9919151B17DA7B2A005DA25C /* Frameworks */,
				9919151C17DA7B2A005DA25C /* Resources */,
				C9C2C40C021B469983EC1958 /* Copy Pods Resources */,
			);
			buildRules = (
			);
			dependencies = (
			);
			name = whiteboard;
			productName = whiteboard;
			productReference = 9919151E17DA7B2A005DA25C /* whiteboard.app */;
			productType = "com.apple.product-type.application";
		};
		9919153E17DA7B2A005DA25C /* whiteboardTests */ = {
			isa = PBXNativeTarget;
			buildConfigurationList = 9919155317DA7B2B005DA25C /* Build configuration list for PBXNativeTarget "whiteboardTests" */;
			buildPhases = (
				9919153B17DA7B2A005DA25C /* Sources */,
				9919153C17DA7B2A005DA25C /* Frameworks */,
				9919153D17DA7B2A005DA25C /* Resources */,
			);
			buildRules = (
			);
			dependencies = (
				9919154517DA7B2A005DA25C /* PBXTargetDependency */,
			);
			name = whiteboardTests;
			productName = whiteboardTests;
			productReference = 9919153F17DA7B2A005DA25C /* whiteboardTests.xctest */;
			productType = "com.apple.product-type.bundle.unit-test";
		};
/* End PBXNativeTarget section */

/* Begin PBXProject section */
		9919151617DA7B2A005DA25C /* Project object */ = {
			isa = PBXProject;
			attributes = {
				CLASSPREFIX = WB;
				LastUpgradeCheck = 0500;
				ORGANIZATIONNAME = Fueled;
				TargetAttributes = {
					9919153E17DA7B2A005DA25C = {
						TestTargetID = 9919151D17DA7B2A005DA25C;
					};
				};
			};
			buildConfigurationList = 9919151917DA7B2A005DA25C /* Build configuration list for PBXProject "whiteboard" */;
			compatibilityVersion = "Xcode 3.2";
			developmentRegion = English;
			hasScannedForEncodings = 0;
			knownRegions = (
				en,
				Base,
			);
			mainGroup = 9919151517DA7B2A005DA25C;
			productRefGroup = 9919151F17DA7B2A005DA25C /* Products */;
			projectDirPath = "";
			projectRoot = "";
			targets = (
				9919151D17DA7B2A005DA25C /* whiteboard */,
				9919153E17DA7B2A005DA25C /* whiteboardTests */,
			);
		};
/* End PBXProject section */

/* Begin PBXResourcesBuildPhase section */
		9919151C17DA7B2A005DA25C /* Resources */ = {
			isa = PBXResourcesBuildPhase;
			buildActionMask = 2147483647;
			files = (
				BE1B3F6F17E22117003494CD /* WBPhotoTimelineCell.xib in Resources */,
				BE1B3F6A17E22117003494CD /* MainWindow.xib in Resources */,
				9919153A17DA7B2A005DA25C /* Images.xcassets in Resources */,
				BE1B3F7917E22197003494CD /* MainFeedViewController.xib in Resources */,
				9919152C17DA7B2A005DA25C /* InfoPlist.strings in Resources */,
				BE1B3F6D17E22117003494CD /* MainFeedCell.xib in Resources */,
				9919153517DA7B2A005DA25C /* Main.storyboard in Resources */,
				BE1B3F7117E22117003494CD /* WBPhotoTimelineSectionHeaderView.xib in Resources */,
			);
			runOnlyForDeploymentPostprocessing = 0;
		};
		9919153D17DA7B2A005DA25C /* Resources */ = {
			isa = PBXResourcesBuildPhase;
			buildActionMask = 2147483647;
			files = (
				9919154B17DA7B2B005DA25C /* InfoPlist.strings in Resources */,
			);
			runOnlyForDeploymentPostprocessing = 0;
		};
/* End PBXResourcesBuildPhase section */

/* Begin PBXShellScriptBuildPhase section */
		31FEC07121E64B94ACAAF786 /* Check Pods Manifest.lock */ = {
			isa = PBXShellScriptBuildPhase;
			buildActionMask = 2147483647;
			files = (
			);
			inputPaths = (
			);
			name = "Check Pods Manifest.lock";
			outputPaths = (
			);
			runOnlyForDeploymentPostprocessing = 0;
			shellPath = /bin/sh;
			shellScript = "diff \"${PODS_ROOT}/../Podfile.lock\" \"${PODS_ROOT}/Manifest.lock\" > /dev/null\nif [[ $? != 0 ]] ; then\n    cat << EOM\nerror: The sandbox is not in sync with the Podfile.lock. Run 'pod install' or update your CocoaPods installation.\nEOM\n    exit 1\nfi\n";
		};
		C9C2C40C021B469983EC1958 /* Copy Pods Resources */ = {
			isa = PBXShellScriptBuildPhase;
			buildActionMask = 2147483647;
			files = (
			);
			inputPaths = (
			);
			name = "Copy Pods Resources";
			outputPaths = (
			);
			runOnlyForDeploymentPostprocessing = 0;
			shellPath = /bin/sh;
			shellScript = "\"${SRCROOT}/Pods/Pods-resources.sh\"\n";
		};
/* End PBXShellScriptBuildPhase section */

/* Begin PBXSourcesBuildPhase section */
		9919151A17DA7B2A005DA25C /* Sources */ = {
			isa = PBXSourcesBuildPhase;
			buildActionMask = 2147483647;
			files = (
				BE1B3F6C17E22117003494CD /* MainFeedCell.m in Sources */,
				9922AB5E17E107F800D1B18A /* WBManager.m in Sources */,
				9922AB5A17E0DA6B00D1B18A /* ParseDataSource.m in Sources */,
				BE1B3F7017E22117003494CD /* WBPhotoTimelineSectionHeaderView.m in Sources */,
				9919153217DA7B2A005DA25C /* AppDelegate.m in Sources */,
				9922AB5317E0DA6500D1B18A /* WBDataSource.m in Sources */,
				99D80C7E17DE4FBF00809322 /* MyViewController.m in Sources */,
				BE1B3F6E17E22117003494CD /* WBPhotoTimelineCell.m in Sources */,
				9919152E17DA7B2A005DA25C /* main.m in Sources */,
				DD2B8EDB17E23D1D0094A3C4 /* UIImageView+RoundedCorners.m in Sources */,
				BE1B3F6B17E22117003494CD /* UIImageView+SLImageLoader.m in Sources */,
				9922AB5B17E0DA6B00D1B18A /* ParseUser.m in Sources */,
				BE1B3F7817E22197003494CD /* MainFeedViewController.m in Sources */,
				BE1B3F7A17E22197003494CD /* WBPhotoTimelineViewController.m in Sources */,
			);
			runOnlyForDeploymentPostprocessing = 0;
		};
		9919153B17DA7B2A005DA25C /* Sources */ = {
			isa = PBXSourcesBuildPhase;
			buildActionMask = 2147483647;
			files = (
				99D80C7117DE0EA200809322 /* UserImplementationTests.m in Sources */,
				9940D16817DF62F1008B2825 /* WBDatasourceTests.m in Sources */,
			);
			runOnlyForDeploymentPostprocessing = 0;
		};
/* End PBXSourcesBuildPhase section */

/* Begin PBXTargetDependency section */
		9919154517DA7B2A005DA25C /* PBXTargetDependency */ = {
			isa = PBXTargetDependency;
			target = 9919151D17DA7B2A005DA25C /* whiteboard */;
			targetProxy = 9919154417DA7B2A005DA25C /* PBXContainerItemProxy */;
		};
/* End PBXTargetDependency section */

/* Begin PBXVariantGroup section */
		9919152A17DA7B2A005DA25C /* InfoPlist.strings */ = {
			isa = PBXVariantGroup;
			children = (
				9919152B17DA7B2A005DA25C /* en */,
			);
			name = InfoPlist.strings;
			sourceTree = "<group>";
		};
		9919153317DA7B2A005DA25C /* Main.storyboard */ = {
			isa = PBXVariantGroup;
			children = (
				9919153417DA7B2A005DA25C /* Base */,
			);
			name = Main.storyboard;
			sourceTree = "<group>";
		};
		9919154917DA7B2B005DA25C /* InfoPlist.strings */ = {
			isa = PBXVariantGroup;
			children = (
				9919154A17DA7B2B005DA25C /* en */,
			);
			name = InfoPlist.strings;
			sourceTree = "<group>";
		};
/* End PBXVariantGroup section */

/* Begin XCBuildConfiguration section */
		9919154E17DA7B2B005DA25C /* Debug */ = {
			isa = XCBuildConfiguration;
			buildSettings = {
				ALWAYS_SEARCH_USER_PATHS = NO;
				CLANG_CXX_LANGUAGE_STANDARD = "gnu++0x";
				CLANG_CXX_LIBRARY = "libc++";
				CLANG_ENABLE_MODULES = YES;
				CLANG_ENABLE_OBJC_ARC = YES;
				CLANG_WARN_BOOL_CONVERSION = YES;
				CLANG_WARN_CONSTANT_CONVERSION = YES;
				CLANG_WARN_DIRECT_OBJC_ISA_USAGE = YES_ERROR;
				CLANG_WARN_EMPTY_BODY = YES;
				CLANG_WARN_ENUM_CONVERSION = YES;
				CLANG_WARN_INT_CONVERSION = YES;
				CLANG_WARN_OBJC_ROOT_CLASS = YES_ERROR;
				CLANG_WARN__DUPLICATE_METHOD_MATCH = YES;
				"CODE_SIGN_IDENTITY[sdk=iphoneos*]" = "iPhone Developer";
				COPY_PHASE_STRIP = NO;
				GCC_C_LANGUAGE_STANDARD = gnu99;
				GCC_DYNAMIC_NO_PIC = NO;
				GCC_OPTIMIZATION_LEVEL = 0;
				GCC_PREPROCESSOR_DEFINITIONS = (
					"DEBUG=1",
					"$(inherited)",
				);
				GCC_SYMBOLS_PRIVATE_EXTERN = NO;
				GCC_TREAT_IMPLICIT_FUNCTION_DECLARATIONS_AS_ERRORS = YES;
				GCC_TREAT_INCOMPATIBLE_POINTER_TYPE_WARNINGS_AS_ERRORS = YES;
				GCC_TREAT_WARNINGS_AS_ERRORS = YES;
				GCC_WARN_ABOUT_RETURN_TYPE = YES_ERROR;
				GCC_WARN_UNDECLARED_SELECTOR = YES;
				GCC_WARN_UNINITIALIZED_AUTOS = YES;
				GCC_WARN_UNUSED_FUNCTION = YES;
				GCC_WARN_UNUSED_VARIABLE = YES;
				IPHONEOS_DEPLOYMENT_TARGET = 7.0;
				ONLY_ACTIVE_ARCH = YES;
				SDKROOT = iphoneos;
			};
			name = Debug;
		};
		9919154F17DA7B2B005DA25C /* Release */ = {
			isa = XCBuildConfiguration;
			buildSettings = {
				ALWAYS_SEARCH_USER_PATHS = NO;
				CLANG_CXX_LANGUAGE_STANDARD = "gnu++0x";
				CLANG_CXX_LIBRARY = "libc++";
				CLANG_ENABLE_MODULES = YES;
				CLANG_ENABLE_OBJC_ARC = YES;
				CLANG_WARN_BOOL_CONVERSION = YES;
				CLANG_WARN_CONSTANT_CONVERSION = YES;
				CLANG_WARN_DIRECT_OBJC_ISA_USAGE = YES_ERROR;
				CLANG_WARN_EMPTY_BODY = YES;
				CLANG_WARN_ENUM_CONVERSION = YES;
				CLANG_WARN_INT_CONVERSION = YES;
				CLANG_WARN_OBJC_ROOT_CLASS = YES_ERROR;
				CLANG_WARN__DUPLICATE_METHOD_MATCH = YES;
				"CODE_SIGN_IDENTITY[sdk=iphoneos*]" = "iPhone Developer";
				COPY_PHASE_STRIP = YES;
				ENABLE_NS_ASSERTIONS = NO;
				GCC_C_LANGUAGE_STANDARD = gnu99;
				GCC_TREAT_IMPLICIT_FUNCTION_DECLARATIONS_AS_ERRORS = YES;
				GCC_TREAT_INCOMPATIBLE_POINTER_TYPE_WARNINGS_AS_ERRORS = YES;
				GCC_TREAT_WARNINGS_AS_ERRORS = YES;
				GCC_WARN_ABOUT_RETURN_TYPE = YES_ERROR;
				GCC_WARN_UNDECLARED_SELECTOR = YES;
				GCC_WARN_UNINITIALIZED_AUTOS = YES;
				GCC_WARN_UNUSED_FUNCTION = YES;
				GCC_WARN_UNUSED_VARIABLE = YES;
				IPHONEOS_DEPLOYMENT_TARGET = 7.0;
				SDKROOT = iphoneos;
				VALIDATE_PRODUCT = YES;
			};
			name = Release;
		};
		9919155117DA7B2B005DA25C /* Debug */ = {
			isa = XCBuildConfiguration;
			baseConfigurationReference = A2E130B5A6424401B142406B /* Pods.xcconfig */;
			buildSettings = {
				ASSETCATALOG_COMPILER_APPICON_NAME = AppIcon;
				ASSETCATALOG_COMPILER_LAUNCHIMAGE_NAME = LaunchImage;
				FRAMEWORK_SEARCH_PATHS = (
					"$(inherited)",
					$SRCROOT,
				);
				GCC_PRECOMPILE_PREFIX_HEADER = YES;
				GCC_PREFIX_HEADER = "whiteboard/whiteboard-Prefix.pch";
				INFOPLIST_FILE = "whiteboard/whiteboard-Info.plist";
				OTHER_LDFLAGS = (
					"-ObjC",
					"-framework",
					CoreGraphics,
					"-framework",
					MobileCoreServices,
					"-framework",
					Security,
					"-framework",
					SystemConfiguration,
				);
				PRODUCT_NAME = "$(TARGET_NAME)";
				WRAPPER_EXTENSION = app;
			};
			name = Debug;
		};
		9919155217DA7B2B005DA25C /* Release */ = {
			isa = XCBuildConfiguration;
			baseConfigurationReference = A2E130B5A6424401B142406B /* Pods.xcconfig */;
			buildSettings = {
				ASSETCATALOG_COMPILER_APPICON_NAME = AppIcon;
				ASSETCATALOG_COMPILER_LAUNCHIMAGE_NAME = LaunchImage;
				FRAMEWORK_SEARCH_PATHS = (
					"$(inherited)",
					$SRCROOT,
				);
				GCC_PRECOMPILE_PREFIX_HEADER = YES;
				GCC_PREFIX_HEADER = "whiteboard/whiteboard-Prefix.pch";
				INFOPLIST_FILE = "whiteboard/whiteboard-Info.plist";
				OTHER_LDFLAGS = (
					"-ObjC",
					"-framework",
					CoreGraphics,
					"-framework",
					MobileCoreServices,
					"-framework",
					Security,
					"-framework",
					SystemConfiguration,
				);
				PRODUCT_NAME = "$(TARGET_NAME)";
				WRAPPER_EXTENSION = app;
			};
			name = Release;
		};
		9919155417DA7B2B005DA25C /* Debug */ = {
			isa = XCBuildConfiguration;
			buildSettings = {
				BUNDLE_LOADER = "$(BUILT_PRODUCTS_DIR)/whiteboard.app/whiteboard";
				FRAMEWORK_SEARCH_PATHS = (
					"$(SDKROOT)/Developer/Library/Frameworks",
					"$(inherited)",
					"$(DEVELOPER_FRAMEWORKS_DIR)",
				);
				GCC_PRECOMPILE_PREFIX_HEADER = YES;
				GCC_PREFIX_HEADER = "whiteboard/whiteboard-Prefix.pch";
				GCC_PREPROCESSOR_DEFINITIONS = (
					"DEBUG=1",
					"$(inherited)",
				);
				INFOPLIST_FILE = "whiteboardTests/whiteboardTests-Info.plist";
				PRODUCT_NAME = "$(TARGET_NAME)";
				TEST_HOST = "$(BUNDLE_LOADER)";
				WRAPPER_EXTENSION = xctest;
			};
			name = Debug;
		};
		9919155517DA7B2B005DA25C /* Release */ = {
			isa = XCBuildConfiguration;
			buildSettings = {
				BUNDLE_LOADER = "$(BUILT_PRODUCTS_DIR)/whiteboard.app/whiteboard";
				FRAMEWORK_SEARCH_PATHS = (
					"$(SDKROOT)/Developer/Library/Frameworks",
					"$(inherited)",
					"$(DEVELOPER_FRAMEWORKS_DIR)",
				);
				GCC_PRECOMPILE_PREFIX_HEADER = YES;
				GCC_PREFIX_HEADER = "whiteboard/whiteboard-Prefix.pch";
				INFOPLIST_FILE = "whiteboardTests/whiteboardTests-Info.plist";
				PRODUCT_NAME = "$(TARGET_NAME)";
				TEST_HOST = "$(BUNDLE_LOADER)";
				WRAPPER_EXTENSION = xctest;
			};
			name = Release;
		};
/* End XCBuildConfiguration section */

/* Begin XCConfigurationList section */
		9919151917DA7B2A005DA25C /* Build configuration list for PBXProject "whiteboard" */ = {
			isa = XCConfigurationList;
			buildConfigurations = (
				9919154E17DA7B2B005DA25C /* Debug */,
				9919154F17DA7B2B005DA25C /* Release */,
			);
			defaultConfigurationIsVisible = 0;
			defaultConfigurationName = Release;
		};
		9919155017DA7B2B005DA25C /* Build configuration list for PBXNativeTarget "whiteboard" */ = {
			isa = XCConfigurationList;
			buildConfigurations = (
				9919155117DA7B2B005DA25C /* Debug */,
				9919155217DA7B2B005DA25C /* Release */,
			);
			defaultConfigurationIsVisible = 0;
			defaultConfigurationName = Release;
		};
		9919155317DA7B2B005DA25C /* Build configuration list for PBXNativeTarget "whiteboardTests" */ = {
			isa = XCConfigurationList;
			buildConfigurations = (
				9919155417DA7B2B005DA25C /* Debug */,
				9919155517DA7B2B005DA25C /* Release */,
			);
			defaultConfigurationIsVisible = 0;
			defaultConfigurationName = Release;
		};
/* End XCConfigurationList section */
	};
	rootObject = 9919151617DA7B2A005DA25C /* Project object */;
}
