// !$*UTF8*$!
{
	archiveVersion = 1;
	classes = {
	};
	objectVersion = 46;
	objects = {

/* Begin PBXBuildFile section */
		2165EC2917E8B18600AC2F72 /* WBSignupViewController.m in Sources */ = {isa = PBXBuildFile; fileRef = 2165EC2717E8B18600AC2F72 /* WBSignupViewController.m */; };
		2165EC2A17E8B18600AC2F72 /* WBSignupViewController.xib in Resources */ = {isa = PBXBuildFile; fileRef = 2165EC2817E8B18600AC2F72 /* WBSignupViewController.xib */; };
		2165EC2D17E8BBCD00AC2F72 /* EmailValidator.m in Sources */ = {isa = PBXBuildFile; fileRef = 2165EC2C17E8BBCD00AC2F72 /* EmailValidator.m */; };
		218D5A3217E7B2BE007D17DB /* WBLoginViewController.m in Sources */ = {isa = PBXBuildFile; fileRef = 218D5A3017E7B2BE007D17DB /* WBLoginViewController.m */; };
		218D5A3317E7B2BE007D17DB /* WBLoginViewController.xib in Resources */ = {isa = PBXBuildFile; fileRef = 218D5A3117E7B2BE007D17DB /* WBLoginViewController.xib */; };
		21AC154017EA470300DC59DF /* KeyboardAnimationView.m in Sources */ = {isa = PBXBuildFile; fileRef = 21AC153D17EA470300DC59DF /* KeyboardAnimationView.m */; };
		21AC154117EA470300DC59DF /* NSNotification+Keyboard.m in Sources */ = {isa = PBXBuildFile; fileRef = 21AC153F17EA470300DC59DF /* NSNotification+Keyboard.m */; };
		21BD8AF817ECA51A00AC1CD8 /* ActivityViewController.m in Sources */ = {isa = PBXBuildFile; fileRef = 21BD8AF617ECA51A00AC1CD8 /* ActivityViewController.m */; };
		21BD8AF917ECA51A00AC1CD8 /* ActivityViewController.xib in Resources */ = {isa = PBXBuildFile; fileRef = 21BD8AF717ECA51A00AC1CD8 /* ActivityViewController.xib */; };
		21BD8AFC17ECAECE00AC1CD8 /* WBActivityCell.m in Sources */ = {isa = PBXBuildFile; fileRef = 21BD8AFB17ECAECE00AC1CD8 /* WBActivityCell.m */; };
		21BD8AFE17ECAF0000AC1CD8 /* WBActivityCell.xib in Resources */ = {isa = PBXBuildFile; fileRef = 21BD8AFD17ECAF0000AC1CD8 /* WBActivityCell.xib */; };
		5B6E5B767D2D48748780E8CD /* libPods.a in Frameworks */ = {isa = PBXBuildFile; fileRef = B0F30985C67F4305AE5B3F10 /* libPods.a */; };
		991614CA17DE813C007FF6B5 /* AudioToolbox.framework in Frameworks */ = {isa = PBXBuildFile; fileRef = 991614C917DE813C007FF6B5 /* AudioToolbox.framework */; };
		991614CC17DE8161007FF6B5 /* CFNetwork.framework in Frameworks */ = {isa = PBXBuildFile; fileRef = 991614CB17DE8161007FF6B5 /* CFNetwork.framework */; };
		991614CE17DE8172007FF6B5 /* CoreLocation.framework in Frameworks */ = {isa = PBXBuildFile; fileRef = 991614CD17DE8172007FF6B5 /* CoreLocation.framework */; };
		991614D017DE817F007FF6B5 /* libz.1.1.3.dylib in Frameworks */ = {isa = PBXBuildFile; fileRef = 991614CF17DE817F007FF6B5 /* libz.1.1.3.dylib */; };
		991614D217DE8188007FF6B5 /* MobileCoreServices.framework in Frameworks */ = {isa = PBXBuildFile; fileRef = 991614D117DE8188007FF6B5 /* MobileCoreServices.framework */; };
		991614D417DE818F007FF6B5 /* QuartzCore.framework in Frameworks */ = {isa = PBXBuildFile; fileRef = 991614D317DE818F007FF6B5 /* QuartzCore.framework */; };
		991614D617DE8198007FF6B5 /* Security.framework in Frameworks */ = {isa = PBXBuildFile; fileRef = 991614D517DE8198007FF6B5 /* Security.framework */; };
		991614D817DE81A1007FF6B5 /* StoreKit.framework in Frameworks */ = {isa = PBXBuildFile; fileRef = 991614D717DE81A1007FF6B5 /* StoreKit.framework */; };
		991614DA17DE81AB007FF6B5 /* SystemConfiguration.framework in Frameworks */ = {isa = PBXBuildFile; fileRef = 991614D917DE81AB007FF6B5 /* SystemConfiguration.framework */; };
		991614DC17DE82B4007FF6B5 /* Parse.framework in Frameworks */ = {isa = PBXBuildFile; fileRef = 991614DB17DE82B4007FF6B5 /* Parse.framework */; };
		9919152217DA7B2A005DA25C /* Foundation.framework in Frameworks */ = {isa = PBXBuildFile; fileRef = 9919152117DA7B2A005DA25C /* Foundation.framework */; };
		9919152417DA7B2A005DA25C /* CoreGraphics.framework in Frameworks */ = {isa = PBXBuildFile; fileRef = 9919152317DA7B2A005DA25C /* CoreGraphics.framework */; };
		9919152617DA7B2A005DA25C /* UIKit.framework in Frameworks */ = {isa = PBXBuildFile; fileRef = 9919152517DA7B2A005DA25C /* UIKit.framework */; };
		9919152C17DA7B2A005DA25C /* InfoPlist.strings in Resources */ = {isa = PBXBuildFile; fileRef = 9919152A17DA7B2A005DA25C /* InfoPlist.strings */; };
		9919152E17DA7B2A005DA25C /* main.m in Sources */ = {isa = PBXBuildFile; fileRef = 9919152D17DA7B2A005DA25C /* main.m */; };
		9919153217DA7B2A005DA25C /* AppDelegate.m in Sources */ = {isa = PBXBuildFile; fileRef = 9919153117DA7B2A005DA25C /* AppDelegate.m */; };
		9919153A17DA7B2A005DA25C /* Images.xcassets in Resources */ = {isa = PBXBuildFile; fileRef = 9919153917DA7B2A005DA25C /* Images.xcassets */; };
		9919154117DA7B2A005DA25C /* XCTest.framework in Frameworks */ = {isa = PBXBuildFile; fileRef = 9919154017DA7B2A005DA25C /* XCTest.framework */; };
		9919154217DA7B2A005DA25C /* Foundation.framework in Frameworks */ = {isa = PBXBuildFile; fileRef = 9919152117DA7B2A005DA25C /* Foundation.framework */; };
		9919154317DA7B2A005DA25C /* UIKit.framework in Frameworks */ = {isa = PBXBuildFile; fileRef = 9919152517DA7B2A005DA25C /* UIKit.framework */; };
		9919154B17DA7B2B005DA25C /* InfoPlist.strings in Resources */ = {isa = PBXBuildFile; fileRef = 9919154917DA7B2B005DA25C /* InfoPlist.strings */; };
		9940D16817DF62F1008B2825 /* WBDatasourceTests.m in Sources */ = {isa = PBXBuildFile; fileRef = 9940D16717DF62F1008B2825 /* WBDatasourceTests.m */; };
		994D6C3917E23EE9005CCADF /* ParseConfiguration.plist in Resources */ = {isa = PBXBuildFile; fileRef = 994D6C3817E23EE9005CCADF /* ParseConfiguration.plist */; };
		995D6C2517E78AEA00550634 /* WBCommentTests.m in Sources */ = {isa = PBXBuildFile; fileRef = 995D6C2417E78AEA00550634 /* WBCommentTests.m */; };
		99A1408017F09E5E00F1378D /* WBPhoto+Utils.m in Sources */ = {isa = PBXBuildFile; fileRef = 99A1407F17F09E5E00F1378D /* WBPhoto+Utils.m */; };
		99D80C7117DE0EA200809322 /* UserImplementationTests.m in Sources */ = {isa = PBXBuildFile; fileRef = 99D80C7017DE0EA200809322 /* UserImplementationTests.m */; };
		99F9609617E390D7005D27EB /* WBPhotoTests.m in Sources */ = {isa = PBXBuildFile; fileRef = 99F9609517E390D7005D27EB /* WBPhotoTests.m */; };
		BE1B3F6A17E22117003494CD /* MainWindow.xib in Resources */ = {isa = PBXBuildFile; fileRef = BE1B3F5D17E22117003494CD /* MainWindow.xib */; };
		BE1B3F6C17E22117003494CD /* MainFeedCell.m in Sources */ = {isa = PBXBuildFile; fileRef = BE1B3F6217E22117003494CD /* MainFeedCell.m */; };
		BE1B3F6D17E22117003494CD /* MainFeedCell.xib in Resources */ = {isa = PBXBuildFile; fileRef = BE1B3F6317E22117003494CD /* MainFeedCell.xib */; };
		BE1B3F6E17E22117003494CD /* WBPhotoTimelineCell.m in Sources */ = {isa = PBXBuildFile; fileRef = BE1B3F6517E22117003494CD /* WBPhotoTimelineCell.m */; };
		BE1B3F6F17E22117003494CD /* WBPhotoTimelineCell.xib in Resources */ = {isa = PBXBuildFile; fileRef = BE1B3F6617E22117003494CD /* WBPhotoTimelineCell.xib */; };
		BE1B3F7017E22117003494CD /* WBPhotoTimelineSectionHeaderView.m in Sources */ = {isa = PBXBuildFile; fileRef = BE1B3F6817E22117003494CD /* WBPhotoTimelineSectionHeaderView.m */; };
		BE1B3F7117E22117003494CD /* WBPhotoTimelineSectionHeaderView.xib in Resources */ = {isa = PBXBuildFile; fileRef = BE1B3F6917E22117003494CD /* WBPhotoTimelineSectionHeaderView.xib */; };
		BE1B3F7817E22197003494CD /* MainFeedViewController.m in Sources */ = {isa = PBXBuildFile; fileRef = BE1B3F7417E22197003494CD /* MainFeedViewController.m */; };
		BE1B3F7917E22197003494CD /* MainFeedViewController.xib in Resources */ = {isa = PBXBuildFile; fileRef = BE1B3F7517E22197003494CD /* MainFeedViewController.xib */; };
		BE1B3F7A17E22197003494CD /* WBPhotoTimelineViewController.m in Sources */ = {isa = PBXBuildFile; fileRef = BE1B3F7717E22197003494CD /* WBPhotoTimelineViewController.m */; };
		BE1B3F8017E24875003494CD /* WBTheme.m in Sources */ = {isa = PBXBuildFile; fileRef = BE1B3F7F17E24875003494CD /* WBTheme.m */; };
		BE1B3FC517E27420003494CD /* WBTheme.plist in Resources */ = {isa = PBXBuildFile; fileRef = BE1B3FC417E27420003494CD /* WBTheme.plist */; };
		BE1B3FCC17E38B13003494CD /* WBTabBarController.m in Sources */ = {isa = PBXBuildFile; fileRef = BE1B3FCB17E38B13003494CD /* WBTabBarController.m */; };
		BED03EA317E8B0E000EEEACC /* WBNavigationController.m in Sources */ = {isa = PBXBuildFile; fileRef = BED03EA217E8B0E000EEEACC /* WBNavigationController.m */; };
		BED03EA517E8BDB300EEEACC /* Localizable.strings in Resources */ = {isa = PBXBuildFile; fileRef = BED03EA417E8BDB300EEEACC /* Localizable.strings */; };
		BED03EAC17E9162400EEEACC /* ProfileViewController.m in Sources */ = {isa = PBXBuildFile; fileRef = BED03EAA17E9162400EEEACC /* ProfileViewController.m */; };
		BED03EAD17E9162400EEEACC /* ProfileViewController.xib in Resources */ = {isa = PBXBuildFile; fileRef = BED03EAB17E9162400EEEACC /* ProfileViewController.xib */; };
		BED03EB017E91EDD00EEEACC /* WBProfileHeaderView.m in Sources */ = {isa = PBXBuildFile; fileRef = BED03EAF17E91EDD00EEEACC /* WBProfileHeaderView.m */; };
		BED03EB217E91EFB00EEEACC /* WBProfileHeaderView.xib in Resources */ = {isa = PBXBuildFile; fileRef = BED03EB117E91EFB00EEEACC /* WBProfileHeaderView.xib */; };
		BED03EB517EA075D00EEEACC /* WBFindFriendsViewController.m in Sources */ = {isa = PBXBuildFile; fileRef = BED03EB417EA075D00EEEACC /* WBFindFriendsViewController.m */; };
		BED03EB817EA0BDB00EEEACC /* WBFriendCell.m in Sources */ = {isa = PBXBuildFile; fileRef = BED03EB717EA0BDB00EEEACC /* WBFriendCell.m */; };
		BED03EBA17EA0C8800EEEACC /* WBFriendCell.xib in Resources */ = {isa = PBXBuildFile; fileRef = BED03EB917EA0C8800EEEACC /* WBFriendCell.xib */; };
		BED03EBC17EB5D1800EEEACC /* WBInviteFriendsCell.xib in Resources */ = {isa = PBXBuildFile; fileRef = BED03EBB17EB5D1800EEEACC /* WBInviteFriendsCell.xib */; };
		BED03EBF17EB5D6600EEEACC /* WBInviteFriendsCell.m in Sources */ = {isa = PBXBuildFile; fileRef = BED03EBE17EB5D6600EEEACC /* WBInviteFriendsCell.m */; };
		BED03EC117EB9ABE00EEEACC /* AddressBookUI.framework in Frameworks */ = {isa = PBXBuildFile; fileRef = BED03EC017EB9ABE00EEEACC /* AddressBookUI.framework */; };
		BED03EC317EB9AD500EEEACC /* AddressBook.framework in Frameworks */ = {isa = PBXBuildFile; fileRef = BED03EC217EB9AD500EEEACC /* AddressBook.framework */; };
		BED03EC517EB9ADC00EEEACC /* MessageUI.framework in Frameworks */ = {isa = PBXBuildFile; fileRef = BED03EC417EB9ADC00EEEACC /* MessageUI.framework */; };
		DD17448317EB62C7009A4E23 /* WBPhotoDetailsViewController.m in Sources */ = {isa = PBXBuildFile; fileRef = DD17448217EB62C7009A4E23 /* WBPhotoDetailsViewController.m */; };
		DD17448717EB82F0009A4E23 /* WBPhotoDetailsViewController.xib in Resources */ = {isa = PBXBuildFile; fileRef = DD17448617EB82EF009A4E23 /* WBPhotoDetailsViewController.xib */; };
		DD17448A17EB8466009A4E23 /* WBPhotoDetailsCellPhoto.m in Sources */ = {isa = PBXBuildFile; fileRef = DD17448917EB8466009A4E23 /* WBPhotoDetailsCellPhoto.m */; };
		DD17448C17EB847C009A4E23 /* WBPhotoDetailsCellPhoto.xib in Resources */ = {isa = PBXBuildFile; fileRef = DD17448B17EB847C009A4E23 /* WBPhotoDetailsCellPhoto.xib */; };
		DD2B8EDB17E23D1D0094A3C4 /* UIImageView+RoundedCorners.m in Sources */ = {isa = PBXBuildFile; fileRef = DD2B8EDA17E23D1D0094A3C4 /* UIImageView+RoundedCorners.m */; };
		DD304E1317E8AB2500B3BCA3 /* WBLoadMoreCell.m in Sources */ = {isa = PBXBuildFile; fileRef = DD304E1217E8AB2500B3BCA3 /* WBLoadMoreCell.m */; };
		DD304E1917E8AB8700B3BCA3 /* UIImageView+WBImageLoader.m in Sources */ = {isa = PBXBuildFile; fileRef = DD304E1817E8AB8700B3BCA3 /* UIImageView+WBImageLoader.m */; };
		DD6F1E8F17E39FD30099866F /* UIColor+Hex.m in Sources */ = {isa = PBXBuildFile; fileRef = DD6F1E8E17E39FD30099866F /* UIColor+Hex.m */; };
		DD6F1E9317E3A8240099866F /* WBPhotoTimelineSectionHeaderButton.m in Sources */ = {isa = PBXBuildFile; fileRef = DD6F1E9217E3A8240099866F /* WBPhotoTimelineSectionHeaderButton.m */; };
		DDA25DE517E26DFB00C44622 /* WBViewController.m in Sources */ = {isa = PBXBuildFile; fileRef = DDA25DE417E26DFB00C44622 /* WBViewController.m */; };
		DDAC835817F095A900E91B9A /* WBPhotoDetailsCell.m in Sources */ = {isa = PBXBuildFile; fileRef = DDAC835717F095A900E91B9A /* WBPhotoDetailsCell.m */; };
		DDAC835B17F0994200E91B9A /* WBPhotoDetailsCellLikes.m in Sources */ = {isa = PBXBuildFile; fileRef = DDAC835A17F0994200E91B9A /* WBPhotoDetailsCellLikes.m */; };
		DDAC835D17F0997000E91B9A /* WBPhotoDetailsCellLikes.xib in Resources */ = {isa = PBXBuildFile; fileRef = DDAC835C17F0997000E91B9A /* WBPhotoDetailsCellLikes.xib */; };
		DDAC836017F0A3F600E91B9A /* WBPhotoDetailsCellComment.m in Sources */ = {isa = PBXBuildFile; fileRef = DDAC835F17F0A3F600E91B9A /* WBPhotoDetailsCellComment.m */; };
		DDAC836217F0A4D800E91B9A /* WBPhotoDetailsCellComment.xib in Resources */ = {isa = PBXBuildFile; fileRef = DDAC836117F0A4D800E91B9A /* WBPhotoDetailsCellComment.xib */; };
		DDAC836517F0A9A800E91B9A /* WBPhotoDetailsCellAddComment.m in Sources */ = {isa = PBXBuildFile; fileRef = DDAC836417F0A9A800E91B9A /* WBPhotoDetailsCellAddComment.m */; };
		DDAC836717F0A9B300E91B9A /* WBPhotoDetailsCellAddComment.xib in Resources */ = {isa = PBXBuildFile; fileRef = DDAC836617F0A9B300E91B9A /* WBPhotoDetailsCellAddComment.xib */; };
		DDECB94B17EA521B00407255 /* WBLoadMoreCell.xib in Resources */ = {isa = PBXBuildFile; fileRef = DDECB94A17EA521B00407255 /* WBLoadMoreCell.xib */; };
		F4B0E5781804B271000A948B /* libWBFramework.a in Frameworks */ = {isa = PBXBuildFile; fileRef = 99EF36FE1804A35600C1866B /* libWBFramework.a */; };
		F4B0E5911804B5BA000A948B /* WBFramework.bundle in Resources */ = {isa = PBXBuildFile; fileRef = F4B0E5901804B58A000A948B /* WBFramework.bundle */; };
/* End PBXBuildFile section */

/* Begin PBXContainerItemProxy section */
		9919154417DA7B2A005DA25C /* PBXContainerItemProxy */ = {
			isa = PBXContainerItemProxy;
			containerPortal = 9919151617DA7B2A005DA25C /* Project object */;
			proxyType = 1;
			remoteGlobalIDString = 9919151D17DA7B2A005DA25C;
			remoteInfo = whiteboard;
		};
		99EF36FD1804A35600C1866B /* PBXContainerItemProxy */ = {
			isa = PBXContainerItemProxy;
			containerPortal = 99EF36F71804A35600C1866B /* WBFramework.xcodeproj */;
			proxyType = 2;
			remoteGlobalIDString = 99CF79F9180353210095500B;
			remoteInfo = WBFramework;
		};
		99EF36FF1804A35600C1866B /* PBXContainerItemProxy */ = {
			isa = PBXContainerItemProxy;
			containerPortal = 99EF36F71804A35600C1866B /* WBFramework.xcodeproj */;
			proxyType = 2;
			remoteGlobalIDString = 99CF7A09180353220095500B;
			remoteInfo = WBFrameworkTests;
		};
		F4B0E58C1804B58A000A948B /* PBXContainerItemProxy */ = {
			isa = PBXContainerItemProxy;
			containerPortal = 99EF36F71804A35600C1866B /* WBFramework.xcodeproj */;
			proxyType = 1;
			remoteGlobalIDString = F4B0E57C1804B44E000A948B;
			remoteInfo = FrameworkResources;
		};
		F4B0E58F1804B58A000A948B /* PBXContainerItemProxy */ = {
			isa = PBXContainerItemProxy;
			containerPortal = 99EF36F71804A35600C1866B /* WBFramework.xcodeproj */;
			proxyType = 2;
			remoteGlobalIDString = F4B0E57D1804B44E000A948B;
			remoteInfo = FrameworkResources;
		};
/* End PBXContainerItemProxy section */

/* Begin PBXFileReference section */
		2165EC2617E8B18600AC2F72 /* WBSignupViewController.h */ = {isa = PBXFileReference; fileEncoding = 4; lastKnownFileType = sourcecode.c.h; path = WBSignupViewController.h; sourceTree = "<group>"; };
		2165EC2717E8B18600AC2F72 /* WBSignupViewController.m */ = {isa = PBXFileReference; fileEncoding = 4; lastKnownFileType = sourcecode.c.objc; path = WBSignupViewController.m; sourceTree = "<group>"; };
		2165EC2817E8B18600AC2F72 /* WBSignupViewController.xib */ = {isa = PBXFileReference; fileEncoding = 4; lastKnownFileType = file.xib; path = WBSignupViewController.xib; sourceTree = "<group>"; };
		2165EC2B17E8BBCD00AC2F72 /* EmailValidator.h */ = {isa = PBXFileReference; fileEncoding = 4; lastKnownFileType = sourcecode.c.h; path = EmailValidator.h; sourceTree = "<group>"; };
		2165EC2C17E8BBCD00AC2F72 /* EmailValidator.m */ = {isa = PBXFileReference; fileEncoding = 4; lastKnownFileType = sourcecode.c.objc; path = EmailValidator.m; sourceTree = "<group>"; };
		218D5A2F17E7B2BE007D17DB /* WBLoginViewController.h */ = {isa = PBXFileReference; fileEncoding = 4; lastKnownFileType = sourcecode.c.h; path = WBLoginViewController.h; sourceTree = "<group>"; };
		218D5A3017E7B2BE007D17DB /* WBLoginViewController.m */ = {isa = PBXFileReference; fileEncoding = 4; lastKnownFileType = sourcecode.c.objc; path = WBLoginViewController.m; sourceTree = "<group>"; };
		218D5A3117E7B2BE007D17DB /* WBLoginViewController.xib */ = {isa = PBXFileReference; fileEncoding = 4; lastKnownFileType = file.xib; path = WBLoginViewController.xib; sourceTree = "<group>"; };
		21AC153C17EA470300DC59DF /* KeyboardAnimationView.h */ = {isa = PBXFileReference; fileEncoding = 4; lastKnownFileType = sourcecode.c.h; path = KeyboardAnimationView.h; sourceTree = "<group>"; };
		21AC153D17EA470300DC59DF /* KeyboardAnimationView.m */ = {isa = PBXFileReference; fileEncoding = 4; lastKnownFileType = sourcecode.c.objc; path = KeyboardAnimationView.m; sourceTree = "<group>"; };
		21AC153E17EA470300DC59DF /* NSNotification+Keyboard.h */ = {isa = PBXFileReference; fileEncoding = 4; lastKnownFileType = sourcecode.c.h; path = "NSNotification+Keyboard.h"; sourceTree = "<group>"; };
		21AC153F17EA470300DC59DF /* NSNotification+Keyboard.m */ = {isa = PBXFileReference; fileEncoding = 4; lastKnownFileType = sourcecode.c.objc; path = "NSNotification+Keyboard.m"; sourceTree = "<group>"; };
		21BD8AF517ECA51A00AC1CD8 /* ActivityViewController.h */ = {isa = PBXFileReference; fileEncoding = 4; lastKnownFileType = sourcecode.c.h; path = ActivityViewController.h; sourceTree = "<group>"; };
		21BD8AF617ECA51A00AC1CD8 /* ActivityViewController.m */ = {isa = PBXFileReference; fileEncoding = 4; lastKnownFileType = sourcecode.c.objc; path = ActivityViewController.m; sourceTree = "<group>"; };
		21BD8AF717ECA51A00AC1CD8 /* ActivityViewController.xib */ = {isa = PBXFileReference; fileEncoding = 4; lastKnownFileType = file.xib; path = ActivityViewController.xib; sourceTree = "<group>"; };
		21BD8AFA17ECAECE00AC1CD8 /* WBActivityCell.h */ = {isa = PBXFileReference; fileEncoding = 4; lastKnownFileType = sourcecode.c.h; path = WBActivityCell.h; sourceTree = "<group>"; };
		21BD8AFB17ECAECE00AC1CD8 /* WBActivityCell.m */ = {isa = PBXFileReference; fileEncoding = 4; lastKnownFileType = sourcecode.c.objc; path = WBActivityCell.m; sourceTree = "<group>"; };
		21BD8AFD17ECAF0000AC1CD8 /* WBActivityCell.xib */ = {isa = PBXFileReference; fileEncoding = 4; lastKnownFileType = file.xib; path = WBActivityCell.xib; sourceTree = "<group>"; };
		991614C917DE813C007FF6B5 /* AudioToolbox.framework */ = {isa = PBXFileReference; lastKnownFileType = wrapper.framework; name = AudioToolbox.framework; path = System/Library/Frameworks/AudioToolbox.framework; sourceTree = SDKROOT; };
		991614CB17DE8161007FF6B5 /* CFNetwork.framework */ = {isa = PBXFileReference; lastKnownFileType = wrapper.framework; name = CFNetwork.framework; path = System/Library/Frameworks/CFNetwork.framework; sourceTree = SDKROOT; };
		991614CD17DE8172007FF6B5 /* CoreLocation.framework */ = {isa = PBXFileReference; lastKnownFileType = wrapper.framework; name = CoreLocation.framework; path = System/Library/Frameworks/CoreLocation.framework; sourceTree = SDKROOT; };
		991614CF17DE817F007FF6B5 /* libz.1.1.3.dylib */ = {isa = PBXFileReference; lastKnownFileType = "compiled.mach-o.dylib"; name = libz.1.1.3.dylib; path = usr/lib/libz.1.1.3.dylib; sourceTree = SDKROOT; };
		991614D117DE8188007FF6B5 /* MobileCoreServices.framework */ = {isa = PBXFileReference; lastKnownFileType = wrapper.framework; name = MobileCoreServices.framework; path = System/Library/Frameworks/MobileCoreServices.framework; sourceTree = SDKROOT; };
		991614D317DE818F007FF6B5 /* QuartzCore.framework */ = {isa = PBXFileReference; lastKnownFileType = wrapper.framework; name = QuartzCore.framework; path = System/Library/Frameworks/QuartzCore.framework; sourceTree = SDKROOT; };
		991614D517DE8198007FF6B5 /* Security.framework */ = {isa = PBXFileReference; lastKnownFileType = wrapper.framework; name = Security.framework; path = System/Library/Frameworks/Security.framework; sourceTree = SDKROOT; };
		991614D717DE81A1007FF6B5 /* StoreKit.framework */ = {isa = PBXFileReference; lastKnownFileType = wrapper.framework; name = StoreKit.framework; path = System/Library/Frameworks/StoreKit.framework; sourceTree = SDKROOT; };
		991614D917DE81AB007FF6B5 /* SystemConfiguration.framework */ = {isa = PBXFileReference; lastKnownFileType = wrapper.framework; name = SystemConfiguration.framework; path = System/Library/Frameworks/SystemConfiguration.framework; sourceTree = SDKROOT; };
		991614DB17DE82B4007FF6B5 /* Parse.framework */ = {isa = PBXFileReference; lastKnownFileType = wrapper.framework; path = Parse.framework; sourceTree = "<group>"; };
		9919151E17DA7B2A005DA25C /* whiteboard.app */ = {isa = PBXFileReference; explicitFileType = wrapper.application; includeInIndex = 0; path = whiteboard.app; sourceTree = BUILT_PRODUCTS_DIR; };
		9919152117DA7B2A005DA25C /* Foundation.framework */ = {isa = PBXFileReference; lastKnownFileType = wrapper.framework; name = Foundation.framework; path = System/Library/Frameworks/Foundation.framework; sourceTree = SDKROOT; };
		9919152317DA7B2A005DA25C /* CoreGraphics.framework */ = {isa = PBXFileReference; lastKnownFileType = wrapper.framework; name = CoreGraphics.framework; path = System/Library/Frameworks/CoreGraphics.framework; sourceTree = SDKROOT; };
		9919152517DA7B2A005DA25C /* UIKit.framework */ = {isa = PBXFileReference; lastKnownFileType = wrapper.framework; name = UIKit.framework; path = System/Library/Frameworks/UIKit.framework; sourceTree = SDKROOT; };
		9919152917DA7B2A005DA25C /* whiteboard-Info.plist */ = {isa = PBXFileReference; lastKnownFileType = text.plist.xml; path = "whiteboard-Info.plist"; sourceTree = "<group>"; };
		9919152B17DA7B2A005DA25C /* en */ = {isa = PBXFileReference; lastKnownFileType = text.plist.strings; name = en; path = en.lproj/InfoPlist.strings; sourceTree = "<group>"; };
		9919152D17DA7B2A005DA25C /* main.m */ = {isa = PBXFileReference; lastKnownFileType = sourcecode.c.objc; path = main.m; sourceTree = "<group>"; };
		9919152F17DA7B2A005DA25C /* whiteboard-Prefix.pch */ = {isa = PBXFileReference; lastKnownFileType = sourcecode.c.h; path = "whiteboard-Prefix.pch"; sourceTree = "<group>"; };
		9919153017DA7B2A005DA25C /* AppDelegate.h */ = {isa = PBXFileReference; lastKnownFileType = sourcecode.c.h; path = AppDelegate.h; sourceTree = "<group>"; };
		9919153117DA7B2A005DA25C /* AppDelegate.m */ = {isa = PBXFileReference; lastKnownFileType = sourcecode.c.objc; path = AppDelegate.m; sourceTree = "<group>"; };
		9919153917DA7B2A005DA25C /* Images.xcassets */ = {isa = PBXFileReference; lastKnownFileType = folder.assetcatalog; path = Images.xcassets; sourceTree = "<group>"; };
		9919153F17DA7B2A005DA25C /* whiteboardTests.xctest */ = {isa = PBXFileReference; explicitFileType = wrapper.cfbundle; includeInIndex = 0; path = whiteboardTests.xctest; sourceTree = BUILT_PRODUCTS_DIR; };
		9919154017DA7B2A005DA25C /* XCTest.framework */ = {isa = PBXFileReference; lastKnownFileType = wrapper.framework; name = XCTest.framework; path = Library/Frameworks/XCTest.framework; sourceTree = DEVELOPER_DIR; };
		9919154817DA7B2B005DA25C /* whiteboardTests-Info.plist */ = {isa = PBXFileReference; lastKnownFileType = text.plist.xml; path = "whiteboardTests-Info.plist"; sourceTree = "<group>"; };
		9919154A17DA7B2B005DA25C /* en */ = {isa = PBXFileReference; lastKnownFileType = text.plist.strings; name = en; path = en.lproj/InfoPlist.strings; sourceTree = "<group>"; };
		9940D16717DF62F1008B2825 /* WBDatasourceTests.m */ = {isa = PBXFileReference; fileEncoding = 4; lastKnownFileType = sourcecode.c.objc; path = WBDatasourceTests.m; sourceTree = "<group>"; };
		994D6C3817E23EE9005CCADF /* ParseConfiguration.plist */ = {isa = PBXFileReference; fileEncoding = 4; lastKnownFileType = text.plist.xml; path = ParseConfiguration.plist; sourceTree = "<group>"; };
		995D6C2417E78AEA00550634 /* WBCommentTests.m */ = {isa = PBXFileReference; fileEncoding = 4; lastKnownFileType = sourcecode.c.objc; path = WBCommentTests.m; sourceTree = "<group>"; };
		99A1407E17F09E5E00F1378D /* WBPhoto+Utils.h */ = {isa = PBXFileReference; fileEncoding = 4; lastKnownFileType = sourcecode.c.h; path = "WBPhoto+Utils.h"; sourceTree = "<group>"; };
		99A1407F17F09E5E00F1378D /* WBPhoto+Utils.m */ = {isa = PBXFileReference; fileEncoding = 4; lastKnownFileType = sourcecode.c.objc; path = "WBPhoto+Utils.m"; sourceTree = "<group>"; };
		99D80C7017DE0EA200809322 /* UserImplementationTests.m */ = {isa = PBXFileReference; fileEncoding = 4; lastKnownFileType = sourcecode.c.objc; path = UserImplementationTests.m; sourceTree = "<group>"; };
		99EF36F71804A35600C1866B /* WBFramework.xcodeproj */ = {isa = PBXFileReference; lastKnownFileType = "wrapper.pb-project"; name = WBFramework.xcodeproj; path = Code/WBFramework/WBFramework.xcodeproj; sourceTree = "<group>"; };
		99F9609517E390D7005D27EB /* WBPhotoTests.m */ = {isa = PBXFileReference; fileEncoding = 4; lastKnownFileType = sourcecode.c.objc; path = WBPhotoTests.m; sourceTree = "<group>"; };
		A2E130B5A6424401B142406B /* Pods.xcconfig */ = {isa = PBXFileReference; includeInIndex = 1; lastKnownFileType = text.xcconfig; name = Pods.xcconfig; path = Pods/Pods.xcconfig; sourceTree = SOURCE_ROOT; };
		B0F30985C67F4305AE5B3F10 /* libPods.a */ = {isa = PBXFileReference; explicitFileType = archive.ar; includeInIndex = 0; path = libPods.a; sourceTree = BUILT_PRODUCTS_DIR; };
		BE1B3F5D17E22117003494CD /* MainWindow.xib */ = {isa = PBXFileReference; fileEncoding = 4; lastKnownFileType = file.xib; path = MainWindow.xib; sourceTree = "<group>"; };
		BE1B3F6117E22117003494CD /* MainFeedCell.h */ = {isa = PBXFileReference; fileEncoding = 4; lastKnownFileType = sourcecode.c.h; path = MainFeedCell.h; sourceTree = "<group>"; };
		BE1B3F6217E22117003494CD /* MainFeedCell.m */ = {isa = PBXFileReference; fileEncoding = 4; lastKnownFileType = sourcecode.c.objc; path = MainFeedCell.m; sourceTree = "<group>"; };
		BE1B3F6317E22117003494CD /* MainFeedCell.xib */ = {isa = PBXFileReference; fileEncoding = 4; lastKnownFileType = file.xib; path = MainFeedCell.xib; sourceTree = "<group>"; };
		BE1B3F6417E22117003494CD /* WBPhotoTimelineCell.h */ = {isa = PBXFileReference; fileEncoding = 4; lastKnownFileType = sourcecode.c.h; path = WBPhotoTimelineCell.h; sourceTree = "<group>"; };
		BE1B3F6517E22117003494CD /* WBPhotoTimelineCell.m */ = {isa = PBXFileReference; fileEncoding = 4; lastKnownFileType = sourcecode.c.objc; path = WBPhotoTimelineCell.m; sourceTree = "<group>"; };
		BE1B3F6617E22117003494CD /* WBPhotoTimelineCell.xib */ = {isa = PBXFileReference; fileEncoding = 4; lastKnownFileType = file.xib; path = WBPhotoTimelineCell.xib; sourceTree = "<group>"; };
		BE1B3F6717E22117003494CD /* WBPhotoTimelineSectionHeaderView.h */ = {isa = PBXFileReference; fileEncoding = 4; lastKnownFileType = sourcecode.c.h; path = WBPhotoTimelineSectionHeaderView.h; sourceTree = "<group>"; };
		BE1B3F6817E22117003494CD /* WBPhotoTimelineSectionHeaderView.m */ = {isa = PBXFileReference; fileEncoding = 4; lastKnownFileType = sourcecode.c.objc; path = WBPhotoTimelineSectionHeaderView.m; sourceTree = "<group>"; };
		BE1B3F6917E22117003494CD /* WBPhotoTimelineSectionHeaderView.xib */ = {isa = PBXFileReference; fileEncoding = 4; lastKnownFileType = file.xib; path = WBPhotoTimelineSectionHeaderView.xib; sourceTree = "<group>"; };
		BE1B3F7317E22197003494CD /* MainFeedViewController.h */ = {isa = PBXFileReference; fileEncoding = 4; lastKnownFileType = sourcecode.c.h; path = MainFeedViewController.h; sourceTree = "<group>"; };
		BE1B3F7417E22197003494CD /* MainFeedViewController.m */ = {isa = PBXFileReference; fileEncoding = 4; lastKnownFileType = sourcecode.c.objc; path = MainFeedViewController.m; sourceTree = "<group>"; };
		BE1B3F7517E22197003494CD /* MainFeedViewController.xib */ = {isa = PBXFileReference; fileEncoding = 4; lastKnownFileType = file.xib; path = MainFeedViewController.xib; sourceTree = "<group>"; };
		BE1B3F7617E22197003494CD /* WBPhotoTimelineViewController.h */ = {isa = PBXFileReference; fileEncoding = 4; lastKnownFileType = sourcecode.c.h; path = WBPhotoTimelineViewController.h; sourceTree = "<group>"; };
		BE1B3F7717E22197003494CD /* WBPhotoTimelineViewController.m */ = {isa = PBXFileReference; fileEncoding = 4; lastKnownFileType = sourcecode.c.objc; path = WBPhotoTimelineViewController.m; sourceTree = "<group>"; };
		BE1B3F7E17E24875003494CD /* WBTheme.h */ = {isa = PBXFileReference; fileEncoding = 4; lastKnownFileType = sourcecode.c.h; name = WBTheme.h; path = Theme/WBTheme.h; sourceTree = "<group>"; };
		BE1B3F7F17E24875003494CD /* WBTheme.m */ = {isa = PBXFileReference; fileEncoding = 4; lastKnownFileType = sourcecode.c.objc; name = WBTheme.m; path = Theme/WBTheme.m; sourceTree = "<group>"; };
		BE1B3FC417E27420003494CD /* WBTheme.plist */ = {isa = PBXFileReference; fileEncoding = 4; lastKnownFileType = text.plist.xml; path = WBTheme.plist; sourceTree = "<group>"; };
		BE1B3FCA17E38B13003494CD /* WBTabBarController.h */ = {isa = PBXFileReference; fileEncoding = 4; lastKnownFileType = sourcecode.c.h; path = WBTabBarController.h; sourceTree = "<group>"; };
		BE1B3FCB17E38B13003494CD /* WBTabBarController.m */ = {isa = PBXFileReference; fileEncoding = 4; lastKnownFileType = sourcecode.c.objc; path = WBTabBarController.m; sourceTree = "<group>"; };
		BE1B3FCF17E395A9003494CD /* Accounts.framework */ = {isa = PBXFileReference; lastKnownFileType = wrapper.framework; name = Accounts.framework; path = System/Library/Frameworks/Accounts.framework; sourceTree = SDKROOT; };
		BED03EA117E8B0E000EEEACC /* WBNavigationController.h */ = {isa = PBXFileReference; fileEncoding = 4; lastKnownFileType = sourcecode.c.h; path = WBNavigationController.h; sourceTree = "<group>"; };
		BED03EA217E8B0E000EEEACC /* WBNavigationController.m */ = {isa = PBXFileReference; fileEncoding = 4; lastKnownFileType = sourcecode.c.objc; path = WBNavigationController.m; sourceTree = "<group>"; };
		BED03EA417E8BDB300EEEACC /* Localizable.strings */ = {isa = PBXFileReference; fileEncoding = 4; lastKnownFileType = text.plist.strings; path = Localizable.strings; sourceTree = "<group>"; };
		BED03EA917E9162400EEEACC /* ProfileViewController.h */ = {isa = PBXFileReference; fileEncoding = 4; lastKnownFileType = sourcecode.c.h; path = ProfileViewController.h; sourceTree = "<group>"; };
		BED03EAA17E9162400EEEACC /* ProfileViewController.m */ = {isa = PBXFileReference; fileEncoding = 4; lastKnownFileType = sourcecode.c.objc; path = ProfileViewController.m; sourceTree = "<group>"; };
		BED03EAB17E9162400EEEACC /* ProfileViewController.xib */ = {isa = PBXFileReference; fileEncoding = 4; lastKnownFileType = file.xib; path = ProfileViewController.xib; sourceTree = "<group>"; };
		BED03EAE17E91EDD00EEEACC /* WBProfileHeaderView.h */ = {isa = PBXFileReference; fileEncoding = 4; lastKnownFileType = sourcecode.c.h; path = WBProfileHeaderView.h; sourceTree = "<group>"; };
		BED03EAF17E91EDD00EEEACC /* WBProfileHeaderView.m */ = {isa = PBXFileReference; fileEncoding = 4; lastKnownFileType = sourcecode.c.objc; path = WBProfileHeaderView.m; sourceTree = "<group>"; };
		BED03EB117E91EFB00EEEACC /* WBProfileHeaderView.xib */ = {isa = PBXFileReference; fileEncoding = 4; lastKnownFileType = file.xib; path = WBProfileHeaderView.xib; sourceTree = "<group>"; };
		BED03EB317EA075D00EEEACC /* WBFindFriendsViewController.h */ = {isa = PBXFileReference; fileEncoding = 4; lastKnownFileType = sourcecode.c.h; path = WBFindFriendsViewController.h; sourceTree = "<group>"; };
		BED03EB417EA075D00EEEACC /* WBFindFriendsViewController.m */ = {isa = PBXFileReference; fileEncoding = 4; lastKnownFileType = sourcecode.c.objc; path = WBFindFriendsViewController.m; sourceTree = "<group>"; };
		BED03EB617EA0BDB00EEEACC /* WBFriendCell.h */ = {isa = PBXFileReference; fileEncoding = 4; lastKnownFileType = sourcecode.c.h; path = WBFriendCell.h; sourceTree = "<group>"; };
		BED03EB717EA0BDB00EEEACC /* WBFriendCell.m */ = {isa = PBXFileReference; fileEncoding = 4; lastKnownFileType = sourcecode.c.objc; path = WBFriendCell.m; sourceTree = "<group>"; };
		BED03EB917EA0C8800EEEACC /* WBFriendCell.xib */ = {isa = PBXFileReference; fileEncoding = 4; lastKnownFileType = file.xib; path = WBFriendCell.xib; sourceTree = "<group>"; };
		BED03EBB17EB5D1800EEEACC /* WBInviteFriendsCell.xib */ = {isa = PBXFileReference; fileEncoding = 4; lastKnownFileType = file.xib; path = WBInviteFriendsCell.xib; sourceTree = "<group>"; };
		BED03EBD17EB5D6600EEEACC /* WBInviteFriendsCell.h */ = {isa = PBXFileReference; fileEncoding = 4; lastKnownFileType = sourcecode.c.h; path = WBInviteFriendsCell.h; sourceTree = "<group>"; };
		BED03EBE17EB5D6600EEEACC /* WBInviteFriendsCell.m */ = {isa = PBXFileReference; fileEncoding = 4; lastKnownFileType = sourcecode.c.objc; path = WBInviteFriendsCell.m; sourceTree = "<group>"; };
		BED03EC017EB9ABE00EEEACC /* AddressBookUI.framework */ = {isa = PBXFileReference; lastKnownFileType = wrapper.framework; name = AddressBookUI.framework; path = System/Library/Frameworks/AddressBookUI.framework; sourceTree = SDKROOT; };
		BED03EC217EB9AD500EEEACC /* AddressBook.framework */ = {isa = PBXFileReference; lastKnownFileType = wrapper.framework; name = AddressBook.framework; path = System/Library/Frameworks/AddressBook.framework; sourceTree = SDKROOT; };
		BED03EC417EB9ADC00EEEACC /* MessageUI.framework */ = {isa = PBXFileReference; lastKnownFileType = wrapper.framework; name = MessageUI.framework; path = System/Library/Frameworks/MessageUI.framework; sourceTree = SDKROOT; };
		DD17448117EB62C7009A4E23 /* WBPhotoDetailsViewController.h */ = {isa = PBXFileReference; fileEncoding = 4; lastKnownFileType = sourcecode.c.h; path = WBPhotoDetailsViewController.h; sourceTree = "<group>"; };
		DD17448217EB62C7009A4E23 /* WBPhotoDetailsViewController.m */ = {isa = PBXFileReference; fileEncoding = 4; lastKnownFileType = sourcecode.c.objc; path = WBPhotoDetailsViewController.m; sourceTree = "<group>"; };
		DD17448617EB82EF009A4E23 /* WBPhotoDetailsViewController.xib */ = {isa = PBXFileReference; fileEncoding = 4; lastKnownFileType = file.xib; path = WBPhotoDetailsViewController.xib; sourceTree = "<group>"; };
		DD17448817EB8466009A4E23 /* WBPhotoDetailsCellPhoto.h */ = {isa = PBXFileReference; fileEncoding = 4; lastKnownFileType = sourcecode.c.h; path = WBPhotoDetailsCellPhoto.h; sourceTree = "<group>"; };
		DD17448917EB8466009A4E23 /* WBPhotoDetailsCellPhoto.m */ = {isa = PBXFileReference; fileEncoding = 4; lastKnownFileType = sourcecode.c.objc; path = WBPhotoDetailsCellPhoto.m; sourceTree = "<group>"; };
		DD17448B17EB847C009A4E23 /* WBPhotoDetailsCellPhoto.xib */ = {isa = PBXFileReference; fileEncoding = 4; lastKnownFileType = file.xib; path = WBPhotoDetailsCellPhoto.xib; sourceTree = "<group>"; };
		DD2B8ED917E23D1D0094A3C4 /* UIImageView+RoundedCorners.h */ = {isa = PBXFileReference; fileEncoding = 4; lastKnownFileType = sourcecode.c.h; name = "UIImageView+RoundedCorners.h"; path = "Helpers/UIImageView+RoundedCorners.h"; sourceTree = "<group>"; };
		DD2B8EDA17E23D1D0094A3C4 /* UIImageView+RoundedCorners.m */ = {isa = PBXFileReference; fileEncoding = 4; lastKnownFileType = sourcecode.c.objc; name = "UIImageView+RoundedCorners.m"; path = "Helpers/UIImageView+RoundedCorners.m"; sourceTree = "<group>"; };
		DD304E1117E8AB2500B3BCA3 /* WBLoadMoreCell.h */ = {isa = PBXFileReference; fileEncoding = 4; lastKnownFileType = sourcecode.c.h; path = WBLoadMoreCell.h; sourceTree = "<group>"; };
		DD304E1217E8AB2500B3BCA3 /* WBLoadMoreCell.m */ = {isa = PBXFileReference; fileEncoding = 4; lastKnownFileType = sourcecode.c.objc; path = WBLoadMoreCell.m; sourceTree = "<group>"; };
		DD304E1717E8AB8700B3BCA3 /* UIImageView+WBImageLoader.h */ = {isa = PBXFileReference; fileEncoding = 4; lastKnownFileType = sourcecode.c.h; name = "UIImageView+WBImageLoader.h"; path = "Helpers/UIImageView+WBImageLoader.h"; sourceTree = "<group>"; };
		DD304E1817E8AB8700B3BCA3 /* UIImageView+WBImageLoader.m */ = {isa = PBXFileReference; fileEncoding = 4; lastKnownFileType = sourcecode.c.objc; name = "UIImageView+WBImageLoader.m"; path = "Helpers/UIImageView+WBImageLoader.m"; sourceTree = "<group>"; };
		DD6F1E8D17E39FD30099866F /* UIColor+Hex.h */ = {isa = PBXFileReference; fileEncoding = 4; lastKnownFileType = sourcecode.c.h; name = "UIColor+Hex.h"; path = "Helpers/UIColor+Hex.h"; sourceTree = "<group>"; };
		DD6F1E8E17E39FD30099866F /* UIColor+Hex.m */ = {isa = PBXFileReference; fileEncoding = 4; lastKnownFileType = sourcecode.c.objc; name = "UIColor+Hex.m"; path = "Helpers/UIColor+Hex.m"; sourceTree = "<group>"; };
		DD6F1E9117E3A8240099866F /* WBPhotoTimelineSectionHeaderButton.h */ = {isa = PBXFileReference; fileEncoding = 4; lastKnownFileType = sourcecode.c.h; path = WBPhotoTimelineSectionHeaderButton.h; sourceTree = "<group>"; };
		DD6F1E9217E3A8240099866F /* WBPhotoTimelineSectionHeaderButton.m */ = {isa = PBXFileReference; fileEncoding = 4; lastKnownFileType = sourcecode.c.objc; path = WBPhotoTimelineSectionHeaderButton.m; sourceTree = "<group>"; };
		DDA25DE317E26DFB00C44622 /* WBViewController.h */ = {isa = PBXFileReference; fileEncoding = 4; lastKnownFileType = sourcecode.c.h; path = WBViewController.h; sourceTree = "<group>"; };
		DDA25DE417E26DFB00C44622 /* WBViewController.m */ = {isa = PBXFileReference; fileEncoding = 4; lastKnownFileType = sourcecode.c.objc; path = WBViewController.m; sourceTree = "<group>"; };
		DDAC835617F095A900E91B9A /* WBPhotoDetailsCell.h */ = {isa = PBXFileReference; fileEncoding = 4; lastKnownFileType = sourcecode.c.h; path = WBPhotoDetailsCell.h; sourceTree = "<group>"; };
		DDAC835717F095A900E91B9A /* WBPhotoDetailsCell.m */ = {isa = PBXFileReference; fileEncoding = 4; lastKnownFileType = sourcecode.c.objc; path = WBPhotoDetailsCell.m; sourceTree = "<group>"; };
		DDAC835917F0994200E91B9A /* WBPhotoDetailsCellLikes.h */ = {isa = PBXFileReference; fileEncoding = 4; lastKnownFileType = sourcecode.c.h; path = WBPhotoDetailsCellLikes.h; sourceTree = "<group>"; };
		DDAC835A17F0994200E91B9A /* WBPhotoDetailsCellLikes.m */ = {isa = PBXFileReference; fileEncoding = 4; lastKnownFileType = sourcecode.c.objc; path = WBPhotoDetailsCellLikes.m; sourceTree = "<group>"; };
		DDAC835C17F0997000E91B9A /* WBPhotoDetailsCellLikes.xib */ = {isa = PBXFileReference; fileEncoding = 4; lastKnownFileType = file.xib; path = WBPhotoDetailsCellLikes.xib; sourceTree = "<group>"; };
		DDAC835E17F0A3F600E91B9A /* WBPhotoDetailsCellComment.h */ = {isa = PBXFileReference; fileEncoding = 4; lastKnownFileType = sourcecode.c.h; path = WBPhotoDetailsCellComment.h; sourceTree = "<group>"; };
		DDAC835F17F0A3F600E91B9A /* WBPhotoDetailsCellComment.m */ = {isa = PBXFileReference; fileEncoding = 4; lastKnownFileType = sourcecode.c.objc; path = WBPhotoDetailsCellComment.m; sourceTree = "<group>"; };
		DDAC836117F0A4D800E91B9A /* WBPhotoDetailsCellComment.xib */ = {isa = PBXFileReference; fileEncoding = 4; lastKnownFileType = file.xib; path = WBPhotoDetailsCellComment.xib; sourceTree = "<group>"; };
		DDAC836317F0A9A800E91B9A /* WBPhotoDetailsCellAddComment.h */ = {isa = PBXFileReference; fileEncoding = 4; lastKnownFileType = sourcecode.c.h; path = WBPhotoDetailsCellAddComment.h; sourceTree = "<group>"; };
		DDAC836417F0A9A800E91B9A /* WBPhotoDetailsCellAddComment.m */ = {isa = PBXFileReference; fileEncoding = 4; lastKnownFileType = sourcecode.c.objc; path = WBPhotoDetailsCellAddComment.m; sourceTree = "<group>"; };
		DDAC836617F0A9B300E91B9A /* WBPhotoDetailsCellAddComment.xib */ = {isa = PBXFileReference; fileEncoding = 4; lastKnownFileType = file.xib; path = WBPhotoDetailsCellAddComment.xib; sourceTree = "<group>"; };
		DDECB94A17EA521B00407255 /* WBLoadMoreCell.xib */ = {isa = PBXFileReference; fileEncoding = 4; lastKnownFileType = file.xib; path = WBLoadMoreCell.xib; sourceTree = "<group>"; };
/* End PBXFileReference section */

/* Begin PBXFrameworksBuildPhase section */
		9919151B17DA7B2A005DA25C /* Frameworks */ = {
			isa = PBXFrameworksBuildPhase;
			buildActionMask = 2147483647;
			files = (
				F4B0E5781804B271000A948B /* libWBFramework.a in Frameworks */,
				BED03EC517EB9ADC00EEEACC /* MessageUI.framework in Frameworks */,
				BED03EC317EB9AD500EEEACC /* AddressBook.framework in Frameworks */,
				BED03EC117EB9ABE00EEEACC /* AddressBookUI.framework in Frameworks */,
				991614DA17DE81AB007FF6B5 /* SystemConfiguration.framework in Frameworks */,
				991614D817DE81A1007FF6B5 /* StoreKit.framework in Frameworks */,
				991614D617DE8198007FF6B5 /* Security.framework in Frameworks */,
				991614D417DE818F007FF6B5 /* QuartzCore.framework in Frameworks */,
				991614D217DE8188007FF6B5 /* MobileCoreServices.framework in Frameworks */,
				991614D017DE817F007FF6B5 /* libz.1.1.3.dylib in Frameworks */,
				991614DC17DE82B4007FF6B5 /* Parse.framework in Frameworks */,
				991614CE17DE8172007FF6B5 /* CoreLocation.framework in Frameworks */,
				9919152417DA7B2A005DA25C /* CoreGraphics.framework in Frameworks */,
				991614CC17DE8161007FF6B5 /* CFNetwork.framework in Frameworks */,
				991614CA17DE813C007FF6B5 /* AudioToolbox.framework in Frameworks */,
				9919152617DA7B2A005DA25C /* UIKit.framework in Frameworks */,
				9919152217DA7B2A005DA25C /* Foundation.framework in Frameworks */,
				5B6E5B767D2D48748780E8CD /* libPods.a in Frameworks */,
			);
			runOnlyForDeploymentPostprocessing = 0;
		};
		9919153C17DA7B2A005DA25C /* Frameworks */ = {
			isa = PBXFrameworksBuildPhase;
			buildActionMask = 2147483647;
			files = (
				9919154117DA7B2A005DA25C /* XCTest.framework in Frameworks */,
				9919154317DA7B2A005DA25C /* UIKit.framework in Frameworks */,
				9919154217DA7B2A005DA25C /* Foundation.framework in Frameworks */,
			);
			runOnlyForDeploymentPostprocessing = 0;
		};
/* End PBXFrameworksBuildPhase section */

/* Begin PBXGroup section */
		9919151517DA7B2A005DA25C = {
			isa = PBXGroup;
			children = (
				99EF36F71804A35600C1866B /* WBFramework.xcodeproj */,
				9919152717DA7B2A005DA25C /* whiteboard */,
				9919154617DA7B2A005DA25C /* whiteboardTests */,
				9919152017DA7B2A005DA25C /* Frameworks */,
				9919151F17DA7B2A005DA25C /* Products */,
				A2E130B5A6424401B142406B /* Pods.xcconfig */,
			);
			sourceTree = "<group>";
		};
		9919151F17DA7B2A005DA25C /* Products */ = {
			isa = PBXGroup;
			children = (
				9919151E17DA7B2A005DA25C /* whiteboard.app */,
				9919153F17DA7B2A005DA25C /* whiteboardTests.xctest */,
			);
			name = Products;
			sourceTree = "<group>";
		};
		9919152017DA7B2A005DA25C /* Frameworks */ = {
			isa = PBXGroup;
			children = (
				BED03EC417EB9ADC00EEEACC /* MessageUI.framework */,
				BED03EC217EB9AD500EEEACC /* AddressBook.framework */,
				BED03EC017EB9ABE00EEEACC /* AddressBookUI.framework */,
				BE1B3FCF17E395A9003494CD /* Accounts.framework */,
				991614DB17DE82B4007FF6B5 /* Parse.framework */,
				991614D917DE81AB007FF6B5 /* SystemConfiguration.framework */,
				991614D717DE81A1007FF6B5 /* StoreKit.framework */,
				991614D517DE8198007FF6B5 /* Security.framework */,
				991614D317DE818F007FF6B5 /* QuartzCore.framework */,
				991614D117DE8188007FF6B5 /* MobileCoreServices.framework */,
				991614CF17DE817F007FF6B5 /* libz.1.1.3.dylib */,
				991614CD17DE8172007FF6B5 /* CoreLocation.framework */,
				991614CB17DE8161007FF6B5 /* CFNetwork.framework */,
				991614C917DE813C007FF6B5 /* AudioToolbox.framework */,
				9919152117DA7B2A005DA25C /* Foundation.framework */,
				9919152317DA7B2A005DA25C /* CoreGraphics.framework */,
				9919152517DA7B2A005DA25C /* UIKit.framework */,
				9919154017DA7B2A005DA25C /* XCTest.framework */,
				B0F30985C67F4305AE5B3F10 /* libPods.a */,
			);
			name = Frameworks;
			sourceTree = "<group>";
		};
		9919152717DA7B2A005DA25C /* whiteboard */ = {
			isa = PBXGroup;
			children = (
				BE1B3F7B17E22335003494CD /* Theme */,
				BE1B3F7217E22197003494CD /* Controllers */,
				DD2B8ED817E22E920094A3C4 /* Helpers */,
				BE1B3F6017E22117003494CD /* Views */,
				9919153017DA7B2A005DA25C /* AppDelegate.h */,
				9919153117DA7B2A005DA25C /* AppDelegate.m */,
				BE1B3F5D17E22117003494CD /* MainWindow.xib */,
				9919153917DA7B2A005DA25C /* Images.xcassets */,
				9919152817DA7B2A005DA25C /* Supporting Files */,
			);
			path = whiteboard;
			sourceTree = "<group>";
		};
		9919152817DA7B2A005DA25C /* Supporting Files */ = {
			isa = PBXGroup;
			children = (
				9919152917DA7B2A005DA25C /* whiteboard-Info.plist */,
				994D6C3817E23EE9005CCADF /* ParseConfiguration.plist */,
				BE1B3FC417E27420003494CD /* WBTheme.plist */,
				9919152A17DA7B2A005DA25C /* InfoPlist.strings */,
				9919152D17DA7B2A005DA25C /* main.m */,
				9919152F17DA7B2A005DA25C /* whiteboard-Prefix.pch */,
				BED03EA417E8BDB300EEEACC /* Localizable.strings */,
			);
			name = "Supporting Files";
			sourceTree = "<group>";
		};
		9919154617DA7B2A005DA25C /* whiteboardTests */ = {
			isa = PBXGroup;
			children = (
				99D80C7017DE0EA200809322 /* UserImplementationTests.m */,
				99F9609517E390D7005D27EB /* WBPhotoTests.m */,
				995D6C2417E78AEA00550634 /* WBCommentTests.m */,
				9940D16717DF62F1008B2825 /* WBDatasourceTests.m */,
				9919154717DA7B2B005DA25C /* Supporting Files */,
			);
			path = whiteboardTests;
			sourceTree = "<group>";
		};
		9919154717DA7B2B005DA25C /* Supporting Files */ = {
			isa = PBXGroup;
			children = (
				9919154817DA7B2B005DA25C /* whiteboardTests-Info.plist */,
				9919154917DA7B2B005DA25C /* InfoPlist.strings */,
			);
			name = "Supporting Files";
			sourceTree = "<group>";
		};
		99EF36F81804A35600C1866B /* Products */ = {
			isa = PBXGroup;
			children = (
				99EF36FE1804A35600C1866B /* libWBFramework.a */,
				99EF37001804A35600C1866B /* WBFrameworkTests.xctest */,
				F4B0E5901804B58A000A948B /* WBFramework.bundle */,
			);
			name = Products;
			sourceTree = "<group>";
		};
		BE1B3F6017E22117003494CD /* Views */ = {
			isa = PBXGroup;
			children = (
				BE1B3F6117E22117003494CD /* MainFeedCell.h */,
				BE1B3F6217E22117003494CD /* MainFeedCell.m */,
				BE1B3F6317E22117003494CD /* MainFeedCell.xib */,
				BE1B3F6417E22117003494CD /* WBPhotoTimelineCell.h */,
				BE1B3F6517E22117003494CD /* WBPhotoTimelineCell.m */,
				BE1B3F6617E22117003494CD /* WBPhotoTimelineCell.xib */,
				BE1B3F6717E22117003494CD /* WBPhotoTimelineSectionHeaderView.h */,
				BE1B3F6817E22117003494CD /* WBPhotoTimelineSectionHeaderView.m */,
				BE1B3F6917E22117003494CD /* WBPhotoTimelineSectionHeaderView.xib */,
				DDAC835517F0959300E91B9A /* WBPhotoDetailsCells */,
				BED03EAE17E91EDD00EEEACC /* WBProfileHeaderView.h */,
				BED03EAF17E91EDD00EEEACC /* WBProfileHeaderView.m */,
				BED03EB117E91EFB00EEEACC /* WBProfileHeaderView.xib */,
				21BD8AFA17ECAECE00AC1CD8 /* WBActivityCell.h */,
				21BD8AFB17ECAECE00AC1CD8 /* WBActivityCell.m */,
				21BD8AFD17ECAF0000AC1CD8 /* WBActivityCell.xib */,
				BED03EB617EA0BDB00EEEACC /* WBFriendCell.h */,
				BED03EB717EA0BDB00EEEACC /* WBFriendCell.m */,
				BED03EB917EA0C8800EEEACC /* WBFriendCell.xib */,
				DD304E1117E8AB2500B3BCA3 /* WBLoadMoreCell.h */,
				DD304E1217E8AB2500B3BCA3 /* WBLoadMoreCell.m */,
				DDECB94A17EA521B00407255 /* WBLoadMoreCell.xib */,
				BED03EBD17EB5D6600EEEACC /* WBInviteFriendsCell.h */,
				BED03EBE17EB5D6600EEEACC /* WBInviteFriendsCell.m */,
				BED03EBB17EB5D1800EEEACC /* WBInviteFriendsCell.xib */,
				DD6F1E9017E3A80D0099866F /* Section Header */,
			);
			path = Views;
			sourceTree = "<group>";
		};
		BE1B3F7217E22197003494CD /* Controllers */ = {
			isa = PBXGroup;
			children = (
				BE1B3F7317E22197003494CD /* MainFeedViewController.h */,
				BE1B3F7417E22197003494CD /* MainFeedViewController.m */,
				BE1B3F7517E22197003494CD /* MainFeedViewController.xib */,
				BED03EA917E9162400EEEACC /* ProfileViewController.h */,
				BED03EAA17E9162400EEEACC /* ProfileViewController.m */,
				BED03EAB17E9162400EEEACC /* ProfileViewController.xib */,
				21BD8AF517ECA51A00AC1CD8 /* ActivityViewController.h */,
				21BD8AF617ECA51A00AC1CD8 /* ActivityViewController.m */,
				21BD8AF717ECA51A00AC1CD8 /* ActivityViewController.xib */,
				DDA25DE217E26DEB00C44622 /* WB */,
			);
			path = Controllers;
			sourceTree = "<group>";
		};
		BE1B3F7B17E22335003494CD /* Theme */ = {
			isa = PBXGroup;
			children = (
				BE1B3F7E17E24875003494CD /* WBTheme.h */,
				BE1B3F7F17E24875003494CD /* WBTheme.m */,
			);
			name = Theme;
			sourceTree = "<group>";
		};
		DD2B8ED817E22E920094A3C4 /* Helpers */ = {
			isa = PBXGroup;
			children = (
				21AC153C17EA470300DC59DF /* KeyboardAnimationView.h */,
				21AC153D17EA470300DC59DF /* KeyboardAnimationView.m */,
				21AC153E17EA470300DC59DF /* NSNotification+Keyboard.h */,
				21AC153F17EA470300DC59DF /* NSNotification+Keyboard.m */,
				2165EC2B17E8BBCD00AC2F72 /* EmailValidator.h */,
				2165EC2C17E8BBCD00AC2F72 /* EmailValidator.m */,
				DD304E1717E8AB8700B3BCA3 /* UIImageView+WBImageLoader.h */,
				DD304E1817E8AB8700B3BCA3 /* UIImageView+WBImageLoader.m */,
				DD2B8ED917E23D1D0094A3C4 /* UIImageView+RoundedCorners.h */,
				DD2B8EDA17E23D1D0094A3C4 /* UIImageView+RoundedCorners.m */,
				DD6F1E8D17E39FD30099866F /* UIColor+Hex.h */,
				DD6F1E8E17E39FD30099866F /* UIColor+Hex.m */,
				99A1407E17F09E5E00F1378D /* WBPhoto+Utils.h */,
				99A1407F17F09E5E00F1378D /* WBPhoto+Utils.m */,
			);
			name = Helpers;
			sourceTree = "<group>";
		};
		DD6F1E9017E3A80D0099866F /* Section Header */ = {
			isa = PBXGroup;
			children = (
				BE1B3F6717E22117003494CD /* WBPhotoTimelineSectionHeaderView.h */,
				BE1B3F6817E22117003494CD /* WBPhotoTimelineSectionHeaderView.m */,
				BE1B3F6917E22117003494CD /* WBPhotoTimelineSectionHeaderView.xib */,
				DD6F1E9117E3A8240099866F /* WBPhotoTimelineSectionHeaderButton.h */,
				DD6F1E9217E3A8240099866F /* WBPhotoTimelineSectionHeaderButton.m */,
			);
			name = "Section Header";
			sourceTree = "<group>";
		};
		DDA25DE217E26DEB00C44622 /* WB */ = {
			isa = PBXGroup;
			children = (
				BE1B3F7617E22197003494CD /* WBPhotoTimelineViewController.h */,
				BE1B3F7717E22197003494CD /* WBPhotoTimelineViewController.m */,
				DD17448117EB62C7009A4E23 /* WBPhotoDetailsViewController.h */,
				DD17448217EB62C7009A4E23 /* WBPhotoDetailsViewController.m */,
				DD17448617EB82EF009A4E23 /* WBPhotoDetailsViewController.xib */,
				DDA25DE317E26DFB00C44622 /* WBViewController.h */,
				DDA25DE417E26DFB00C44622 /* WBViewController.m */,
				BE1B3FCA17E38B13003494CD /* WBTabBarController.h */,
				BE1B3FCB17E38B13003494CD /* WBTabBarController.m */,
				BED03EA117E8B0E000EEEACC /* WBNavigationController.h */,
				BED03EA217E8B0E000EEEACC /* WBNavigationController.m */,
				218D5A2F17E7B2BE007D17DB /* WBLoginViewController.h */,
				218D5A3017E7B2BE007D17DB /* WBLoginViewController.m */,
				218D5A3117E7B2BE007D17DB /* WBLoginViewController.xib */,
				2165EC2617E8B18600AC2F72 /* WBSignupViewController.h */,
				2165EC2717E8B18600AC2F72 /* WBSignupViewController.m */,
				2165EC2817E8B18600AC2F72 /* WBSignupViewController.xib */,
				BED03EB317EA075D00EEEACC /* WBFindFriendsViewController.h */,
				BED03EB417EA075D00EEEACC /* WBFindFriendsViewController.m */,
			);
			name = WB;
			sourceTree = "<group>";
		};
		DDAC835517F0959300E91B9A /* WBPhotoDetailsCells */ = {
			isa = PBXGroup;
			children = (
				DDAC835617F095A900E91B9A /* WBPhotoDetailsCell.h */,
				DDAC835717F095A900E91B9A /* WBPhotoDetailsCell.m */,
				DD17448817EB8466009A4E23 /* WBPhotoDetailsCellPhoto.h */,
				DD17448917EB8466009A4E23 /* WBPhotoDetailsCellPhoto.m */,
				DD17448B17EB847C009A4E23 /* WBPhotoDetailsCellPhoto.xib */,
				DDAC835917F0994200E91B9A /* WBPhotoDetailsCellLikes.h */,
				DDAC835A17F0994200E91B9A /* WBPhotoDetailsCellLikes.m */,
				DDAC835C17F0997000E91B9A /* WBPhotoDetailsCellLikes.xib */,
				DDAC835E17F0A3F600E91B9A /* WBPhotoDetailsCellComment.h */,
				DDAC835F17F0A3F600E91B9A /* WBPhotoDetailsCellComment.m */,
				DDAC836117F0A4D800E91B9A /* WBPhotoDetailsCellComment.xib */,
				DDAC836317F0A9A800E91B9A /* WBPhotoDetailsCellAddComment.h */,
				DDAC836417F0A9A800E91B9A /* WBPhotoDetailsCellAddComment.m */,
				DDAC836617F0A9B300E91B9A /* WBPhotoDetailsCellAddComment.xib */,
			);
			name = WBPhotoDetailsCells;
			sourceTree = "<group>";
		};
/* End PBXGroup section */

/* Begin PBXNativeTarget section */
		9919151D17DA7B2A005DA25C /* whiteboard */ = {
			isa = PBXNativeTarget;
			buildConfigurationList = 9919155017DA7B2B005DA25C /* Build configuration list for PBXNativeTarget "whiteboard" */;
			buildPhases = (
				31FEC07121E64B94ACAAF786 /* Check Pods Manifest.lock */,
				9919151A17DA7B2A005DA25C /* Sources */,
				9919151B17DA7B2A005DA25C /* Frameworks */,
				9919151C17DA7B2A005DA25C /* Resources */,
				C9C2C40C021B469983EC1958 /* Copy Pods Resources */,
			);
			buildRules = (
			);
			dependencies = (
				F4B0E58D1804B58A000A948B /* PBXTargetDependency */,
			);
			name = whiteboard;
			productName = whiteboard;
			productReference = 9919151E17DA7B2A005DA25C /* whiteboard.app */;
			productType = "com.apple.product-type.application";
		};
		9919153E17DA7B2A005DA25C /* whiteboardTests */ = {
			isa = PBXNativeTarget;
			buildConfigurationList = 9919155317DA7B2B005DA25C /* Build configuration list for PBXNativeTarget "whiteboardTests" */;
			buildPhases = (
				9919153B17DA7B2A005DA25C /* Sources */,
				9919153C17DA7B2A005DA25C /* Frameworks */,
				9919153D17DA7B2A005DA25C /* Resources */,
			);
			buildRules = (
			);
			dependencies = (
				9919154517DA7B2A005DA25C /* PBXTargetDependency */,
			);
			name = whiteboardTests;
			productName = whiteboardTests;
			productReference = 9919153F17DA7B2A005DA25C /* whiteboardTests.xctest */;
			productType = "com.apple.product-type.bundle.unit-test";
		};
/* End PBXNativeTarget section */

/* Begin PBXProject section */
		9919151617DA7B2A005DA25C /* Project object */ = {
			isa = PBXProject;
			attributes = {
				CLASSPREFIX = WB;
				LastUpgradeCheck = 0500;
				ORGANIZATIONNAME = Fueled;
				TargetAttributes = {
					9919153E17DA7B2A005DA25C = {
						TestTargetID = 9919151D17DA7B2A005DA25C;
					};
				};
			};
			buildConfigurationList = 9919151917DA7B2A005DA25C /* Build configuration list for PBXProject "whiteboard" */;
			compatibilityVersion = "Xcode 3.2";
			developmentRegion = English;
			hasScannedForEncodings = 0;
			knownRegions = (
				en,
				Base,
			);
			mainGroup = 9919151517DA7B2A005DA25C;
			productRefGroup = 9919151F17DA7B2A005DA25C /* Products */;
			projectDirPath = "";
			projectReferences = (
				{
					ProductGroup = 99EF36F81804A35600C1866B /* Products */;
					ProjectRef = 99EF36F71804A35600C1866B /* WBFramework.xcodeproj */;
				},
			);
			projectRoot = "";
			targets = (
				9919151D17DA7B2A005DA25C /* whiteboard */,
				9919153E17DA7B2A005DA25C /* whiteboardTests */,
			);
		};
/* End PBXProject section */

/* Begin PBXReferenceProxy section */
		99EF36FE1804A35600C1866B /* libWBFramework.a */ = {
			isa = PBXReferenceProxy;
			fileType = archive.ar;
			path = libWBFramework.a;
			remoteRef = 99EF36FD1804A35600C1866B /* PBXContainerItemProxy */;
			sourceTree = BUILT_PRODUCTS_DIR;
		};
		99EF37001804A35600C1866B /* WBFrameworkTests.xctest */ = {
			isa = PBXReferenceProxy;
			fileType = wrapper.cfbundle;
			path = WBFrameworkTests.xctest;
			remoteRef = 99EF36FF1804A35600C1866B /* PBXContainerItemProxy */;
			sourceTree = BUILT_PRODUCTS_DIR;
		};
		F4B0E5901804B58A000A948B /* WBFramework.bundle */ = {
			isa = PBXReferenceProxy;
			fileType = wrapper.cfbundle;
			path = WBFramework.bundle;
			remoteRef = F4B0E58F1804B58A000A948B /* PBXContainerItemProxy */;
			sourceTree = BUILT_PRODUCTS_DIR;
		};
/* End PBXReferenceProxy section */

/* Begin PBXResourcesBuildPhase section */
		9919151C17DA7B2A005DA25C /* Resources */ = {
			isa = PBXResourcesBuildPhase;
			buildActionMask = 2147483647;
			files = (
				DD17448C17EB847C009A4E23 /* WBPhotoDetailsCellPhoto.xib in Resources */,
				BED03EAD17E9162400EEEACC /* ProfileViewController.xib in Resources */,
				BE1B3F6F17E22117003494CD /* WBPhotoTimelineCell.xib in Resources */,
				BED03EBA17EA0C8800EEEACC /* WBFriendCell.xib in Resources */,
				BE1B3F6A17E22117003494CD /* MainWindow.xib in Resources */,
				BED03EA517E8BDB300EEEACC /* Localizable.strings in Resources */,
				DDECB94B17EA521B00407255 /* WBLoadMoreCell.xib in Resources */,
				9919153A17DA7B2A005DA25C /* Images.xcassets in Resources */,
				994D6C3917E23EE9005CCADF /* ParseConfiguration.plist in Resources */,
				DDAC836717F0A9B300E91B9A /* WBPhotoDetailsCellAddComment.xib in Resources */,
				2165EC2A17E8B18600AC2F72 /* WBSignupViewController.xib in Resources */,
				21BD8AF917ECA51A00AC1CD8 /* ActivityViewController.xib in Resources */,
				BE1B3F7917E22197003494CD /* MainFeedViewController.xib in Resources */,
				21BD8AFE17ECAF0000AC1CD8 /* WBActivityCell.xib in Resources */,
				BED03EBC17EB5D1800EEEACC /* WBInviteFriendsCell.xib in Resources */,
				DD17448717EB82F0009A4E23 /* WBPhotoDetailsViewController.xib in Resources */,
				DDAC835D17F0997000E91B9A /* WBPhotoDetailsCellLikes.xib in Resources */,
				9919152C17DA7B2A005DA25C /* InfoPlist.strings in Resources */,
				BE1B3F6D17E22117003494CD /* MainFeedCell.xib in Resources */,
				BE1B3FC517E27420003494CD /* WBTheme.plist in Resources */,
				BED03EB217E91EFB00EEEACC /* WBProfileHeaderView.xib in Resources */,
				DDAC836217F0A4D800E91B9A /* WBPhotoDetailsCellComment.xib in Resources */,
				BE1B3F7117E22117003494CD /* WBPhotoTimelineSectionHeaderView.xib in Resources */,
				218D5A3317E7B2BE007D17DB /* WBLoginViewController.xib in Resources */,
				F4B0E5911804B5BA000A948B /* WBFramework.bundle in Resources */,
			);
			runOnlyForDeploymentPostprocessing = 0;
		};
		9919153D17DA7B2A005DA25C /* Resources */ = {
			isa = PBXResourcesBuildPhase;
			buildActionMask = 2147483647;
			files = (
				9919154B17DA7B2B005DA25C /* InfoPlist.strings in Resources */,
			);
			runOnlyForDeploymentPostprocessing = 0;
		};
/* End PBXResourcesBuildPhase section */

/* Begin PBXShellScriptBuildPhase section */
		31FEC07121E64B94ACAAF786 /* Check Pods Manifest.lock */ = {
			isa = PBXShellScriptBuildPhase;
			buildActionMask = 2147483647;
			files = (
			);
			inputPaths = (
			);
			name = "Check Pods Manifest.lock";
			outputPaths = (
			);
			runOnlyForDeploymentPostprocessing = 0;
			shellPath = /bin/sh;
			shellScript = "diff \"${PODS_ROOT}/../Podfile.lock\" \"${PODS_ROOT}/Manifest.lock\" > /dev/null\nif [[ $? != 0 ]] ; then\n    cat << EOM\nerror: The sandbox is not in sync with the Podfile.lock. Run 'pod install' or update your CocoaPods installation.\nEOM\n    exit 1\nfi\n";
		};
		C9C2C40C021B469983EC1958 /* Copy Pods Resources */ = {
			isa = PBXShellScriptBuildPhase;
			buildActionMask = 2147483647;
			files = (
			);
			inputPaths = (
			);
			name = "Copy Pods Resources";
			outputPaths = (
			);
			runOnlyForDeploymentPostprocessing = 0;
			shellPath = /bin/sh;
			shellScript = "\"${SRCROOT}/Pods/Pods-resources.sh\"\n";
		};
/* End PBXShellScriptBuildPhase section */

/* Begin PBXSourcesBuildPhase section */
		9919151A17DA7B2A005DA25C /* Sources */ = {
			isa = PBXSourcesBuildPhase;
			buildActionMask = 2147483647;
			files = (
				BE1B3FCC17E38B13003494CD /* WBTabBarController.m in Sources */,
				21AC154117EA470300DC59DF /* NSNotification+Keyboard.m in Sources */,
				2165EC2917E8B18600AC2F72 /* WBSignupViewController.m in Sources */,
				DDA25DE517E26DFB00C44622 /* WBViewController.m in Sources */,
				21AC154017EA470300DC59DF /* KeyboardAnimationView.m in Sources */,
				DD6F1E8F17E39FD30099866F /* UIColor+Hex.m in Sources */,
				BED03EAC17E9162400EEEACC /* ProfileViewController.m in Sources */,
				DD17448A17EB8466009A4E23 /* WBPhotoDetailsCellPhoto.m in Sources */,
				BED03EB517EA075D00EEEACC /* WBFindFriendsViewController.m in Sources */,
				BE1B3F6C17E22117003494CD /* MainFeedCell.m in Sources */,
				DD17448317EB62C7009A4E23 /* WBPhotoDetailsViewController.m in Sources */,
				DDAC836517F0A9A800E91B9A /* WBPhotoDetailsCellAddComment.m in Sources */,
				DD304E1917E8AB8700B3BCA3 /* UIImageView+WBImageLoader.m in Sources */,
				BED03EBF17EB5D6600EEEACC /* WBInviteFriendsCell.m in Sources */,
				DD6F1E9317E3A8240099866F /* WBPhotoTimelineSectionHeaderButton.m in Sources */,
				BE1B3F7017E22117003494CD /* WBPhotoTimelineSectionHeaderView.m in Sources */,
				99A1408017F09E5E00F1378D /* WBPhoto+Utils.m in Sources */,
				9919153217DA7B2A005DA25C /* AppDelegate.m in Sources */,
				DDAC835B17F0994200E91B9A /* WBPhotoDetailsCellLikes.m in Sources */,
				BED03EA317E8B0E000EEEACC /* WBNavigationController.m in Sources */,
				DD304E1317E8AB2500B3BCA3 /* WBLoadMoreCell.m in Sources */,
				BE1B3F6E17E22117003494CD /* WBPhotoTimelineCell.m in Sources */,
				21BD8AFC17ECAECE00AC1CD8 /* WBActivityCell.m in Sources */,
				9919152E17DA7B2A005DA25C /* main.m in Sources */,
				BED03EB817EA0BDB00EEEACC /* WBFriendCell.m in Sources */,
				DD2B8EDB17E23D1D0094A3C4 /* UIImageView+RoundedCorners.m in Sources */,
				218D5A3217E7B2BE007D17DB /* WBLoginViewController.m in Sources */,
				BE1B3F7817E22197003494CD /* MainFeedViewController.m in Sources */,
				DDAC836017F0A3F600E91B9A /* WBPhotoDetailsCellComment.m in Sources */,
				BED03EB017E91EDD00EEEACC /* WBProfileHeaderView.m in Sources */,
				DDAC835817F095A900E91B9A /* WBPhotoDetailsCell.m in Sources */,
				BE1B3F8017E24875003494CD /* WBTheme.m in Sources */,
				21BD8AF817ECA51A00AC1CD8 /* ActivityViewController.m in Sources */,
				BE1B3F7A17E22197003494CD /* WBPhotoTimelineViewController.m in Sources */,
				2165EC2D17E8BBCD00AC2F72 /* EmailValidator.m in Sources */,
			);
			runOnlyForDeploymentPostprocessing = 0;
		};
		9919153B17DA7B2A005DA25C /* Sources */ = {
			isa = PBXSourcesBuildPhase;
			buildActionMask = 2147483647;
			files = (
				99F9609617E390D7005D27EB /* WBPhotoTests.m in Sources */,
				99D80C7117DE0EA200809322 /* UserImplementationTests.m in Sources */,
				995D6C2517E78AEA00550634 /* WBCommentTests.m in Sources */,
				9940D16817DF62F1008B2825 /* WBDatasourceTests.m in Sources */,
			);
			runOnlyForDeploymentPostprocessing = 0;
		};
/* End PBXSourcesBuildPhase section */

/* Begin PBXTargetDependency section */
		9919154517DA7B2A005DA25C /* PBXTargetDependency */ = {
			isa = PBXTargetDependency;
			target = 9919151D17DA7B2A005DA25C /* whiteboard */;
			targetProxy = 9919154417DA7B2A005DA25C /* PBXContainerItemProxy */;
		};
		F4B0E58D1804B58A000A948B /* PBXTargetDependency */ = {
			isa = PBXTargetDependency;
			name = FrameworkResources;
			targetProxy = F4B0E58C1804B58A000A948B /* PBXContainerItemProxy */;
		};
/* End PBXTargetDependency section */

/* Begin PBXVariantGroup section */
		9919152A17DA7B2A005DA25C /* InfoPlist.strings */ = {
			isa = PBXVariantGroup;
			children = (
				9919152B17DA7B2A005DA25C /* en */,
			);
			name = InfoPlist.strings;
			sourceTree = "<group>";
		};
		9919154917DA7B2B005DA25C /* InfoPlist.strings */ = {
			isa = PBXVariantGroup;
			children = (
				9919154A17DA7B2B005DA25C /* en */,
			);
			name = InfoPlist.strings;
			sourceTree = "<group>";
		};
/* End PBXVariantGroup section */

/* Begin XCBuildConfiguration section */
		9919154E17DA7B2B005DA25C /* Debug */ = {
			isa = XCBuildConfiguration;
			buildSettings = {
				ALWAYS_SEARCH_USER_PATHS = NO;
				CLANG_CXX_LANGUAGE_STANDARD = "gnu++0x";
				CLANG_CXX_LIBRARY = "libc++";
				CLANG_ENABLE_MODULES = YES;
				CLANG_ENABLE_OBJC_ARC = YES;
				CLANG_WARN_BOOL_CONVERSION = YES;
				CLANG_WARN_CONSTANT_CONVERSION = YES;
				CLANG_WARN_DIRECT_OBJC_ISA_USAGE = YES_ERROR;
				CLANG_WARN_EMPTY_BODY = YES;
				CLANG_WARN_ENUM_CONVERSION = YES;
				CLANG_WARN_INT_CONVERSION = YES;
				CLANG_WARN_OBJC_ROOT_CLASS = YES_ERROR;
				CLANG_WARN__DUPLICATE_METHOD_MATCH = YES;
				CODE_SIGN_IDENTITY = "iPhone Developer: sacha durand saint omer (SKNM5399Y5)";
				"CODE_SIGN_IDENTITY[sdk=iphoneos*]" = "iPhone Developer: sacha durand saint omer (SKNM5399Y5)";
				COPY_PHASE_STRIP = NO;
				GCC_C_LANGUAGE_STANDARD = gnu99;
				GCC_DYNAMIC_NO_PIC = NO;
				GCC_OPTIMIZATION_LEVEL = 0;
				GCC_PREPROCESSOR_DEFINITIONS = (
					"DEBUG=1",
					"$(inherited)",
				);
				GCC_SYMBOLS_PRIVATE_EXTERN = NO;
				GCC_TREAT_IMPLICIT_FUNCTION_DECLARATIONS_AS_ERRORS = YES;
				GCC_TREAT_INCOMPATIBLE_POINTER_TYPE_WARNINGS_AS_ERRORS = YES;
				GCC_TREAT_WARNINGS_AS_ERRORS = YES;
				GCC_WARN_ABOUT_RETURN_TYPE = YES_ERROR;
				GCC_WARN_UNDECLARED_SELECTOR = YES;
				GCC_WARN_UNINITIALIZED_AUTOS = YES;
				GCC_WARN_UNUSED_FUNCTION = YES;
				GCC_WARN_UNUSED_VARIABLE = YES;
				IPHONEOS_DEPLOYMENT_TARGET = 7.0;
				ONLY_ACTIVE_ARCH = YES;
				SDKROOT = iphoneos;
			};
			name = Debug;
		};
		9919154F17DA7B2B005DA25C /* Release */ = {
			isa = XCBuildConfiguration;
			buildSettings = {
				ALWAYS_SEARCH_USER_PATHS = NO;
				CLANG_CXX_LANGUAGE_STANDARD = "gnu++0x";
				CLANG_CXX_LIBRARY = "libc++";
				CLANG_ENABLE_MODULES = YES;
				CLANG_ENABLE_OBJC_ARC = YES;
				CLANG_WARN_BOOL_CONVERSION = YES;
				CLANG_WARN_CONSTANT_CONVERSION = YES;
				CLANG_WARN_DIRECT_OBJC_ISA_USAGE = YES_ERROR;
				CLANG_WARN_EMPTY_BODY = YES;
				CLANG_WARN_ENUM_CONVERSION = YES;
				CLANG_WARN_INT_CONVERSION = YES;
				CLANG_WARN_OBJC_ROOT_CLASS = YES_ERROR;
				CLANG_WARN__DUPLICATE_METHOD_MATCH = YES;
				CODE_SIGN_IDENTITY = "iPhone Developer: sacha durand saint omer (SKNM5399Y5)";
				"CODE_SIGN_IDENTITY[sdk=iphoneos*]" = "iPhone Developer: sacha durand saint omer (SKNM5399Y5)";
				COPY_PHASE_STRIP = YES;
				ENABLE_NS_ASSERTIONS = NO;
				GCC_C_LANGUAGE_STANDARD = gnu99;
				GCC_TREAT_IMPLICIT_FUNCTION_DECLARATIONS_AS_ERRORS = YES;
				GCC_TREAT_INCOMPATIBLE_POINTER_TYPE_WARNINGS_AS_ERRORS = YES;
				GCC_TREAT_WARNINGS_AS_ERRORS = YES;
				GCC_WARN_ABOUT_RETURN_TYPE = YES_ERROR;
				GCC_WARN_UNDECLARED_SELECTOR = YES;
				GCC_WARN_UNINITIALIZED_AUTOS = YES;
				GCC_WARN_UNUSED_FUNCTION = YES;
				GCC_WARN_UNUSED_VARIABLE = YES;
				IPHONEOS_DEPLOYMENT_TARGET = 7.0;
				SDKROOT = iphoneos;
				VALIDATE_PRODUCT = YES;
			};
			name = Release;
		};
		9919155117DA7B2B005DA25C /* Debug */ = {
			isa = XCBuildConfiguration;
			baseConfigurationReference = A2E130B5A6424401B142406B /* Pods.xcconfig */;
			buildSettings = {
				ASSETCATALOG_COMPILER_APPICON_NAME = AppIcon;
				ASSETCATALOG_COMPILER_LAUNCHIMAGE_NAME = LaunchImage;
				CODE_SIGN_IDENTITY = "iPhone Developer: sacha durand saint omer (SKNM5399Y5)";
				FRAMEWORK_SEARCH_PATHS = (
					"$(inherited)",
					$SRCROOT,
				);
				GCC_PRECOMPILE_PREFIX_HEADER = YES;
				GCC_PREFIX_HEADER = "whiteboard/whiteboard-Prefix.pch";
				GCC_TREAT_WARNINGS_AS_ERRORS = NO;
				INFOPLIST_FILE = "whiteboard/whiteboard-Info.plist";
				OTHER_LDFLAGS = (
					"-ObjC",
					"-framework",
					CoreGraphics,
					"-framework",
					MobileCoreServices,
					"-framework",
					Security,
					"-framework",
					SystemConfiguration,
					"-all_load",
				);
				PRODUCT_NAME = "$(TARGET_NAME)";
				PROVISIONING_PROFILE = "1E584F4A-723B-4F7B-A99D-9B212CE472A9";
				USER_HEADER_SEARCH_PATHS = "";
				WRAPPER_EXTENSION = app;
			};
			name = Debug;
		};
		9919155217DA7B2B005DA25C /* Release */ = {
			isa = XCBuildConfiguration;
			baseConfigurationReference = A2E130B5A6424401B142406B /* Pods.xcconfig */;
			buildSettings = {
				ASSETCATALOG_COMPILER_APPICON_NAME = AppIcon;
				ASSETCATALOG_COMPILER_LAUNCHIMAGE_NAME = LaunchImage;
				CODE_SIGN_IDENTITY = "iPhone Developer: sacha durand saint omer (SKNM5399Y5)";
				FRAMEWORK_SEARCH_PATHS = (
					"$(inherited)",
					$SRCROOT,
				);
				GCC_PRECOMPILE_PREFIX_HEADER = YES;
				GCC_PREFIX_HEADER = "whiteboard/whiteboard-Prefix.pch";
				GCC_TREAT_WARNINGS_AS_ERRORS = NO;
				INFOPLIST_FILE = "whiteboard/whiteboard-Info.plist";
				OTHER_LDFLAGS = (
					"-ObjC",
					"-framework",
					CoreGraphics,
					"-framework",
					MobileCoreServices,
					"-framework",
					Security,
					"-framework",
					SystemConfiguration,
					"-all_load",
				);
				PRODUCT_NAME = "$(TARGET_NAME)";
				PROVISIONING_PROFILE = "1E584F4A-723B-4F7B-A99D-9B212CE472A9";
				USER_HEADER_SEARCH_PATHS = "";
				WRAPPER_EXTENSION = app;
			};
			name = Release;
		};
		9919155417DA7B2B005DA25C /* Debug */ = {
			isa = XCBuildConfiguration;
			buildSettings = {
				BUNDLE_LOADER = "$(BUILT_PRODUCTS_DIR)/whiteboard.app/whiteboard";
				FRAMEWORK_SEARCH_PATHS = (
					"$(SDKROOT)/Developer/Library/Frameworks",
					"$(inherited)",
					"$(DEVELOPER_FRAMEWORKS_DIR)",
				);
				GCC_PRECOMPILE_PREFIX_HEADER = YES;
				GCC_PREFIX_HEADER = "whiteboard/whiteboard-Prefix.pch";
				GCC_PREPROCESSOR_DEFINITIONS = (
					"DEBUG=1",
					"$(inherited)",
				);
				INFOPLIST_FILE = "whiteboardTests/whiteboardTests-Info.plist";
				PRODUCT_NAME = "$(TARGET_NAME)";
				TEST_HOST = "$(BUNDLE_LOADER)";
				WRAPPER_EXTENSION = xctest;
			};
			name = Debug;
		};
		9919155517DA7B2B005DA25C /* Release */ = {
			isa = XCBuildConfiguration;
			buildSettings = {
				BUNDLE_LOADER = "$(BUILT_PRODUCTS_DIR)/whiteboard.app/whiteboard";
				FRAMEWORK_SEARCH_PATHS = (
					"$(SDKROOT)/Developer/Library/Frameworks",
					"$(inherited)",
					"$(DEVELOPER_FRAMEWORKS_DIR)",
				);
				GCC_PRECOMPILE_PREFIX_HEADER = YES;
				GCC_PREFIX_HEADER = "whiteboard/whiteboard-Prefix.pch";
				INFOPLIST_FILE = "whiteboardTests/whiteboardTests-Info.plist";
				PRODUCT_NAME = "$(TARGET_NAME)";
				TEST_HOST = "$(BUNDLE_LOADER)";
				WRAPPER_EXTENSION = xctest;
			};
			name = Release;
		};
/* End XCBuildConfiguration section */

/* Begin XCConfigurationList section */
		9919151917DA7B2A005DA25C /* Build configuration list for PBXProject "whiteboard" */ = {
			isa = XCConfigurationList;
			buildConfigurations = (
				9919154E17DA7B2B005DA25C /* Debug */,
				9919154F17DA7B2B005DA25C /* Release */,
			);
			defaultConfigurationIsVisible = 0;
			defaultConfigurationName = Release;
		};
		9919155017DA7B2B005DA25C /* Build configuration list for PBXNativeTarget "whiteboard" */ = {
			isa = XCConfigurationList;
			buildConfigurations = (
				9919155117DA7B2B005DA25C /* Debug */,
				9919155217DA7B2B005DA25C /* Release */,
			);
			defaultConfigurationIsVisible = 0;
			defaultConfigurationName = Release;
		};
		9919155317DA7B2B005DA25C /* Build configuration list for PBXNativeTarget "whiteboardTests" */ = {
			isa = XCConfigurationList;
			buildConfigurations = (
				9919155417DA7B2B005DA25C /* Debug */,
				9919155517DA7B2B005DA25C /* Release */,
			);
			defaultConfigurationIsVisible = 0;
			defaultConfigurationName = Release;
		};
/* End XCConfigurationList section */
	};
	rootObject = 9919151617DA7B2A005DA25C /* Project object */;
}
