// !$*UTF8*$!
{
	archiveVersion = 1;
	classes = {
	};
	objectVersion = 46;
	objects = {

/* Begin PBXBuildFile section */
		991614C617DE58DC007FF6B5 /* ParseUser.m in Sources */ = {isa = PBXBuildFile; fileRef = 991614C517DE58DC007FF6B5 /* ParseUser.m */; };
		991614CA17DE813C007FF6B5 /* AudioToolbox.framework in Frameworks */ = {isa = PBXBuildFile; fileRef = 991614C917DE813C007FF6B5 /* AudioToolbox.framework */; };
		991614CC17DE8161007FF6B5 /* CFNetwork.framework in Frameworks */ = {isa = PBXBuildFile; fileRef = 991614CB17DE8161007FF6B5 /* CFNetwork.framework */; };
		991614CE17DE8172007FF6B5 /* CoreLocation.framework in Frameworks */ = {isa = PBXBuildFile; fileRef = 991614CD17DE8172007FF6B5 /* CoreLocation.framework */; };
		991614D017DE817F007FF6B5 /* libz.1.1.3.dylib in Frameworks */ = {isa = PBXBuildFile; fileRef = 991614CF17DE817F007FF6B5 /* libz.1.1.3.dylib */; };
		991614D217DE8188007FF6B5 /* MobileCoreServices.framework in Frameworks */ = {isa = PBXBuildFile; fileRef = 991614D117DE8188007FF6B5 /* MobileCoreServices.framework */; };
		991614D417DE818F007FF6B5 /* QuartzCore.framework in Frameworks */ = {isa = PBXBuildFile; fileRef = 991614D317DE818F007FF6B5 /* QuartzCore.framework */; };
		991614D617DE8198007FF6B5 /* Security.framework in Frameworks */ = {isa = PBXBuildFile; fileRef = 991614D517DE8198007FF6B5 /* Security.framework */; };
		991614D817DE81A1007FF6B5 /* StoreKit.framework in Frameworks */ = {isa = PBXBuildFile; fileRef = 991614D717DE81A1007FF6B5 /* StoreKit.framework */; };
		991614DA17DE81AB007FF6B5 /* SystemConfiguration.framework in Frameworks */ = {isa = PBXBuildFile; fileRef = 991614D917DE81AB007FF6B5 /* SystemConfiguration.framework */; };
		991614DC17DE82B4007FF6B5 /* Parse.framework in Frameworks */ = {isa = PBXBuildFile; fileRef = 991614DB17DE82B4007FF6B5 /* Parse.framework */; };
		9919152217DA7B2A005DA25C /* Foundation.framework in Frameworks */ = {isa = PBXBuildFile; fileRef = 9919152117DA7B2A005DA25C /* Foundation.framework */; };
		9919152417DA7B2A005DA25C /* CoreGraphics.framework in Frameworks */ = {isa = PBXBuildFile; fileRef = 9919152317DA7B2A005DA25C /* CoreGraphics.framework */; };
		9919152617DA7B2A005DA25C /* UIKit.framework in Frameworks */ = {isa = PBXBuildFile; fileRef = 9919152517DA7B2A005DA25C /* UIKit.framework */; };
		9919152C17DA7B2A005DA25C /* InfoPlist.strings in Resources */ = {isa = PBXBuildFile; fileRef = 9919152A17DA7B2A005DA25C /* InfoPlist.strings */; };
		9919152E17DA7B2A005DA25C /* main.m in Sources */ = {isa = PBXBuildFile; fileRef = 9919152D17DA7B2A005DA25C /* main.m */; };
		9919153217DA7B2A005DA25C /* AppDelegate.m in Sources */ = {isa = PBXBuildFile; fileRef = 9919153117DA7B2A005DA25C /* AppDelegate.m */; };
		9919153517DA7B2A005DA25C /* Main.storyboard in Resources */ = {isa = PBXBuildFile; fileRef = 9919153317DA7B2A005DA25C /* Main.storyboard */; };
		9919153A17DA7B2A005DA25C /* Images.xcassets in Resources */ = {isa = PBXBuildFile; fileRef = 9919153917DA7B2A005DA25C /* Images.xcassets */; };
		9919154117DA7B2A005DA25C /* XCTest.framework in Frameworks */ = {isa = PBXBuildFile; fileRef = 9919154017DA7B2A005DA25C /* XCTest.framework */; };
		9919154217DA7B2A005DA25C /* Foundation.framework in Frameworks */ = {isa = PBXBuildFile; fileRef = 9919152117DA7B2A005DA25C /* Foundation.framework */; };
		9919154317DA7B2A005DA25C /* UIKit.framework in Frameworks */ = {isa = PBXBuildFile; fileRef = 9919152517DA7B2A005DA25C /* UIKit.framework */; };
		9919154B17DA7B2B005DA25C /* InfoPlist.strings in Resources */ = {isa = PBXBuildFile; fileRef = 9919154917DA7B2B005DA25C /* InfoPlist.strings */; };
		9940D16817DF62F1008B2825 /* WBDatasourceTests.m in Sources */ = {isa = PBXBuildFile; fileRef = 9940D16717DF62F1008B2825 /* WBDatasourceTests.m */; };
		9940D16B17DF632A008B2825 /* WBDataSource.m in Sources */ = {isa = PBXBuildFile; fileRef = 9940D16A17DF632A008B2825 /* WBDataSource.m */; };
		9940D16E17DF660F008B2825 /* ParseDataSource.m in Sources */ = {isa = PBXBuildFile; fileRef = 9940D16D17DF660F008B2825 /* ParseDataSource.m */; };
		99D80C7117DE0EA200809322 /* UserImplementationTests.m in Sources */ = {isa = PBXBuildFile; fileRef = 99D80C7017DE0EA200809322 /* UserImplementationTests.m */; };
		99D80C7E17DE4FBF00809322 /* MyViewController.m in Sources */ = {isa = PBXBuildFile; fileRef = 99D80C7D17DE4FBF00809322 /* MyViewController.m */; };
		99D80C8117DE51F900809322 /* WBUserFactory.m in Sources */ = {isa = PBXBuildFile; fileRef = 99D80C8017DE51F900809322 /* WBUserFactory.m */; };
/* End PBXBuildFile section */

/* Begin PBXContainerItemProxy section */
		9919154417DA7B2A005DA25C /* PBXContainerItemProxy */ = {
			isa = PBXContainerItemProxy;
			containerPortal = 9919151617DA7B2A005DA25C /* Project object */;
			proxyType = 1;
			remoteGlobalIDString = 9919151D17DA7B2A005DA25C;
			remoteInfo = whiteboard;
		};
/* End PBXContainerItemProxy section */

/* Begin PBXFileReference section */
		991614C417DE58DC007FF6B5 /* ParseUser.h */ = {isa = PBXFileReference; fileEncoding = 4; lastKnownFileType = sourcecode.c.h; path = ParseUser.h; sourceTree = "<group>"; };
		991614C517DE58DC007FF6B5 /* ParseUser.m */ = {isa = PBXFileReference; fileEncoding = 4; lastKnownFileType = sourcecode.c.objc; path = ParseUser.m; sourceTree = "<group>"; };
		991614C917DE813C007FF6B5 /* AudioToolbox.framework */ = {isa = PBXFileReference; lastKnownFileType = wrapper.framework; name = AudioToolbox.framework; path = System/Library/Frameworks/AudioToolbox.framework; sourceTree = SDKROOT; };
		991614CB17DE8161007FF6B5 /* CFNetwork.framework */ = {isa = PBXFileReference; lastKnownFileType = wrapper.framework; name = CFNetwork.framework; path = System/Library/Frameworks/CFNetwork.framework; sourceTree = SDKROOT; };
		991614CD17DE8172007FF6B5 /* CoreLocation.framework */ = {isa = PBXFileReference; lastKnownFileType = wrapper.framework; name = CoreLocation.framework; path = System/Library/Frameworks/CoreLocation.framework; sourceTree = SDKROOT; };
		991614CF17DE817F007FF6B5 /* libz.1.1.3.dylib */ = {isa = PBXFileReference; lastKnownFileType = "compiled.mach-o.dylib"; name = libz.1.1.3.dylib; path = usr/lib/libz.1.1.3.dylib; sourceTree = SDKROOT; };
		991614D117DE8188007FF6B5 /* MobileCoreServices.framework */ = {isa = PBXFileReference; lastKnownFileType = wrapper.framework; name = MobileCoreServices.framework; path = System/Library/Frameworks/MobileCoreServices.framework; sourceTree = SDKROOT; };
		991614D317DE818F007FF6B5 /* QuartzCore.framework */ = {isa = PBXFileReference; lastKnownFileType = wrapper.framework; name = QuartzCore.framework; path = System/Library/Frameworks/QuartzCore.framework; sourceTree = SDKROOT; };
		991614D517DE8198007FF6B5 /* Security.framework */ = {isa = PBXFileReference; lastKnownFileType = wrapper.framework; name = Security.framework; path = System/Library/Frameworks/Security.framework; sourceTree = SDKROOT; };
		991614D717DE81A1007FF6B5 /* StoreKit.framework */ = {isa = PBXFileReference; lastKnownFileType = wrapper.framework; name = StoreKit.framework; path = System/Library/Frameworks/StoreKit.framework; sourceTree = SDKROOT; };
		991614D917DE81AB007FF6B5 /* SystemConfiguration.framework */ = {isa = PBXFileReference; lastKnownFileType = wrapper.framework; name = SystemConfiguration.framework; path = System/Library/Frameworks/SystemConfiguration.framework; sourceTree = SDKROOT; };
		991614DB17DE82B4007FF6B5 /* Parse.framework */ = {isa = PBXFileReference; lastKnownFileType = wrapper.framework; path = Parse.framework; sourceTree = "<group>"; };
		9919151E17DA7B2A005DA25C /* whiteboard.app */ = {isa = PBXFileReference; explicitFileType = wrapper.application; includeInIndex = 0; path = whiteboard.app; sourceTree = BUILT_PRODUCTS_DIR; };
		9919152117DA7B2A005DA25C /* Foundation.framework */ = {isa = PBXFileReference; lastKnownFileType = wrapper.framework; name = Foundation.framework; path = System/Library/Frameworks/Foundation.framework; sourceTree = SDKROOT; };
		9919152317DA7B2A005DA25C /* CoreGraphics.framework */ = {isa = PBXFileReference; lastKnownFileType = wrapper.framework; name = CoreGraphics.framework; path = System/Library/Frameworks/CoreGraphics.framework; sourceTree = SDKROOT; };
		9919152517DA7B2A005DA25C /* UIKit.framework */ = {isa = PBXFileReference; lastKnownFileType = wrapper.framework; name = UIKit.framework; path = System/Library/Frameworks/UIKit.framework; sourceTree = SDKROOT; };
		9919152917DA7B2A005DA25C /* whiteboard-Info.plist */ = {isa = PBXFileReference; lastKnownFileType = text.plist.xml; path = "whiteboard-Info.plist"; sourceTree = "<group>"; };
		9919152B17DA7B2A005DA25C /* en */ = {isa = PBXFileReference; lastKnownFileType = text.plist.strings; name = en; path = en.lproj/InfoPlist.strings; sourceTree = "<group>"; };
		9919152D17DA7B2A005DA25C /* main.m */ = {isa = PBXFileReference; lastKnownFileType = sourcecode.c.objc; path = main.m; sourceTree = "<group>"; };
		9919152F17DA7B2A005DA25C /* whiteboard-Prefix.pch */ = {isa = PBXFileReference; lastKnownFileType = sourcecode.c.h; path = "whiteboard-Prefix.pch"; sourceTree = "<group>"; };
		9919153017DA7B2A005DA25C /* AppDelegate.h */ = {isa = PBXFileReference; lastKnownFileType = sourcecode.c.h; path = AppDelegate.h; sourceTree = "<group>"; };
		9919153117DA7B2A005DA25C /* AppDelegate.m */ = {isa = PBXFileReference; lastKnownFileType = sourcecode.c.objc; path = AppDelegate.m; sourceTree = "<group>"; };
		9919153417DA7B2A005DA25C /* Base */ = {isa = PBXFileReference; lastKnownFileType = file.storyboard; name = Base; path = Base.lproj/Main.storyboard; sourceTree = "<group>"; };
		9919153917DA7B2A005DA25C /* Images.xcassets */ = {isa = PBXFileReference; lastKnownFileType = folder.assetcatalog; path = Images.xcassets; sourceTree = "<group>"; };
		9919153F17DA7B2A005DA25C /* whiteboardTests.xctest */ = {isa = PBXFileReference; explicitFileType = wrapper.cfbundle; includeInIndex = 0; path = whiteboardTests.xctest; sourceTree = BUILT_PRODUCTS_DIR; };
		9919154017DA7B2A005DA25C /* XCTest.framework */ = {isa = PBXFileReference; lastKnownFileType = wrapper.framework; name = XCTest.framework; path = Library/Frameworks/XCTest.framework; sourceTree = DEVELOPER_DIR; };
		9919154817DA7B2B005DA25C /* whiteboardTests-Info.plist */ = {isa = PBXFileReference; lastKnownFileType = text.plist.xml; path = "whiteboardTests-Info.plist"; sourceTree = "<group>"; };
		9919154A17DA7B2B005DA25C /* en */ = {isa = PBXFileReference; lastKnownFileType = text.plist.strings; name = en; path = en.lproj/InfoPlist.strings; sourceTree = "<group>"; };
		9940D16717DF62F1008B2825 /* WBDatasourceTests.m */ = {isa = PBXFileReference; fileEncoding = 4; lastKnownFileType = sourcecode.c.objc; path = WBDatasourceTests.m; sourceTree = "<group>"; };
		9940D16917DF632A008B2825 /* WBDataSource.h */ = {isa = PBXFileReference; fileEncoding = 4; lastKnownFileType = sourcecode.c.h; path = WBDataSource.h; sourceTree = "<group>"; };
		9940D16A17DF632A008B2825 /* WBDataSource.m */ = {isa = PBXFileReference; fileEncoding = 4; lastKnownFileType = sourcecode.c.objc; path = WBDataSource.m; sourceTree = "<group>"; };
		9940D16C17DF660F008B2825 /* ParseDataSource.h */ = {isa = PBXFileReference; fileEncoding = 4; lastKnownFileType = sourcecode.c.h; path = ParseDataSource.h; sourceTree = "<group>"; };
		9940D16D17DF660F008B2825 /* ParseDataSource.m */ = {isa = PBXFileReference; fileEncoding = 4; lastKnownFileType = sourcecode.c.objc; path = ParseDataSource.m; sourceTree = "<group>"; };
		99D80C7017DE0EA200809322 /* UserImplementationTests.m */ = {isa = PBXFileReference; fileEncoding = 4; lastKnownFileType = sourcecode.c.objc; path = UserImplementationTests.m; sourceTree = "<group>"; };
		99D80C7217DE0F9900809322 /* WBUser.h */ = {isa = PBXFileReference; fileEncoding = 4; lastKnownFileType = sourcecode.c.h; path = WBUser.h; sourceTree = "<group>"; };
		99D80C7C17DE4FBF00809322 /* MyViewController.h */ = {isa = PBXFileReference; fileEncoding = 4; lastKnownFileType = sourcecode.c.h; path = MyViewController.h; sourceTree = "<group>"; };
		99D80C7D17DE4FBF00809322 /* MyViewController.m */ = {isa = PBXFileReference; fileEncoding = 4; lastKnownFileType = sourcecode.c.objc; path = MyViewController.m; sourceTree = "<group>"; };
		99D80C7F17DE51F800809322 /* WBUserFactory.h */ = {isa = PBXFileReference; fileEncoding = 4; lastKnownFileType = sourcecode.c.h; path = WBUserFactory.h; sourceTree = "<group>"; };
		99D80C8017DE51F900809322 /* WBUserFactory.m */ = {isa = PBXFileReference; fileEncoding = 4; lastKnownFileType = sourcecode.c.objc; path = WBUserFactory.m; sourceTree = "<group>"; };
/* End PBXFileReference section */

/* Begin PBXFrameworksBuildPhase section */
		9919151B17DA7B2A005DA25C /* Frameworks */ = {
			isa = PBXFrameworksBuildPhase;
			buildActionMask = 2147483647;
			files = (
				991614DA17DE81AB007FF6B5 /* SystemConfiguration.framework in Frameworks */,
				991614D817DE81A1007FF6B5 /* StoreKit.framework in Frameworks */,
				991614D617DE8198007FF6B5 /* Security.framework in Frameworks */,
				991614D417DE818F007FF6B5 /* QuartzCore.framework in Frameworks */,
				991614D217DE8188007FF6B5 /* MobileCoreServices.framework in Frameworks */,
				991614D017DE817F007FF6B5 /* libz.1.1.3.dylib in Frameworks */,
				991614DC17DE82B4007FF6B5 /* Parse.framework in Frameworks */,
				991614CE17DE8172007FF6B5 /* CoreLocation.framework in Frameworks */,
				9919152417DA7B2A005DA25C /* CoreGraphics.framework in Frameworks */,
				991614CC17DE8161007FF6B5 /* CFNetwork.framework in Frameworks */,
				991614CA17DE813C007FF6B5 /* AudioToolbox.framework in Frameworks */,
				9919152617DA7B2A005DA25C /* UIKit.framework in Frameworks */,
				9919152217DA7B2A005DA25C /* Foundation.framework in Frameworks */,
			);
			runOnlyForDeploymentPostprocessing = 0;
		};
		9919153C17DA7B2A005DA25C /* Frameworks */ = {
			isa = PBXFrameworksBuildPhase;
			buildActionMask = 2147483647;
			files = (
				9919154117DA7B2A005DA25C /* XCTest.framework in Frameworks */,
				9919154317DA7B2A005DA25C /* UIKit.framework in Frameworks */,
				9919154217DA7B2A005DA25C /* Foundation.framework in Frameworks */,
			);
			runOnlyForDeploymentPostprocessing = 0;
		};
/* End PBXFrameworksBuildPhase section */

/* Begin PBXGroup section */
		9919151517DA7B2A005DA25C = {
			isa = PBXGroup;
			children = (
				9919152717DA7B2A005DA25C /* whiteboard */,
				9919154617DA7B2A005DA25C /* whiteboardTests */,
				9919152017DA7B2A005DA25C /* Frameworks */,
				9919151F17DA7B2A005DA25C /* Products */,
			);
			sourceTree = "<group>";
		};
		9919151F17DA7B2A005DA25C /* Products */ = {
			isa = PBXGroup;
			children = (
				9919151E17DA7B2A005DA25C /* whiteboard.app */,
				9919153F17DA7B2A005DA25C /* whiteboardTests.xctest */,
			);
			name = Products;
			sourceTree = "<group>";
		};
		9919152017DA7B2A005DA25C /* Frameworks */ = {
			isa = PBXGroup;
			children = (
				991614DB17DE82B4007FF6B5 /* Parse.framework */,
				991614D917DE81AB007FF6B5 /* SystemConfiguration.framework */,
				991614D717DE81A1007FF6B5 /* StoreKit.framework */,
				991614D517DE8198007FF6B5 /* Security.framework */,
				991614D317DE818F007FF6B5 /* QuartzCore.framework */,
				991614D117DE8188007FF6B5 /* MobileCoreServices.framework */,
				991614CF17DE817F007FF6B5 /* libz.1.1.3.dylib */,
				991614CD17DE8172007FF6B5 /* CoreLocation.framework */,
				991614CB17DE8161007FF6B5 /* CFNetwork.framework */,
				991614C917DE813C007FF6B5 /* AudioToolbox.framework */,
				9919152117DA7B2A005DA25C /* Foundation.framework */,
				9919152317DA7B2A005DA25C /* CoreGraphics.framework */,
				9919152517DA7B2A005DA25C /* UIKit.framework */,
				9919154017DA7B2A005DA25C /* XCTest.framework */,
			);
			name = Frameworks;
			sourceTree = "<group>";
		};
		9919152717DA7B2A005DA25C /* whiteboard */ = {
			isa = PBXGroup;
			children = (
				9919153317DA7B2A005DA25C /* Main.storyboard */,
				9919153017DA7B2A005DA25C /* AppDelegate.h */,
				9919153117DA7B2A005DA25C /* AppDelegate.m */,
				9940D16C17DF660F008B2825 /* ParseDataSource.h */,
				9940D16D17DF660F008B2825 /* ParseDataSource.m */,
				99D80C7217DE0F9900809322 /* WBUser.h */,
				9940D16917DF632A008B2825 /* WBDataSource.h */,
				9940D16A17DF632A008B2825 /* WBDataSource.m */,
				991614C417DE58DC007FF6B5 /* ParseUser.h */,
				991614C517DE58DC007FF6B5 /* ParseUser.m */,
				99D80C7F17DE51F800809322 /* WBUserFactory.h */,
				99D80C8017DE51F900809322 /* WBUserFactory.m */,
				99D80C7C17DE4FBF00809322 /* MyViewController.h */,
				99D80C7D17DE4FBF00809322 /* MyViewController.m */,
				9919153917DA7B2A005DA25C /* Images.xcassets */,
				9919152817DA7B2A005DA25C /* Supporting Files */,
			);
			path = whiteboard;
			sourceTree = "<group>";
		};
		9919152817DA7B2A005DA25C /* Supporting Files */ = {
			isa = PBXGroup;
			children = (
				9919152917DA7B2A005DA25C /* whiteboard-Info.plist */,
				9919152A17DA7B2A005DA25C /* InfoPlist.strings */,
				9919152D17DA7B2A005DA25C /* main.m */,
				9919152F17DA7B2A005DA25C /* whiteboard-Prefix.pch */,
			);
			name = "Supporting Files";
			sourceTree = "<group>";
		};
		9919154617DA7B2A005DA25C /* whiteboardTests */ = {
			isa = PBXGroup;
			children = (
				99D80C7017DE0EA200809322 /* UserImplementationTests.m */,
				9940D16717DF62F1008B2825 /* WBDatasourceTests.m */,
				9919154717DA7B2B005DA25C /* Supporting Files */,
			);
			path = whiteboardTests;
			sourceTree = "<group>";
		};
		9919154717DA7B2B005DA25C /* Supporting Files */ = {
			isa = PBXGroup;
			children = (
				9919154817DA7B2B005DA25C /* whiteboardTests-Info.plist */,
				9919154917DA7B2B005DA25C /* InfoPlist.strings */,
			);
			name = "Supporting Files";
			sourceTree = "<group>";
		};
/* End PBXGroup section */

/* Begin PBXNativeTarget section */
		9919151D17DA7B2A005DA25C /* whiteboard */ = {
			isa = PBXNativeTarget;
			buildConfigurationList = 9919155017DA7B2B005DA25C /* Build configuration list for PBXNativeTarget "whiteboard" */;
			buildPhases = (
				9919151A17DA7B2A005DA25C /* Sources */,
				9919151B17DA7B2A005DA25C /* Frameworks */,
				9919151C17DA7B2A005DA25C /* Resources */,
			);
			buildRules = (
			);
			dependencies = (
			);
			name = whiteboard;
			productName = whiteboard;
			productReference = 9919151E17DA7B2A005DA25C /* whiteboard.app */;
			productType = "com.apple.product-type.application";
		};
		9919153E17DA7B2A005DA25C /* whiteboardTests */ = {
			isa = PBXNativeTarget;
			buildConfigurationList = 9919155317DA7B2B005DA25C /* Build configuration list for PBXNativeTarget "whiteboardTests" */;
			buildPhases = (
				9919153B17DA7B2A005DA25C /* Sources */,
				9919153C17DA7B2A005DA25C /* Frameworks */,
				9919153D17DA7B2A005DA25C /* Resources */,
			);
			buildRules = (
			);
			dependencies = (
				9919154517DA7B2A005DA25C /* PBXTargetDependency */,
			);
			name = whiteboardTests;
			productName = whiteboardTests;
			productReference = 9919153F17DA7B2A005DA25C /* whiteboardTests.xctest */;
			productType = "com.apple.product-type.bundle.unit-test";
		};
/* End PBXNativeTarget section */

/* Begin PBXProject section */
		9919151617DA7B2A005DA25C /* Project object */ = {
			isa = PBXProject;
			attributes = {
				CLASSPREFIX = WB;
				LastUpgradeCheck = 0500;
				ORGANIZATIONNAME = Fueled;
				TargetAttributes = {
					9919153E17DA7B2A005DA25C = {
						TestTargetID = 9919151D17DA7B2A005DA25C;
					};
				};
			};
			buildConfigurationList = 9919151917DA7B2A005DA25C /* Build configuration list for PBXProject "whiteboard" */;
			compatibilityVersion = "Xcode 3.2";
			developmentRegion = English;
			hasScannedForEncodings = 0;
			knownRegions = (
				en,
				Base,
			);
			mainGroup = 9919151517DA7B2A005DA25C;
			productRefGroup = 9919151F17DA7B2A005DA25C /* Products */;
			projectDirPath = "";
			projectRoot = "";
			targets = (
				9919151D17DA7B2A005DA25C /* whiteboard */,
				9919153E17DA7B2A005DA25C /* whiteboardTests */,
			);
		};
/* End PBXProject section */

/* Begin PBXResourcesBuildPhase section */
		9919151C17DA7B2A005DA25C /* Resources */ = {
			isa = PBXResourcesBuildPhase;
			buildActionMask = 2147483647;
			files = (
				9919153A17DA7B2A005DA25C /* Images.xcassets in Resources */,
				9919152C17DA7B2A005DA25C /* InfoPlist.strings in Resources */,
				9919153517DA7B2A005DA25C /* Main.storyboard in Resources */,
			);
			runOnlyForDeploymentPostprocessing = 0;
		};
		9919153D17DA7B2A005DA25C /* Resources */ = {
			isa = PBXResourcesBuildPhase;
			buildActionMask = 2147483647;
			files = (
				9919154B17DA7B2B005DA25C /* InfoPlist.strings in Resources */,
			);
			runOnlyForDeploymentPostprocessing = 0;
		};
/* End PBXResourcesBuildPhase section */

/* Begin PBXSourcesBuildPhase section */
		9919151A17DA7B2A005DA25C /* Sources */ = {
			isa = PBXSourcesBuildPhase;
			buildActionMask = 2147483647;
			files = (
				9919153217DA7B2A005DA25C /* AppDelegate.m in Sources */,
				9940D16B17DF632A008B2825 /* WBDataSource.m in Sources */,
				9940D16E17DF660F008B2825 /* ParseDataSource.m in Sources */,
				99D80C7E17DE4FBF00809322 /* MyViewController.m in Sources */,
				991614C617DE58DC007FF6B5 /* ParseUser.m in Sources */,
				99D80C8117DE51F900809322 /* WBUserFactory.m in Sources */,
				9919152E17DA7B2A005DA25C /* main.m in Sources */,
			);
			runOnlyForDeploymentPostprocessing = 0;
		};
		9919153B17DA7B2A005DA25C /* Sources */ = {
			isa = PBXSourcesBuildPhase;
			buildActionMask = 2147483647;
			files = (
				99D80C7117DE0EA200809322 /* UserImplementationTests.m in Sources */,
				9940D16817DF62F1008B2825 /* WBDatasourceTests.m in Sources */,
			);
			runOnlyForDeploymentPostprocessing = 0;
		};
/* End PBXSourcesBuildPhase section */

/* Begin PBXTargetDependency section */
		9919154517DA7B2A005DA25C /* PBXTargetDependency */ = {
			isa = PBXTargetDependency;
			target = 9919151D17DA7B2A005DA25C /* whiteboard */;
			targetProxy = 9919154417DA7B2A005DA25C /* PBXContainerItemProxy */;
		};
/* End PBXTargetDependency section */

/* Begin PBXVariantGroup section */
		9919152A17DA7B2A005DA25C /* InfoPlist.strings */ = {
			isa = PBXVariantGroup;
			children = (
				9919152B17DA7B2A005DA25C /* en */,
			);
			name = InfoPlist.strings;
			sourceTree = "<group>";
		};
		9919153317DA7B2A005DA25C /* Main.storyboard */ = {
			isa = PBXVariantGroup;
			children = (
				9919153417DA7B2A005DA25C /* Base */,
			);
			name = Main.storyboard;
			sourceTree = "<group>";
		};
		9919154917DA7B2B005DA25C /* InfoPlist.strings */ = {
			isa = PBXVariantGroup;
			children = (
				9919154A17DA7B2B005DA25C /* en */,
			);
			name = InfoPlist.strings;
			sourceTree = "<group>";
		};
/* End PBXVariantGroup section */

/* Begin XCBuildConfiguration section */
		9919154E17DA7B2B005DA25C /* Debug */ = {
			isa = XCBuildConfiguration;
			buildSettings = {
				ALWAYS_SEARCH_USER_PATHS = NO;
				CLANG_CXX_LANGUAGE_STANDARD = "gnu++0x";
				CLANG_CXX_LIBRARY = "libc++";
				CLANG_ENABLE_MODULES = YES;
				CLANG_ENABLE_OBJC_ARC = YES;
				CLANG_WARN_BOOL_CONVERSION = YES;
				CLANG_WARN_CONSTANT_CONVERSION = YES;
				CLANG_WARN_DIRECT_OBJC_ISA_USAGE = YES_ERROR;
				CLANG_WARN_EMPTY_BODY = YES;
				CLANG_WARN_ENUM_CONVERSION = YES;
				CLANG_WARN_INT_CONVERSION = YES;
				CLANG_WARN_OBJC_ROOT_CLASS = YES_ERROR;
				CLANG_WARN__DUPLICATE_METHOD_MATCH = YES;
				"CODE_SIGN_IDENTITY[sdk=iphoneos*]" = "iPhone Developer";
				COPY_PHASE_STRIP = NO;
				GCC_C_LANGUAGE_STANDARD = gnu99;
				GCC_DYNAMIC_NO_PIC = NO;
				GCC_OPTIMIZATION_LEVEL = 0;
				GCC_PREPROCESSOR_DEFINITIONS = (
					"DEBUG=1",
					"$(inherited)",
				);
				GCC_SYMBOLS_PRIVATE_EXTERN = NO;
				GCC_WARN_ABOUT_RETURN_TYPE = YES_ERROR;
				GCC_WARN_UNDECLARED_SELECTOR = YES;
				GCC_WARN_UNINITIALIZED_AUTOS = YES;
				GCC_WARN_UNUSED_FUNCTION = YES;
				GCC_WARN_UNUSED_VARIABLE = YES;
				IPHONEOS_DEPLOYMENT_TARGET = 7.0;
				ONLY_ACTIVE_ARCH = YES;
				SDKROOT = iphoneos;
			};
			name = Debug;
		};
		9919154F17DA7B2B005DA25C /* Release */ = {
			isa = XCBuildConfiguration;
			buildSettings = {
				ALWAYS_SEARCH_USER_PATHS = NO;
				CLANG_CXX_LANGUAGE_STANDARD = "gnu++0x";
				CLANG_CXX_LIBRARY = "libc++";
				CLANG_ENABLE_MODULES = YES;
				CLANG_ENABLE_OBJC_ARC = YES;
				CLANG_WARN_BOOL_CONVERSION = YES;
				CLANG_WARN_CONSTANT_CONVERSION = YES;
				CLANG_WARN_DIRECT_OBJC_ISA_USAGE = YES_ERROR;
				CLANG_WARN_EMPTY_BODY = YES;
				CLANG_WARN_ENUM_CONVERSION = YES;
				CLANG_WARN_INT_CONVERSION = YES;
				CLANG_WARN_OBJC_ROOT_CLASS = YES_ERROR;
				CLANG_WARN__DUPLICATE_METHOD_MATCH = YES;
				"CODE_SIGN_IDENTITY[sdk=iphoneos*]" = "iPhone Developer";
				COPY_PHASE_STRIP = YES;
				ENABLE_NS_ASSERTIONS = NO;
				GCC_C_LANGUAGE_STANDARD = gnu99;
				GCC_WARN_ABOUT_RETURN_TYPE = YES_ERROR;
				GCC_WARN_UNDECLARED_SELECTOR = YES;
				GCC_WARN_UNINITIALIZED_AUTOS = YES;
				GCC_WARN_UNUSED_FUNCTION = YES;
				GCC_WARN_UNUSED_VARIABLE = YES;
				IPHONEOS_DEPLOYMENT_TARGET = 7.0;
				SDKROOT = iphoneos;
				VALIDATE_PRODUCT = YES;
			};
			name = Release;
		};
		9919155117DA7B2B005DA25C /* Debug */ = {
			isa = XCBuildConfiguration;
			buildSettings = {
				ASSETCATALOG_COMPILER_APPICON_NAME = AppIcon;
				ASSETCATALOG_COMPILER_LAUNCHIMAGE_NAME = LaunchImage;
				FRAMEWORK_SEARCH_PATHS = (
					"$(inherited)",
					$SRCROOT,
				);
				GCC_PRECOMPILE_PREFIX_HEADER = YES;
				GCC_PREFIX_HEADER = "whiteboard/whiteboard-Prefix.pch";
				INFOPLIST_FILE = "whiteboard/whiteboard-Info.plist";
				PRODUCT_NAME = "$(TARGET_NAME)";
				WRAPPER_EXTENSION = app;
			};
			name = Debug;
		};
		9919155217DA7B2B005DA25C /* Release */ = {
			isa = XCBuildConfiguration;
			buildSettings = {
				ASSETCATALOG_COMPILER_APPICON_NAME = AppIcon;
				ASSETCATALOG_COMPILER_LAUNCHIMAGE_NAME = LaunchImage;
				FRAMEWORK_SEARCH_PATHS = (
					"$(inherited)",
					$SRCROOT,
				);
				GCC_PRECOMPILE_PREFIX_HEADER = YES;
				GCC_PREFIX_HEADER = "whiteboard/whiteboard-Prefix.pch";
				INFOPLIST_FILE = "whiteboard/whiteboard-Info.plist";
				PRODUCT_NAME = "$(TARGET_NAME)";
				WRAPPER_EXTENSION = app;
			};
			name = Release;
		};
		9919155417DA7B2B005DA25C /* Debug */ = {
			isa = XCBuildConfiguration;
			buildSettings = {
				BUNDLE_LOADER = "$(BUILT_PRODUCTS_DIR)/whiteboard.app/whiteboard";
				FRAMEWORK_SEARCH_PATHS = (
					"$(SDKROOT)/Developer/Library/Frameworks",
					"$(inherited)",
					"$(DEVELOPER_FRAMEWORKS_DIR)",
				);
				GCC_PRECOMPILE_PREFIX_HEADER = YES;
				GCC_PREFIX_HEADER = "whiteboard/whiteboard-Prefix.pch";
				GCC_PREPROCESSOR_DEFINITIONS = (
					"DEBUG=1",
					"$(inherited)",
				);
				INFOPLIST_FILE = "whiteboardTests/whiteboardTests-Info.plist";
				PRODUCT_NAME = "$(TARGET_NAME)";
				TEST_HOST = "$(BUNDLE_LOADER)";
				WRAPPER_EXTENSION = xctest;
			};
			name = Debug;
		};
		9919155517DA7B2B005DA25C /* Release */ = {
			isa = XCBuildConfiguration;
			buildSettings = {
				BUNDLE_LOADER = "$(BUILT_PRODUCTS_DIR)/whiteboard.app/whiteboard";
				FRAMEWORK_SEARCH_PATHS = (
					"$(SDKROOT)/Developer/Library/Frameworks",
					"$(inherited)",
					"$(DEVELOPER_FRAMEWORKS_DIR)",
				);
				GCC_PRECOMPILE_PREFIX_HEADER = YES;
				GCC_PREFIX_HEADER = "whiteboard/whiteboard-Prefix.pch";
				INFOPLIST_FILE = "whiteboardTests/whiteboardTests-Info.plist";
				PRODUCT_NAME = "$(TARGET_NAME)";
				TEST_HOST = "$(BUNDLE_LOADER)";
				WRAPPER_EXTENSION = xctest;
			};
			name = Release;
		};
/* End XCBuildConfiguration section */

/* Begin XCConfigurationList section */
		9919151917DA7B2A005DA25C /* Build configuration list for PBXProject "whiteboard" */ = {
			isa = XCConfigurationList;
			buildConfigurations = (
				9919154E17DA7B2B005DA25C /* Debug */,
				9919154F17DA7B2B005DA25C /* Release */,
			);
			defaultConfigurationIsVisible = 0;
			defaultConfigurationName = Release;
		};
		9919155017DA7B2B005DA25C /* Build configuration list for PBXNativeTarget "whiteboard" */ = {
			isa = XCConfigurationList;
			buildConfigurations = (
				9919155117DA7B2B005DA25C /* Debug */,
				9919155217DA7B2B005DA25C /* Release */,
			);
			defaultConfigurationIsVisible = 0;
			defaultConfigurationName = Release;
		};
		9919155317DA7B2B005DA25C /* Build configuration list for PBXNativeTarget "whiteboardTests" */ = {
			isa = XCConfigurationList;
			buildConfigurations = (
				9919155417DA7B2B005DA25C /* Debug */,
				9919155517DA7B2B005DA25C /* Release */,
			);
			defaultConfigurationIsVisible = 0;
			defaultConfigurationName = Release;
		};
/* End XCConfigurationList section */
	};
	rootObject = 9919151617DA7B2A005DA25C /* Project object */;
}
