// !$*UTF8*$!
{
	archiveVersion = 1;
	classes = {
	};
	objectVersion = 46;
	objects = {

/* Begin PBXBuildFile section */
		991614CA17DE813C007FF6B5 /* AudioToolbox.framework in Frameworks */ = {isa = PBXBuildFile; fileRef = 991614C917DE813C007FF6B5 /* AudioToolbox.framework */; };
		991614CC17DE8161007FF6B5 /* CFNetwork.framework in Frameworks */ = {isa = PBXBuildFile; fileRef = 991614CB17DE8161007FF6B5 /* CFNetwork.framework */; };
		991614CE17DE8172007FF6B5 /* CoreLocation.framework in Frameworks */ = {isa = PBXBuildFile; fileRef = 991614CD17DE8172007FF6B5 /* CoreLocation.framework */; };
		991614D017DE817F007FF6B5 /* libz.1.1.3.dylib in Frameworks */ = {isa = PBXBuildFile; fileRef = 991614CF17DE817F007FF6B5 /* libz.1.1.3.dylib */; };
		991614D217DE8188007FF6B5 /* MobileCoreServices.framework in Frameworks */ = {isa = PBXBuildFile; fileRef = 991614D117DE8188007FF6B5 /* MobileCoreServices.framework */; };
		991614D417DE818F007FF6B5 /* QuartzCore.framework in Frameworks */ = {isa = PBXBuildFile; fileRef = 991614D317DE818F007FF6B5 /* QuartzCore.framework */; };
		991614D617DE8198007FF6B5 /* Security.framework in Frameworks */ = {isa = PBXBuildFile; fileRef = 991614D517DE8198007FF6B5 /* Security.framework */; };
		991614D817DE81A1007FF6B5 /* StoreKit.framework in Frameworks */ = {isa = PBXBuildFile; fileRef = 991614D717DE81A1007FF6B5 /* StoreKit.framework */; };
		991614DA17DE81AB007FF6B5 /* SystemConfiguration.framework in Frameworks */ = {isa = PBXBuildFile; fileRef = 991614D917DE81AB007FF6B5 /* SystemConfiguration.framework */; };
		991614DC17DE82B4007FF6B5 /* Parse.framework in Frameworks */ = {isa = PBXBuildFile; fileRef = 991614DB17DE82B4007FF6B5 /* Parse.framework */; };
		9919152217DA7B2A005DA25C /* Foundation.framework in Frameworks */ = {isa = PBXBuildFile; fileRef = 9919152117DA7B2A005DA25C /* Foundation.framework */; };
		9919152417DA7B2A005DA25C /* CoreGraphics.framework in Frameworks */ = {isa = PBXBuildFile; fileRef = 9919152317DA7B2A005DA25C /* CoreGraphics.framework */; };
		9919152617DA7B2A005DA25C /* UIKit.framework in Frameworks */ = {isa = PBXBuildFile; fileRef = 9919152517DA7B2A005DA25C /* UIKit.framework */; };
		9919154117DA7B2A005DA25C /* XCTest.framework in Frameworks */ = {isa = PBXBuildFile; fileRef = 9919154017DA7B2A005DA25C /* XCTest.framework */; };
		9919154217DA7B2A005DA25C /* Foundation.framework in Frameworks */ = {isa = PBXBuildFile; fileRef = 9919152117DA7B2A005DA25C /* Foundation.framework */; };
		9919154317DA7B2A005DA25C /* UIKit.framework in Frameworks */ = {isa = PBXBuildFile; fileRef = 9919152517DA7B2A005DA25C /* UIKit.framework */; };
		9919154B17DA7B2B005DA25C /* InfoPlist.strings in Resources */ = {isa = PBXBuildFile; fileRef = 9919154917DA7B2B005DA25C /* InfoPlist.strings */; };
		9940AE5C1807502B008881EB /* ActivityViewController.m in Sources */ = {isa = PBXBuildFile; fileRef = 9940ADED1807502B008881EB /* ActivityViewController.m */; };
		9940AE5D1807502B008881EB /* ActivityViewController.xib in Resources */ = {isa = PBXBuildFile; fileRef = 9940ADEE1807502B008881EB /* ActivityViewController.xib */; };
		9940AE5E1807502B008881EB /* AppDelegate.m in Sources */ = {isa = PBXBuildFile; fileRef = 9940ADF01807502B008881EB /* AppDelegate.m */; };
		9940AE5F1807502B008881EB /* InfoPlist.strings in Resources */ = {isa = PBXBuildFile; fileRef = 9940ADF11807502B008881EB /* InfoPlist.strings */; };
		9940AE601807502B008881EB /* MainFeedViewController.m in Sources */ = {isa = PBXBuildFile; fileRef = 9940ADF51807502B008881EB /* MainFeedViewController.m */; };
		9940AE611807502B008881EB /* MainFeedViewController.xib in Resources */ = {isa = PBXBuildFile; fileRef = 9940ADF61807502B008881EB /* MainFeedViewController.xib */; };
		9940AE621807502B008881EB /* WBPhotoTimelineViewController.m in Sources */ = {isa = PBXBuildFile; fileRef = 9940ADF81807502B008881EB /* WBPhotoTimelineViewController.m */; };
		9940AE631807502B008881EB /* WBFindFriendsViewController.m in Sources */ = {isa = PBXBuildFile; fileRef = 9940ADFB1807502B008881EB /* WBFindFriendsViewController.m */; };
		9940AE641807502B008881EB /* EmailValidator.m in Sources */ = {isa = PBXBuildFile; fileRef = 9940ADFE1807502B008881EB /* EmailValidator.m */; };
		9940AE651807502B008881EB /* KeyboardAnimationView.m in Sources */ = {isa = PBXBuildFile; fileRef = 9940AE001807502B008881EB /* KeyboardAnimationView.m */; };
		9940AE661807502B008881EB /* NSNotification+Keyboard.m in Sources */ = {isa = PBXBuildFile; fileRef = 9940AE021807502B008881EB /* NSNotification+Keyboard.m */; };
		9940AE671807502B008881EB /* UIColor+Hex.m in Sources */ = {isa = PBXBuildFile; fileRef = 9940AE041807502B008881EB /* UIColor+Hex.m */; };
		9940AE681807502B008881EB /* UIImageView+RoundedCorners.m in Sources */ = {isa = PBXBuildFile; fileRef = 9940AE061807502B008881EB /* UIImageView+RoundedCorners.m */; };
		9940AE691807502B008881EB /* UIImageView+SLImageLoader.m in Sources */ = {isa = PBXBuildFile; fileRef = 9940AE081807502B008881EB /* UIImageView+SLImageLoader.m */; };
		9940AE6A1807502B008881EB /* UIImageView+WBImageLoader.m in Sources */ = {isa = PBXBuildFile; fileRef = 9940AE0A1807502B008881EB /* UIImageView+WBImageLoader.m */; };
		9940AE6B1807502B008881EB /* Images.xcassets in Resources */ = {isa = PBXBuildFile; fileRef = 9940AE0B1807502B008881EB /* Images.xcassets */; };
		9940AE6C1807502B008881EB /* WBLoginViewController.m in Sources */ = {isa = PBXBuildFile; fileRef = 9940AE0E1807502B008881EB /* WBLoginViewController.m */; };
		9940AE6D1807502B008881EB /* WBLoginViewController.xib in Resources */ = {isa = PBXBuildFile; fileRef = 9940AE0F1807502B008881EB /* WBLoginViewController.xib */; };
		9940AE6E1807502B008881EB /* main.m in Sources */ = {isa = PBXBuildFile; fileRef = 9940AE101807502B008881EB /* main.m */; };
		9940AE6F1807502B008881EB /* mainpage.dox in Resources */ = {isa = PBXBuildFile; fileRef = 9940AE111807502B008881EB /* mainpage.dox */; };
		9940AE701807502B008881EB /* MainWindow.xib in Resources */ = {isa = PBXBuildFile; fileRef = 9940AE121807502B008881EB /* MainWindow.xib */; };
		9940AE711807502B008881EB /* WBNavigationController.m in Sources */ = {isa = PBXBuildFile; fileRef = 9940AE151807502B008881EB /* WBNavigationController.m */; };
		9940AE721807502B008881EB /* WBPhotoDetailsViewController.m in Sources */ = {isa = PBXBuildFile; fileRef = 9940AE181807502B008881EB /* WBPhotoDetailsViewController.m */; };
		9940AE731807502B008881EB /* WBPhotoDetailsViewController.xib in Resources */ = {isa = PBXBuildFile; fileRef = 9940AE191807502B008881EB /* WBPhotoDetailsViewController.xib */; };
		9940AE741807502B008881EB /* ProfileViewController.m in Sources */ = {isa = PBXBuildFile; fileRef = 9940AE1C1807502B008881EB /* ProfileViewController.m */; };
		9940AE751807502B008881EB /* ProfileViewController.xib in Resources */ = {isa = PBXBuildFile; fileRef = 9940AE1D1807502B008881EB /* ProfileViewController.xib */; };
		9940AE761807502B008881EB /* WBSignupViewController.m in Sources */ = {isa = PBXBuildFile; fileRef = 9940AE201807502B008881EB /* WBSignupViewController.m */; };
		9940AE771807502B008881EB /* WBSignupViewController.xib in Resources */ = {isa = PBXBuildFile; fileRef = 9940AE211807502B008881EB /* WBSignupViewController.xib */; };
		9940AE781807502B008881EB /* Localizable.strings in Resources */ = {isa = PBXBuildFile; fileRef = 9940AE231807502B008881EB /* Localizable.strings */; };
		9940AE791807502B008881EB /* ParseConfiguration.plist in Resources */ = {isa = PBXBuildFile; fileRef = 9940AE241807502B008881EB /* ParseConfiguration.plist */; };
		9940AE7A1807502B008881EB /* Settings.bundle in Resources */ = {isa = PBXBuildFile; fileRef = 9940AE251807502B008881EB /* Settings.bundle */; };
		9940AE7B1807502B008881EB /* WBAnypic-Info.plist in Resources */ = {isa = PBXBuildFile; fileRef = 9940AE261807502B008881EB /* WBAnypic-Info.plist */; };
		9940AE7C1807502B008881EB /* WBTabBarController.m in Sources */ = {isa = PBXBuildFile; fileRef = 9940AE291807502B008881EB /* WBTabBarController.m */; };
		9940AE7D1807502B008881EB /* WBTheme.m in Sources */ = {isa = PBXBuildFile; fileRef = 9940AE2C1807502B008881EB /* WBTheme.m */; };
		9940AE7E1807502B008881EB /* MainFeedCell.m in Sources */ = {isa = PBXBuildFile; fileRef = 9940AE2F1807502B008881EB /* MainFeedCell.m */; };
		9940AE7F1807502B008881EB /* MainFeedCell.xib in Resources */ = {isa = PBXBuildFile; fileRef = 9940AE301807502B008881EB /* MainFeedCell.xib */; };
		9940AE801807502B008881EB /* WBActivityCell.m in Sources */ = {isa = PBXBuildFile; fileRef = 9940AE321807502B008881EB /* WBActivityCell.m */; };
		9940AE811807502B008881EB /* WBActivityCell.xib in Resources */ = {isa = PBXBuildFile; fileRef = 9940AE331807502B008881EB /* WBActivityCell.xib */; };
		9940AE821807502B008881EB /* WBFriendCell.m in Sources */ = {isa = PBXBuildFile; fileRef = 9940AE351807502B008881EB /* WBFriendCell.m */; };
		9940AE831807502B008881EB /* WBFriendCell.xib in Resources */ = {isa = PBXBuildFile; fileRef = 9940AE361807502B008881EB /* WBFriendCell.xib */; };
		9940AE841807502B008881EB /* WBInviteFriendsCell.m in Sources */ = {isa = PBXBuildFile; fileRef = 9940AE381807502B008881EB /* WBInviteFriendsCell.m */; };
		9940AE851807502B008881EB /* WBInviteFriendsCell.xib in Resources */ = {isa = PBXBuildFile; fileRef = 9940AE391807502B008881EB /* WBInviteFriendsCell.xib */; };
		9940AE861807502B008881EB /* WBLoadMoreCell.m in Sources */ = {isa = PBXBuildFile; fileRef = 9940AE3B1807502B008881EB /* WBLoadMoreCell.m */; };
		9940AE871807502B008881EB /* WBLoadMoreCell.xib in Resources */ = {isa = PBXBuildFile; fileRef = 9940AE3C1807502B008881EB /* WBLoadMoreCell.xib */; };
		9940AE881807502B008881EB /* WBPhotoDetailsCell.m in Sources */ = {isa = PBXBuildFile; fileRef = 9940AE3E1807502B008881EB /* WBPhotoDetailsCell.m */; };
		9940AE891807502B008881EB /* WBPhotoDetailsCellAddComment.m in Sources */ = {isa = PBXBuildFile; fileRef = 9940AE401807502B008881EB /* WBPhotoDetailsCellAddComment.m */; };
		9940AE8A1807502B008881EB /* WBPhotoDetailsCellAddComment.xib in Resources */ = {isa = PBXBuildFile; fileRef = 9940AE411807502B008881EB /* WBPhotoDetailsCellAddComment.xib */; };
		9940AE8B1807502B008881EB /* WBPhotoDetailsCellComment.m in Sources */ = {isa = PBXBuildFile; fileRef = 9940AE431807502B008881EB /* WBPhotoDetailsCellComment.m */; };
		9940AE8C1807502B008881EB /* WBPhotoDetailsCellComment.xib in Resources */ = {isa = PBXBuildFile; fileRef = 9940AE441807502B008881EB /* WBPhotoDetailsCellComment.xib */; };
		9940AE8D1807502B008881EB /* WBPhotoDetailsCellLikes.m in Sources */ = {isa = PBXBuildFile; fileRef = 9940AE461807502B008881EB /* WBPhotoDetailsCellLikes.m */; };
		9940AE8E1807502B008881EB /* WBPhotoDetailsCellLikes.xib in Resources */ = {isa = PBXBuildFile; fileRef = 9940AE471807502B008881EB /* WBPhotoDetailsCellLikes.xib */; };
		9940AE8F1807502B008881EB /* WBPhotoDetailsCellPhoto.m in Sources */ = {isa = PBXBuildFile; fileRef = 9940AE491807502B008881EB /* WBPhotoDetailsCellPhoto.m */; };
		9940AE901807502B008881EB /* WBPhotoDetailsCellPhoto.xib in Resources */ = {isa = PBXBuildFile; fileRef = 9940AE4A1807502B008881EB /* WBPhotoDetailsCellPhoto.xib */; };
		9940AE911807502B008881EB /* WBPhotoTimelineCell.m in Sources */ = {isa = PBXBuildFile; fileRef = 9940AE4C1807502B008881EB /* WBPhotoTimelineCell.m */; };
		9940AE921807502B008881EB /* WBPhotoTimelineCell.xib in Resources */ = {isa = PBXBuildFile; fileRef = 9940AE4D1807502B008881EB /* WBPhotoTimelineCell.xib */; };
		9940AE931807502B008881EB /* WBPhotoTimelineSectionHeaderButton.m in Sources */ = {isa = PBXBuildFile; fileRef = 9940AE4F1807502B008881EB /* WBPhotoTimelineSectionHeaderButton.m */; };
		9940AE941807502B008881EB /* WBPhotoTimelineSectionHeaderView.m in Sources */ = {isa = PBXBuildFile; fileRef = 9940AE511807502B008881EB /* WBPhotoTimelineSectionHeaderView.m */; };
		9940AE951807502B008881EB /* WBPhotoTimelineSectionHeaderView.xib in Resources */ = {isa = PBXBuildFile; fileRef = 9940AE521807502B008881EB /* WBPhotoTimelineSectionHeaderView.xib */; };
		9940AE961807502B008881EB /* WBProfileHeaderView.m in Sources */ = {isa = PBXBuildFile; fileRef = 9940AE541807502B008881EB /* WBProfileHeaderView.m */; };
		9940AE971807502B008881EB /* WBProfileHeaderView.xib in Resources */ = {isa = PBXBuildFile; fileRef = 9940AE551807502B008881EB /* WBProfileHeaderView.xib */; };
		9940AE981807502B008881EB /* WBPhoto+Utils.m in Sources */ = {isa = PBXBuildFile; fileRef = 9940AE581807502B008881EB /* WBPhoto+Utils.m */; };
		9940AE991807502B008881EB /* WBTheme.plist in Resources */ = {isa = PBXBuildFile; fileRef = 9940AE591807502B008881EB /* WBTheme.plist */; };
		9940AE9A1807502B008881EB /* WBViewController.m in Sources */ = {isa = PBXBuildFile; fileRef = 9940AE5B1807502B008881EB /* WBViewController.m */; };
		9940D16817DF62F1008B2825 /* WBDatasourceTests.m in Sources */ = {isa = PBXBuildFile; fileRef = 9940D16717DF62F1008B2825 /* WBDatasourceTests.m */; };
		9986F2EA1806F99E00A93A82 /* libWhiteboard.a in Frameworks */ = {isa = PBXBuildFile; fileRef = 9986F2E51806F96400A93A82 /* libWhiteboard.a */; };
		BED03EC117EB9ABE00EEEACC /* AddressBookUI.framework in Frameworks */ = {isa = PBXBuildFile; fileRef = BED03EC017EB9ABE00EEEACC /* AddressBookUI.framework */; };
		BED03EC317EB9AD500EEEACC /* AddressBook.framework in Frameworks */ = {isa = PBXBuildFile; fileRef = BED03EC217EB9AD500EEEACC /* AddressBook.framework */; };
		BED03EC517EB9ADC00EEEACC /* MessageUI.framework in Frameworks */ = {isa = PBXBuildFile; fileRef = BED03EC417EB9ADC00EEEACC /* MessageUI.framework */; };
/* End PBXBuildFile section */

/* Begin PBXContainerItemProxy section */
		9919154417DA7B2A005DA25C /* PBXContainerItemProxy */ = {
			isa = PBXContainerItemProxy;
			containerPortal = 9919151617DA7B2A005DA25C /* Project object */;
			proxyType = 1;
			remoteGlobalIDString = 9919151D17DA7B2A005DA25C;
			remoteInfo = whiteboard;
		};
		9986F2E41806F96400A93A82 /* PBXContainerItemProxy */ = {
			isa = PBXContainerItemProxy;
			containerPortal = 9986F2DE1806F96400A93A82 /* Whiteboard.xcodeproj */;
			proxyType = 2;
			remoteGlobalIDString = 99CF79F9180353210095500B;
			remoteInfo = Whiteboard;
		};
		9986F2E61806F96400A93A82 /* PBXContainerItemProxy */ = {
			isa = PBXContainerItemProxy;
			containerPortal = 9986F2DE1806F96400A93A82 /* Whiteboard.xcodeproj */;
			proxyType = 2;
			remoteGlobalIDString = 99CF7A09180353220095500B;
			remoteInfo = WhiteboardTests;
		};
		9986F2E81806F97300A93A82 /* PBXContainerItemProxy */ = {
			isa = PBXContainerItemProxy;
			containerPortal = 9986F2DE1806F96400A93A82 /* Whiteboard.xcodeproj */;
			proxyType = 1;
			remoteGlobalIDString = 99CF79F8180353210095500B;
			remoteInfo = Whiteboard;
		};
/* End PBXContainerItemProxy section */

/* Begin PBXFileReference section */
		991614C917DE813C007FF6B5 /* AudioToolbox.framework */ = {isa = PBXFileReference; lastKnownFileType = wrapper.framework; name = AudioToolbox.framework; path = System/Library/Frameworks/AudioToolbox.framework; sourceTree = SDKROOT; };
		991614CB17DE8161007FF6B5 /* CFNetwork.framework */ = {isa = PBXFileReference; lastKnownFileType = wrapper.framework; name = CFNetwork.framework; path = System/Library/Frameworks/CFNetwork.framework; sourceTree = SDKROOT; };
		991614CD17DE8172007FF6B5 /* CoreLocation.framework */ = {isa = PBXFileReference; lastKnownFileType = wrapper.framework; name = CoreLocation.framework; path = System/Library/Frameworks/CoreLocation.framework; sourceTree = SDKROOT; };
		991614CF17DE817F007FF6B5 /* libz.1.1.3.dylib */ = {isa = PBXFileReference; lastKnownFileType = "compiled.mach-o.dylib"; name = libz.1.1.3.dylib; path = usr/lib/libz.1.1.3.dylib; sourceTree = SDKROOT; };
		991614D117DE8188007FF6B5 /* MobileCoreServices.framework */ = {isa = PBXFileReference; lastKnownFileType = wrapper.framework; name = MobileCoreServices.framework; path = System/Library/Frameworks/MobileCoreServices.framework; sourceTree = SDKROOT; };
		991614D317DE818F007FF6B5 /* QuartzCore.framework */ = {isa = PBXFileReference; lastKnownFileType = wrapper.framework; name = QuartzCore.framework; path = System/Library/Frameworks/QuartzCore.framework; sourceTree = SDKROOT; };
		991614D517DE8198007FF6B5 /* Security.framework */ = {isa = PBXFileReference; lastKnownFileType = wrapper.framework; name = Security.framework; path = System/Library/Frameworks/Security.framework; sourceTree = SDKROOT; };
		991614D717DE81A1007FF6B5 /* StoreKit.framework */ = {isa = PBXFileReference; lastKnownFileType = wrapper.framework; name = StoreKit.framework; path = System/Library/Frameworks/StoreKit.framework; sourceTree = SDKROOT; };
		991614D917DE81AB007FF6B5 /* SystemConfiguration.framework */ = {isa = PBXFileReference; lastKnownFileType = wrapper.framework; name = SystemConfiguration.framework; path = System/Library/Frameworks/SystemConfiguration.framework; sourceTree = SDKROOT; };
		991614DB17DE82B4007FF6B5 /* Parse.framework */ = {isa = PBXFileReference; lastKnownFileType = wrapper.framework; path = Parse.framework; sourceTree = "<group>"; };
		9919151E17DA7B2A005DA25C /* WBAnypic.app */ = {isa = PBXFileReference; explicitFileType = wrapper.application; includeInIndex = 0; path = WBAnypic.app; sourceTree = BUILT_PRODUCTS_DIR; };
		9919152117DA7B2A005DA25C /* Foundation.framework */ = {isa = PBXFileReference; lastKnownFileType = wrapper.framework; name = Foundation.framework; path = System/Library/Frameworks/Foundation.framework; sourceTree = SDKROOT; };
		9919152317DA7B2A005DA25C /* CoreGraphics.framework */ = {isa = PBXFileReference; lastKnownFileType = wrapper.framework; name = CoreGraphics.framework; path = System/Library/Frameworks/CoreGraphics.framework; sourceTree = SDKROOT; };
		9919152517DA7B2A005DA25C /* UIKit.framework */ = {isa = PBXFileReference; lastKnownFileType = wrapper.framework; name = UIKit.framework; path = System/Library/Frameworks/UIKit.framework; sourceTree = SDKROOT; };
		9919153F17DA7B2A005DA25C /* WBAnypicTests.xctest */ = {isa = PBXFileReference; explicitFileType = wrapper.cfbundle; includeInIndex = 0; path = WBAnypicTests.xctest; sourceTree = BUILT_PRODUCTS_DIR; };
		9919154017DA7B2A005DA25C /* XCTest.framework */ = {isa = PBXFileReference; lastKnownFileType = wrapper.framework; name = XCTest.framework; path = Library/Frameworks/XCTest.framework; sourceTree = DEVELOPER_DIR; };
		9919154817DA7B2B005DA25C /* WBAnypicTests-Info.plist */ = {isa = PBXFileReference; lastKnownFileType = text.plist.xml; path = "WBAnypicTests-Info.plist"; sourceTree = "<group>"; };
		9919154A17DA7B2B005DA25C /* en */ = {isa = PBXFileReference; lastKnownFileType = text.plist.strings; name = en; path = en.lproj/InfoPlist.strings; sourceTree = "<group>"; };
		9940ADEC1807502B008881EB /* ActivityViewController.h */ = {isa = PBXFileReference; fileEncoding = 4; lastKnownFileType = sourcecode.c.h; path = ActivityViewController.h; sourceTree = "<group>"; };
		9940ADED1807502B008881EB /* ActivityViewController.m */ = {isa = PBXFileReference; fileEncoding = 4; lastKnownFileType = sourcecode.c.objc; path = ActivityViewController.m; sourceTree = "<group>"; };
		9940ADEE1807502B008881EB /* ActivityViewController.xib */ = {isa = PBXFileReference; fileEncoding = 4; lastKnownFileType = file.xib; path = ActivityViewController.xib; sourceTree = "<group>"; };
		9940ADEF1807502B008881EB /* AppDelegate.h */ = {isa = PBXFileReference; fileEncoding = 4; lastKnownFileType = sourcecode.c.h; path = AppDelegate.h; sourceTree = "<group>"; };
		9940ADF01807502B008881EB /* AppDelegate.m */ = {isa = PBXFileReference; fileEncoding = 4; lastKnownFileType = sourcecode.c.objc; path = AppDelegate.m; sourceTree = "<group>"; };
		9940ADF21807502B008881EB /* en */ = {isa = PBXFileReference; lastKnownFileType = text.plist.strings; name = en; path = en.lproj/InfoPlist.strings; sourceTree = "<group>"; };
		9940ADF41807502B008881EB /* MainFeedViewController.h */ = {isa = PBXFileReference; fileEncoding = 4; lastKnownFileType = sourcecode.c.h; path = MainFeedViewController.h; sourceTree = "<group>"; };
		9940ADF51807502B008881EB /* MainFeedViewController.m */ = {isa = PBXFileReference; fileEncoding = 4; lastKnownFileType = sourcecode.c.objc; path = MainFeedViewController.m; sourceTree = "<group>"; };
		9940ADF61807502B008881EB /* MainFeedViewController.xib */ = {isa = PBXFileReference; fileEncoding = 4; lastKnownFileType = file.xib; path = MainFeedViewController.xib; sourceTree = "<group>"; };
		9940ADF71807502B008881EB /* WBPhotoTimelineViewController.h */ = {isa = PBXFileReference; fileEncoding = 4; lastKnownFileType = sourcecode.c.h; path = WBPhotoTimelineViewController.h; sourceTree = "<group>"; };
		9940ADF81807502B008881EB /* WBPhotoTimelineViewController.m */ = {isa = PBXFileReference; fileEncoding = 4; lastKnownFileType = sourcecode.c.objc; path = WBPhotoTimelineViewController.m; sourceTree = "<group>"; };
		9940ADFA1807502B008881EB /* WBFindFriendsViewController.h */ = {isa = PBXFileReference; fileEncoding = 4; lastKnownFileType = sourcecode.c.h; path = WBFindFriendsViewController.h; sourceTree = "<group>"; };
		9940ADFB1807502B008881EB /* WBFindFriendsViewController.m */ = {isa = PBXFileReference; fileEncoding = 4; lastKnownFileType = sourcecode.c.objc; path = WBFindFriendsViewController.m; sourceTree = "<group>"; };
		9940ADFD1807502B008881EB /* EmailValidator.h */ = {isa = PBXFileReference; fileEncoding = 4; lastKnownFileType = sourcecode.c.h; path = EmailValidator.h; sourceTree = "<group>"; };
		9940ADFE1807502B008881EB /* EmailValidator.m */ = {isa = PBXFileReference; fileEncoding = 4; lastKnownFileType = sourcecode.c.objc; path = EmailValidator.m; sourceTree = "<group>"; };
		9940ADFF1807502B008881EB /* KeyboardAnimationView.h */ = {isa = PBXFileReference; fileEncoding = 4; lastKnownFileType = sourcecode.c.h; path = KeyboardAnimationView.h; sourceTree = "<group>"; };
		9940AE001807502B008881EB /* KeyboardAnimationView.m */ = {isa = PBXFileReference; fileEncoding = 4; lastKnownFileType = sourcecode.c.objc; path = KeyboardAnimationView.m; sourceTree = "<group>"; };
		9940AE011807502B008881EB /* NSNotification+Keyboard.h */ = {isa = PBXFileReference; fileEncoding = 4; lastKnownFileType = sourcecode.c.h; path = "NSNotification+Keyboard.h"; sourceTree = "<group>"; };
		9940AE021807502B008881EB /* NSNotification+Keyboard.m */ = {isa = PBXFileReference; fileEncoding = 4; lastKnownFileType = sourcecode.c.objc; path = "NSNotification+Keyboard.m"; sourceTree = "<group>"; };
		9940AE031807502B008881EB /* UIColor+Hex.h */ = {isa = PBXFileReference; fileEncoding = 4; lastKnownFileType = sourcecode.c.h; path = "UIColor+Hex.h"; sourceTree = "<group>"; };
		9940AE041807502B008881EB /* UIColor+Hex.m */ = {isa = PBXFileReference; fileEncoding = 4; lastKnownFileType = sourcecode.c.objc; path = "UIColor+Hex.m"; sourceTree = "<group>"; };
		9940AE051807502B008881EB /* UIImageView+RoundedCorners.h */ = {isa = PBXFileReference; fileEncoding = 4; lastKnownFileType = sourcecode.c.h; path = "UIImageView+RoundedCorners.h"; sourceTree = "<group>"; };
		9940AE061807502B008881EB /* UIImageView+RoundedCorners.m */ = {isa = PBXFileReference; fileEncoding = 4; lastKnownFileType = sourcecode.c.objc; path = "UIImageView+RoundedCorners.m"; sourceTree = "<group>"; };
		9940AE071807502B008881EB /* UIImageView+SLImageLoader.h */ = {isa = PBXFileReference; fileEncoding = 4; lastKnownFileType = sourcecode.c.h; path = "UIImageView+SLImageLoader.h"; sourceTree = "<group>"; };
		9940AE081807502B008881EB /* UIImageView+SLImageLoader.m */ = {isa = PBXFileReference; fileEncoding = 4; lastKnownFileType = sourcecode.c.objc; path = "UIImageView+SLImageLoader.m"; sourceTree = "<group>"; };
		9940AE091807502B008881EB /* UIImageView+WBImageLoader.h */ = {isa = PBXFileReference; fileEncoding = 4; lastKnownFileType = sourcecode.c.h; path = "UIImageView+WBImageLoader.h"; sourceTree = "<group>"; };
		9940AE0A1807502B008881EB /* UIImageView+WBImageLoader.m */ = {isa = PBXFileReference; fileEncoding = 4; lastKnownFileType = sourcecode.c.objc; path = "UIImageView+WBImageLoader.m"; sourceTree = "<group>"; };
		9940AE0B1807502B008881EB /* Images.xcassets */ = {isa = PBXFileReference; lastKnownFileType = folder.assetcatalog; path = Images.xcassets; sourceTree = "<group>"; };
		9940AE0D1807502B008881EB /* WBLoginViewController.h */ = {isa = PBXFileReference; fileEncoding = 4; lastKnownFileType = sourcecode.c.h; path = WBLoginViewController.h; sourceTree = "<group>"; };
		9940AE0E1807502B008881EB /* WBLoginViewController.m */ = {isa = PBXFileReference; fileEncoding = 4; lastKnownFileType = sourcecode.c.objc; path = WBLoginViewController.m; sourceTree = "<group>"; };
		9940AE0F1807502B008881EB /* WBLoginViewController.xib */ = {isa = PBXFileReference; fileEncoding = 4; lastKnownFileType = file.xib; path = WBLoginViewController.xib; sourceTree = "<group>"; };
		9940AE101807502B008881EB /* main.m */ = {isa = PBXFileReference; fileEncoding = 4; lastKnownFileType = sourcecode.c.objc; path = main.m; sourceTree = "<group>"; };
		9940AE111807502B008881EB /* mainpage.dox */ = {isa = PBXFileReference; fileEncoding = 4; lastKnownFileType = text; path = mainpage.dox; sourceTree = "<group>"; };
		9940AE121807502B008881EB /* MainWindow.xib */ = {isa = PBXFileReference; fileEncoding = 4; lastKnownFileType = file.xib; path = MainWindow.xib; sourceTree = "<group>"; };
		9940AE141807502B008881EB /* WBNavigationController.h */ = {isa = PBXFileReference; fileEncoding = 4; lastKnownFileType = sourcecode.c.h; path = WBNavigationController.h; sourceTree = "<group>"; };
		9940AE151807502B008881EB /* WBNavigationController.m */ = {isa = PBXFileReference; fileEncoding = 4; lastKnownFileType = sourcecode.c.objc; path = WBNavigationController.m; sourceTree = "<group>"; };
		9940AE171807502B008881EB /* WBPhotoDetailsViewController.h */ = {isa = PBXFileReference; fileEncoding = 4; lastKnownFileType = sourcecode.c.h; path = WBPhotoDetailsViewController.h; sourceTree = "<group>"; };
		9940AE181807502B008881EB /* WBPhotoDetailsViewController.m */ = {isa = PBXFileReference; fileEncoding = 4; lastKnownFileType = sourcecode.c.objc; path = WBPhotoDetailsViewController.m; sourceTree = "<group>"; };
		9940AE191807502B008881EB /* WBPhotoDetailsViewController.xib */ = {isa = PBXFileReference; fileEncoding = 4; lastKnownFileType = file.xib; path = WBPhotoDetailsViewController.xib; sourceTree = "<group>"; };
		9940AE1B1807502B008881EB /* ProfileViewController.h */ = {isa = PBXFileReference; fileEncoding = 4; lastKnownFileType = sourcecode.c.h; path = ProfileViewController.h; sourceTree = "<group>"; };
		9940AE1C1807502B008881EB /* ProfileViewController.m */ = {isa = PBXFileReference; fileEncoding = 4; lastKnownFileType = sourcecode.c.objc; path = ProfileViewController.m; sourceTree = "<group>"; };
		9940AE1D1807502B008881EB /* ProfileViewController.xib */ = {isa = PBXFileReference; fileEncoding = 4; lastKnownFileType = file.xib; path = ProfileViewController.xib; sourceTree = "<group>"; };
		9940AE1F1807502B008881EB /* WBSignupViewController.h */ = {isa = PBXFileReference; fileEncoding = 4; lastKnownFileType = sourcecode.c.h; path = WBSignupViewController.h; sourceTree = "<group>"; };
		9940AE201807502B008881EB /* WBSignupViewController.m */ = {isa = PBXFileReference; fileEncoding = 4; lastKnownFileType = sourcecode.c.objc; path = WBSignupViewController.m; sourceTree = "<group>"; };
		9940AE211807502B008881EB /* WBSignupViewController.xib */ = {isa = PBXFileReference; fileEncoding = 4; lastKnownFileType = file.xib; path = WBSignupViewController.xib; sourceTree = "<group>"; };
		9940AE231807502B008881EB /* Localizable.strings */ = {isa = PBXFileReference; fileEncoding = 4; lastKnownFileType = text.plist.strings; path = Localizable.strings; sourceTree = "<group>"; };
		9940AE241807502B008881EB /* ParseConfiguration.plist */ = {isa = PBXFileReference; fileEncoding = 4; lastKnownFileType = text.plist.xml; path = ParseConfiguration.plist; sourceTree = "<group>"; };
		9940AE251807502B008881EB /* Settings.bundle */ = {isa = PBXFileReference; lastKnownFileType = "wrapper.plug-in"; path = Settings.bundle; sourceTree = "<group>"; };
		9940AE261807502B008881EB /* WBAnypic-Info.plist */ = {isa = PBXFileReference; fileEncoding = 4; lastKnownFileType = text.plist.xml; path = "WBAnypic-Info.plist"; sourceTree = "<group>"; };
		9940AE281807502B008881EB /* WBTabBarController.h */ = {isa = PBXFileReference; fileEncoding = 4; lastKnownFileType = sourcecode.c.h; path = WBTabBarController.h; sourceTree = "<group>"; };
		9940AE291807502B008881EB /* WBTabBarController.m */ = {isa = PBXFileReference; fileEncoding = 4; lastKnownFileType = sourcecode.c.objc; path = WBTabBarController.m; sourceTree = "<group>"; };
		9940AE2B1807502B008881EB /* WBTheme.h */ = {isa = PBXFileReference; fileEncoding = 4; lastKnownFileType = sourcecode.c.h; path = WBTheme.h; sourceTree = "<group>"; };
		9940AE2C1807502B008881EB /* WBTheme.m */ = {isa = PBXFileReference; fileEncoding = 4; lastKnownFileType = sourcecode.c.objc; path = WBTheme.m; sourceTree = "<group>"; };
		9940AE2E1807502B008881EB /* MainFeedCell.h */ = {isa = PBXFileReference; fileEncoding = 4; lastKnownFileType = sourcecode.c.h; path = MainFeedCell.h; sourceTree = "<group>"; };
		9940AE2F1807502B008881EB /* MainFeedCell.m */ = {isa = PBXFileReference; fileEncoding = 4; lastKnownFileType = sourcecode.c.objc; path = MainFeedCell.m; sourceTree = "<group>"; };
		9940AE301807502B008881EB /* MainFeedCell.xib */ = {isa = PBXFileReference; fileEncoding = 4; lastKnownFileType = file.xib; path = MainFeedCell.xib; sourceTree = "<group>"; };
		9940AE311807502B008881EB /* WBActivityCell.h */ = {isa = PBXFileReference; fileEncoding = 4; lastKnownFileType = sourcecode.c.h; path = WBActivityCell.h; sourceTree = "<group>"; };
		9940AE321807502B008881EB /* WBActivityCell.m */ = {isa = PBXFileReference; fileEncoding = 4; lastKnownFileType = sourcecode.c.objc; path = WBActivityCell.m; sourceTree = "<group>"; };
		9940AE331807502B008881EB /* WBActivityCell.xib */ = {isa = PBXFileReference; fileEncoding = 4; lastKnownFileType = file.xib; path = WBActivityCell.xib; sourceTree = "<group>"; };
		9940AE341807502B008881EB /* WBFriendCell.h */ = {isa = PBXFileReference; fileEncoding = 4; lastKnownFileType = sourcecode.c.h; path = WBFriendCell.h; sourceTree = "<group>"; };
		9940AE351807502B008881EB /* WBFriendCell.m */ = {isa = PBXFileReference; fileEncoding = 4; lastKnownFileType = sourcecode.c.objc; path = WBFriendCell.m; sourceTree = "<group>"; };
		9940AE361807502B008881EB /* WBFriendCell.xib */ = {isa = PBXFileReference; fileEncoding = 4; lastKnownFileType = file.xib; path = WBFriendCell.xib; sourceTree = "<group>"; };
		9940AE371807502B008881EB /* WBInviteFriendsCell.h */ = {isa = PBXFileReference; fileEncoding = 4; lastKnownFileType = sourcecode.c.h; path = WBInviteFriendsCell.h; sourceTree = "<group>"; };
		9940AE381807502B008881EB /* WBInviteFriendsCell.m */ = {isa = PBXFileReference; fileEncoding = 4; lastKnownFileType = sourcecode.c.objc; path = WBInviteFriendsCell.m; sourceTree = "<group>"; };
		9940AE391807502B008881EB /* WBInviteFriendsCell.xib */ = {isa = PBXFileReference; fileEncoding = 4; lastKnownFileType = file.xib; path = WBInviteFriendsCell.xib; sourceTree = "<group>"; };
		9940AE3A1807502B008881EB /* WBLoadMoreCell.h */ = {isa = PBXFileReference; fileEncoding = 4; lastKnownFileType = sourcecode.c.h; path = WBLoadMoreCell.h; sourceTree = "<group>"; };
		9940AE3B1807502B008881EB /* WBLoadMoreCell.m */ = {isa = PBXFileReference; fileEncoding = 4; lastKnownFileType = sourcecode.c.objc; path = WBLoadMoreCell.m; sourceTree = "<group>"; };
		9940AE3C1807502B008881EB /* WBLoadMoreCell.xib */ = {isa = PBXFileReference; fileEncoding = 4; lastKnownFileType = file.xib; path = WBLoadMoreCell.xib; sourceTree = "<group>"; };
		9940AE3D1807502B008881EB /* WBPhotoDetailsCell.h */ = {isa = PBXFileReference; fileEncoding = 4; lastKnownFileType = sourcecode.c.h; path = WBPhotoDetailsCell.h; sourceTree = "<group>"; };
		9940AE3E1807502B008881EB /* WBPhotoDetailsCell.m */ = {isa = PBXFileReference; fileEncoding = 4; lastKnownFileType = sourcecode.c.objc; path = WBPhotoDetailsCell.m; sourceTree = "<group>"; };
		9940AE3F1807502B008881EB /* WBPhotoDetailsCellAddComment.h */ = {isa = PBXFileReference; fileEncoding = 4; lastKnownFileType = sourcecode.c.h; path = WBPhotoDetailsCellAddComment.h; sourceTree = "<group>"; };
		9940AE401807502B008881EB /* WBPhotoDetailsCellAddComment.m */ = {isa = PBXFileReference; fileEncoding = 4; lastKnownFileType = sourcecode.c.objc; path = WBPhotoDetailsCellAddComment.m; sourceTree = "<group>"; };
		9940AE411807502B008881EB /* WBPhotoDetailsCellAddComment.xib */ = {isa = PBXFileReference; fileEncoding = 4; lastKnownFileType = file.xib; path = WBPhotoDetailsCellAddComment.xib; sourceTree = "<group>"; };
		9940AE421807502B008881EB /* WBPhotoDetailsCellComment.h */ = {isa = PBXFileReference; fileEncoding = 4; lastKnownFileType = sourcecode.c.h; path = WBPhotoDetailsCellComment.h; sourceTree = "<group>"; };
		9940AE431807502B008881EB /* WBPhotoDetailsCellComment.m */ = {isa = PBXFileReference; fileEncoding = 4; lastKnownFileType = sourcecode.c.objc; path = WBPhotoDetailsCellComment.m; sourceTree = "<group>"; };
		9940AE441807502B008881EB /* WBPhotoDetailsCellComment.xib */ = {isa = PBXFileReference; fileEncoding = 4; lastKnownFileType = file.xib; path = WBPhotoDetailsCellComment.xib; sourceTree = "<group>"; };
		9940AE451807502B008881EB /* WBPhotoDetailsCellLikes.h */ = {isa = PBXFileReference; fileEncoding = 4; lastKnownFileType = sourcecode.c.h; path = WBPhotoDetailsCellLikes.h; sourceTree = "<group>"; };
		9940AE461807502B008881EB /* WBPhotoDetailsCellLikes.m */ = {isa = PBXFileReference; fileEncoding = 4; lastKnownFileType = sourcecode.c.objc; path = WBPhotoDetailsCellLikes.m; sourceTree = "<group>"; };
		9940AE471807502B008881EB /* WBPhotoDetailsCellLikes.xib */ = {isa = PBXFileReference; fileEncoding = 4; lastKnownFileType = file.xib; path = WBPhotoDetailsCellLikes.xib; sourceTree = "<group>"; };
		9940AE481807502B008881EB /* WBPhotoDetailsCellPhoto.h */ = {isa = PBXFileReference; fileEncoding = 4; lastKnownFileType = sourcecode.c.h; path = WBPhotoDetailsCellPhoto.h; sourceTree = "<group>"; };
		9940AE491807502B008881EB /* WBPhotoDetailsCellPhoto.m */ = {isa = PBXFileReference; fileEncoding = 4; lastKnownFileType = sourcecode.c.objc; path = WBPhotoDetailsCellPhoto.m; sourceTree = "<group>"; };
		9940AE4A1807502B008881EB /* WBPhotoDetailsCellPhoto.xib */ = {isa = PBXFileReference; fileEncoding = 4; lastKnownFileType = file.xib; path = WBPhotoDetailsCellPhoto.xib; sourceTree = "<group>"; };
		9940AE4B1807502B008881EB /* WBPhotoTimelineCell.h */ = {isa = PBXFileReference; fileEncoding = 4; lastKnownFileType = sourcecode.c.h; path = WBPhotoTimelineCell.h; sourceTree = "<group>"; };
		9940AE4C1807502B008881EB /* WBPhotoTimelineCell.m */ = {isa = PBXFileReference; fileEncoding = 4; lastKnownFileType = sourcecode.c.objc; path = WBPhotoTimelineCell.m; sourceTree = "<group>"; };
		9940AE4D1807502B008881EB /* WBPhotoTimelineCell.xib */ = {isa = PBXFileReference; fileEncoding = 4; lastKnownFileType = file.xib; path = WBPhotoTimelineCell.xib; sourceTree = "<group>"; };
		9940AE4E1807502B008881EB /* WBPhotoTimelineSectionHeaderButton.h */ = {isa = PBXFileReference; fileEncoding = 4; lastKnownFileType = sourcecode.c.h; path = WBPhotoTimelineSectionHeaderButton.h; sourceTree = "<group>"; };
		9940AE4F1807502B008881EB /* WBPhotoTimelineSectionHeaderButton.m */ = {isa = PBXFileReference; fileEncoding = 4; lastKnownFileType = sourcecode.c.objc; path = WBPhotoTimelineSectionHeaderButton.m; sourceTree = "<group>"; };
		9940AE501807502B008881EB /* WBPhotoTimelineSectionHeaderView.h */ = {isa = PBXFileReference; fileEncoding = 4; lastKnownFileType = sourcecode.c.h; path = WBPhotoTimelineSectionHeaderView.h; sourceTree = "<group>"; };
		9940AE511807502B008881EB /* WBPhotoTimelineSectionHeaderView.m */ = {isa = PBXFileReference; fileEncoding = 4; lastKnownFileType = sourcecode.c.objc; path = WBPhotoTimelineSectionHeaderView.m; sourceTree = "<group>"; };
		9940AE521807502B008881EB /* WBPhotoTimelineSectionHeaderView.xib */ = {isa = PBXFileReference; fileEncoding = 4; lastKnownFileType = file.xib; path = WBPhotoTimelineSectionHeaderView.xib; sourceTree = "<group>"; };
		9940AE531807502B008881EB /* WBProfileHeaderView.h */ = {isa = PBXFileReference; fileEncoding = 4; lastKnownFileType = sourcecode.c.h; path = WBProfileHeaderView.h; sourceTree = "<group>"; };
		9940AE541807502B008881EB /* WBProfileHeaderView.m */ = {isa = PBXFileReference; fileEncoding = 4; lastKnownFileType = sourcecode.c.objc; path = WBProfileHeaderView.m; sourceTree = "<group>"; };
		9940AE551807502B008881EB /* WBProfileHeaderView.xib */ = {isa = PBXFileReference; fileEncoding = 4; lastKnownFileType = file.xib; path = WBProfileHeaderView.xib; sourceTree = "<group>"; };
		9940AE561807502B008881EB /* WBAnypic-Prefix.pch */ = {isa = PBXFileReference; fileEncoding = 4; lastKnownFileType = sourcecode.c.h; path = "WBAnypic-Prefix.pch"; sourceTree = "<group>"; };
		9940AE571807502B008881EB /* WBPhoto+Utils.h */ = {isa = PBXFileReference; fileEncoding = 4; lastKnownFileType = sourcecode.c.h; path = "WBPhoto+Utils.h"; sourceTree = "<group>"; };
		9940AE581807502B008881EB /* WBPhoto+Utils.m */ = {isa = PBXFileReference; fileEncoding = 4; lastKnownFileType = sourcecode.c.objc; path = "WBPhoto+Utils.m"; sourceTree = "<group>"; };
		9940AE591807502B008881EB /* WBTheme.plist */ = {isa = PBXFileReference; fileEncoding = 4; lastKnownFileType = text.plist.xml; path = WBTheme.plist; sourceTree = "<group>"; };
		9940AE5A1807502B008881EB /* WBViewController.h */ = {isa = PBXFileReference; fileEncoding = 4; lastKnownFileType = sourcecode.c.h; path = WBViewController.h; sourceTree = "<group>"; };
		9940AE5B1807502B008881EB /* WBViewController.m */ = {isa = PBXFileReference; fileEncoding = 4; lastKnownFileType = sourcecode.c.objc; path = WBViewController.m; sourceTree = "<group>"; };
		9940D16717DF62F1008B2825 /* WBDatasourceTests.m */ = {isa = PBXFileReference; fileEncoding = 4; lastKnownFileType = sourcecode.c.objc; path = WBDatasourceTests.m; sourceTree = "<group>"; };
		9986F2DE1806F96400A93A82 /* Whiteboard.xcodeproj */ = {isa = PBXFileReference; lastKnownFileType = "wrapper.pb-project"; name = Whiteboard.xcodeproj; path = ../Whiteboard.xcodeproj; sourceTree = "<group>"; };
		BE1B3FCF17E395A9003494CD /* Accounts.framework */ = {isa = PBXFileReference; lastKnownFileType = wrapper.framework; name = Accounts.framework; path = System/Library/Frameworks/Accounts.framework; sourceTree = SDKROOT; };
		BED03EC017EB9ABE00EEEACC /* AddressBookUI.framework */ = {isa = PBXFileReference; lastKnownFileType = wrapper.framework; name = AddressBookUI.framework; path = System/Library/Frameworks/AddressBookUI.framework; sourceTree = SDKROOT; };
		BED03EC217EB9AD500EEEACC /* AddressBook.framework */ = {isa = PBXFileReference; lastKnownFileType = wrapper.framework; name = AddressBook.framework; path = System/Library/Frameworks/AddressBook.framework; sourceTree = SDKROOT; };
		BED03EC417EB9ADC00EEEACC /* MessageUI.framework */ = {isa = PBXFileReference; lastKnownFileType = wrapper.framework; name = MessageUI.framework; path = System/Library/Frameworks/MessageUI.framework; sourceTree = SDKROOT; };
/* End PBXFileReference section */

/* Begin PBXFrameworksBuildPhase section */
		9919151B17DA7B2A005DA25C /* Frameworks */ = {
			isa = PBXFrameworksBuildPhase;
			buildActionMask = 2147483647;
			files = (
				9986F2EA1806F99E00A93A82 /* libWhiteboard.a in Frameworks */,
				BED03EC517EB9ADC00EEEACC /* MessageUI.framework in Frameworks */,
				BED03EC317EB9AD500EEEACC /* AddressBook.framework in Frameworks */,
				BED03EC117EB9ABE00EEEACC /* AddressBookUI.framework in Frameworks */,
				991614DA17DE81AB007FF6B5 /* SystemConfiguration.framework in Frameworks */,
				991614D817DE81A1007FF6B5 /* StoreKit.framework in Frameworks */,
				991614D617DE8198007FF6B5 /* Security.framework in Frameworks */,
				991614D417DE818F007FF6B5 /* QuartzCore.framework in Frameworks */,
				991614D217DE8188007FF6B5 /* MobileCoreServices.framework in Frameworks */,
				991614D017DE817F007FF6B5 /* libz.1.1.3.dylib in Frameworks */,
				991614DC17DE82B4007FF6B5 /* Parse.framework in Frameworks */,
				991614CE17DE8172007FF6B5 /* CoreLocation.framework in Frameworks */,
				9919152417DA7B2A005DA25C /* CoreGraphics.framework in Frameworks */,
				991614CC17DE8161007FF6B5 /* CFNetwork.framework in Frameworks */,
				991614CA17DE813C007FF6B5 /* AudioToolbox.framework in Frameworks */,
				9919152617DA7B2A005DA25C /* UIKit.framework in Frameworks */,
				9919152217DA7B2A005DA25C /* Foundation.framework in Frameworks */,
			);
			runOnlyForDeploymentPostprocessing = 0;
		};
		9919153C17DA7B2A005DA25C /* Frameworks */ = {
			isa = PBXFrameworksBuildPhase;
			buildActionMask = 2147483647;
			files = (
				9919154117DA7B2A005DA25C /* XCTest.framework in Frameworks */,
				9919154317DA7B2A005DA25C /* UIKit.framework in Frameworks */,
				9919154217DA7B2A005DA25C /* Foundation.framework in Frameworks */,
			);
			runOnlyForDeploymentPostprocessing = 0;
		};
/* End PBXFrameworksBuildPhase section */

/* Begin PBXGroup section */
		9919151517DA7B2A005DA25C = {
			isa = PBXGroup;
			children = (
				9986F2DE1806F96400A93A82 /* Whiteboard.xcodeproj */,
				9940ADEA1807502B008881EB /* WBAnypic */,
				9919154617DA7B2A005DA25C /* whiteboardTests */,
				9919152017DA7B2A005DA25C /* Frameworks */,
				9919151F17DA7B2A005DA25C /* Products */,
			);
			sourceTree = "<group>";
		};
		9919151F17DA7B2A005DA25C /* Products */ = {
			isa = PBXGroup;
			children = (
				9919151E17DA7B2A005DA25C /* WBAnypic.app */,
				9919153F17DA7B2A005DA25C /* WBAnypicTests.xctest */,
			);
			name = Products;
			sourceTree = "<group>";
		};
		9919152017DA7B2A005DA25C /* Frameworks */ = {
			isa = PBXGroup;
			children = (
				BED03EC417EB9ADC00EEEACC /* MessageUI.framework */,
				BED03EC217EB9AD500EEEACC /* AddressBook.framework */,
				BED03EC017EB9ABE00EEEACC /* AddressBookUI.framework */,
				BE1B3FCF17E395A9003494CD /* Accounts.framework */,
				991614DB17DE82B4007FF6B5 /* Parse.framework */,
				991614D917DE81AB007FF6B5 /* SystemConfiguration.framework */,
				991614D717DE81A1007FF6B5 /* StoreKit.framework */,
				991614D517DE8198007FF6B5 /* Security.framework */,
				991614D317DE818F007FF6B5 /* QuartzCore.framework */,
				991614D117DE8188007FF6B5 /* MobileCoreServices.framework */,
				991614CF17DE817F007FF6B5 /* libz.1.1.3.dylib */,
				991614CD17DE8172007FF6B5 /* CoreLocation.framework */,
				991614CB17DE8161007FF6B5 /* CFNetwork.framework */,
				991614C917DE813C007FF6B5 /* AudioToolbox.framework */,
				9919152117DA7B2A005DA25C /* Foundation.framework */,
				9919152317DA7B2A005DA25C /* CoreGraphics.framework */,
				9919152517DA7B2A005DA25C /* UIKit.framework */,
				9919154017DA7B2A005DA25C /* XCTest.framework */,
			);
			name = Frameworks;
			sourceTree = "<group>";
		};
		9919154617DA7B2A005DA25C /* whiteboardTests */ = {
			isa = PBXGroup;
			children = (
				9940D16717DF62F1008B2825 /* WBDatasourceTests.m */,
				9919154717DA7B2B005DA25C /* Supporting Files */,
			);
			path = whiteboardTests;
			sourceTree = "<group>";
		};
		9919154717DA7B2B005DA25C /* Supporting Files */ = {
			isa = PBXGroup;
			children = (
				9919154817DA7B2B005DA25C /* WBAnypicTests-Info.plist */,
				9919154917DA7B2B005DA25C /* InfoPlist.strings */,
			);
			name = "Supporting Files";
			sourceTree = "<group>";
		};
		9940ADEA1807502B008881EB /* WBAnypic */ = {
			isa = PBXGroup;
			children = (
				9940AE561807502B008881EB /* WBAnypic-Prefix.pch */,
				9940AE101807502B008881EB /* main.m */,
				9940ADEF1807502B008881EB /* AppDelegate.h */,
				9940ADF01807502B008881EB /* AppDelegate.m */,
				9940AE1E1807502B008881EB /* Signup */,
				9940AE0C1807502B008881EB /* Login */,
				9940ADEB1807502B008881EB /* Activity */,
				9940ADF31807502B008881EB /* Feed */,
				9940AE1A1807502B008881EB /* Profile */,
				9940ADF91807502B008881EB /* Find Friends */,
				9940AE161807502B008881EB /* Photo Detail */,
				9940AE131807502B008881EB /* Navigation */,
				9940AE271807502B008881EB /* Tab Bar */,
				9940AE2A1807502B008881EB /* Theme */,
				9940AE2D1807502B008881EB /* Views */,
				9940ADFC1807502B008881EB /* Helpers */,
				9940AE571807502B008881EB /* WBPhoto+Utils.h */,
				9940AE581807502B008881EB /* WBPhoto+Utils.m */,
				9940AE5A1807502B008881EB /* WBViewController.h */,
				9940AE5B1807502B008881EB /* WBViewController.m */,
				9940AE0B1807502B008881EB /* Images.xcassets */,
				9940AE111807502B008881EB /* mainpage.dox */,
				9940AE121807502B008881EB /* MainWindow.xib */,
				9940AE591807502B008881EB /* WBTheme.plist */,
				9940ADF11807502B008881EB /* InfoPlist.strings */,
				9940AE221807502B008881EB /* Supporting Files */,
			);
			path = WBAnypic;
			sourceTree = "<group>";
		};
		9940ADEB1807502B008881EB /* Activity */ = {
			isa = PBXGroup;
			children = (
				9940ADEC1807502B008881EB /* ActivityViewController.h */,
				9940ADED1807502B008881EB /* ActivityViewController.m */,
				9940ADEE1807502B008881EB /* ActivityViewController.xib */,
			);
			path = Activity;
			sourceTree = "<group>";
		};
		9940ADF31807502B008881EB /* Feed */ = {
			isa = PBXGroup;
			children = (
				9940ADF41807502B008881EB /* MainFeedViewController.h */,
				9940ADF51807502B008881EB /* MainFeedViewController.m */,
				9940ADF61807502B008881EB /* MainFeedViewController.xib */,
				9940ADF71807502B008881EB /* WBPhotoTimelineViewController.h */,
				9940ADF81807502B008881EB /* WBPhotoTimelineViewController.m */,
			);
			path = Feed;
			sourceTree = "<group>";
		};
		9940ADF91807502B008881EB /* Find Friends */ = {
			isa = PBXGroup;
			children = (
				9940ADFA1807502B008881EB /* WBFindFriendsViewController.h */,
				9940ADFB1807502B008881EB /* WBFindFriendsViewController.m */,
			);
			path = "Find Friends";
			sourceTree = "<group>";
		};
		9940ADFC1807502B008881EB /* Helpers */ = {
			isa = PBXGroup;
			children = (
				9940ADFD1807502B008881EB /* EmailValidator.h */,
				9940ADFE1807502B008881EB /* EmailValidator.m */,
				9940ADFF1807502B008881EB /* KeyboardAnimationView.h */,
				9940AE001807502B008881EB /* KeyboardAnimationView.m */,
				9940AE011807502B008881EB /* NSNotification+Keyboard.h */,
				9940AE021807502B008881EB /* NSNotification+Keyboard.m */,
				9940AE031807502B008881EB /* UIColor+Hex.h */,
				9940AE041807502B008881EB /* UIColor+Hex.m */,
				9940AE051807502B008881EB /* UIImageView+RoundedCorners.h */,
				9940AE061807502B008881EB /* UIImageView+RoundedCorners.m */,
				9940AE071807502B008881EB /* UIImageView+SLImageLoader.h */,
				9940AE081807502B008881EB /* UIImageView+SLImageLoader.m */,
				9940AE091807502B008881EB /* UIImageView+WBImageLoader.h */,
				9940AE0A1807502B008881EB /* UIImageView+WBImageLoader.m */,
			);
			path = Helpers;
			sourceTree = "<group>";
		};
		9940AE0C1807502B008881EB /* Login */ = {
			isa = PBXGroup;
			children = (
				9940AE0D1807502B008881EB /* WBLoginViewController.h */,
				9940AE0E1807502B008881EB /* WBLoginViewController.m */,
				9940AE0F1807502B008881EB /* WBLoginViewController.xib */,
			);
			path = Login;
			sourceTree = "<group>";
		};
		9940AE131807502B008881EB /* Navigation */ = {
			isa = PBXGroup;
			children = (
				9940AE141807502B008881EB /* WBNavigationController.h */,
				9940AE151807502B008881EB /* WBNavigationController.m */,
			);
			path = Navigation;
			sourceTree = "<group>";
		};
		9940AE161807502B008881EB /* Photo Detail */ = {
			isa = PBXGroup;
			children = (
				9940AE171807502B008881EB /* WBPhotoDetailsViewController.h */,
				9940AE181807502B008881EB /* WBPhotoDetailsViewController.m */,
				9940AE191807502B008881EB /* WBPhotoDetailsViewController.xib */,
			);
			path = "Photo Detail";
			sourceTree = "<group>";
		};
		9940AE1A1807502B008881EB /* Profile */ = {
			isa = PBXGroup;
			children = (
				9940AE1B1807502B008881EB /* ProfileViewController.h */,
				9940AE1C1807502B008881EB /* ProfileViewController.m */,
				9940AE1D1807502B008881EB /* ProfileViewController.xib */,
			);
			path = Profile;
			sourceTree = "<group>";
		};
		9940AE1E1807502B008881EB /* Signup */ = {
			isa = PBXGroup;
			children = (
				9940AE1F1807502B008881EB /* WBSignupViewController.h */,
				9940AE201807502B008881EB /* WBSignupViewController.m */,
				9940AE211807502B008881EB /* WBSignupViewController.xib */,
			);
			path = Signup;
			sourceTree = "<group>";
		};
		9940AE221807502B008881EB /* Supporting Files */ = {
			isa = PBXGroup;
			children = (
				9940AE251807502B008881EB /* Settings.bundle */,
				9940AE231807502B008881EB /* Localizable.strings */,
				9940AE241807502B008881EB /* ParseConfiguration.plist */,
				9940AE261807502B008881EB /* WBAnypic-Info.plist */,
			);
			path = "Supporting Files";
			sourceTree = "<group>";
		};
		9940AE271807502B008881EB /* Tab Bar */ = {
			isa = PBXGroup;
			children = (
				9940AE281807502B008881EB /* WBTabBarController.h */,
				9940AE291807502B008881EB /* WBTabBarController.m */,
			);
			path = "Tab Bar";
			sourceTree = "<group>";
		};
		9940AE2A1807502B008881EB /* Theme */ = {
			isa = PBXGroup;
			children = (
				9940AE2B1807502B008881EB /* WBTheme.h */,
				9940AE2C1807502B008881EB /* WBTheme.m */,
			);
			path = Theme;
			sourceTree = "<group>";
		};
		9940AE2D1807502B008881EB /* Views */ = {
			isa = PBXGroup;
			children = (
				9940AE2E1807502B008881EB /* MainFeedCell.h */,
				9940AE2F1807502B008881EB /* MainFeedCell.m */,
				9940AE301807502B008881EB /* MainFeedCell.xib */,
				9940AE311807502B008881EB /* WBActivityCell.h */,
				9940AE321807502B008881EB /* WBActivityCell.m */,
				9940AE331807502B008881EB /* WBActivityCell.xib */,
				9940AE341807502B008881EB /* WBFriendCell.h */,
				9940AE351807502B008881EB /* WBFriendCell.m */,
				9940AE361807502B008881EB /* WBFriendCell.xib */,
				9940AE371807502B008881EB /* WBInviteFriendsCell.h */,
				9940AE381807502B008881EB /* WBInviteFriendsCell.m */,
				9940AE391807502B008881EB /* WBInviteFriendsCell.xib */,
				9940AE3A1807502B008881EB /* WBLoadMoreCell.h */,
				9940AE3B1807502B008881EB /* WBLoadMoreCell.m */,
				9940AE3C1807502B008881EB /* WBLoadMoreCell.xib */,
				9940AE3D1807502B008881EB /* WBPhotoDetailsCell.h */,
				9940AE3E1807502B008881EB /* WBPhotoDetailsCell.m */,
				9940AE3F1807502B008881EB /* WBPhotoDetailsCellAddComment.h */,
				9940AE401807502B008881EB /* WBPhotoDetailsCellAddComment.m */,
				9940AE411807502B008881EB /* WBPhotoDetailsCellAddComment.xib */,
				9940AE421807502B008881EB /* WBPhotoDetailsCellComment.h */,
				9940AE431807502B008881EB /* WBPhotoDetailsCellComment.m */,
				9940AE441807502B008881EB /* WBPhotoDetailsCellComment.xib */,
				9940AE451807502B008881EB /* WBPhotoDetailsCellLikes.h */,
				9940AE461807502B008881EB /* WBPhotoDetailsCellLikes.m */,
				9940AE471807502B008881EB /* WBPhotoDetailsCellLikes.xib */,
				9940AE481807502B008881EB /* WBPhotoDetailsCellPhoto.h */,
				9940AE491807502B008881EB /* WBPhotoDetailsCellPhoto.m */,
				9940AE4A1807502B008881EB /* WBPhotoDetailsCellPhoto.xib */,
				9940AE4B1807502B008881EB /* WBPhotoTimelineCell.h */,
				9940AE4C1807502B008881EB /* WBPhotoTimelineCell.m */,
				9940AE4D1807502B008881EB /* WBPhotoTimelineCell.xib */,
				9940AE4E1807502B008881EB /* WBPhotoTimelineSectionHeaderButton.h */,
				9940AE4F1807502B008881EB /* WBPhotoTimelineSectionHeaderButton.m */,
				9940AE501807502B008881EB /* WBPhotoTimelineSectionHeaderView.h */,
				9940AE511807502B008881EB /* WBPhotoTimelineSectionHeaderView.m */,
				9940AE521807502B008881EB /* WBPhotoTimelineSectionHeaderView.xib */,
				9940AE531807502B008881EB /* WBProfileHeaderView.h */,
				9940AE541807502B008881EB /* WBProfileHeaderView.m */,
				9940AE551807502B008881EB /* WBProfileHeaderView.xib */,
			);
			path = Views;
			sourceTree = "<group>";
		};
		9986F2DF1806F96400A93A82 /* Products */ = {
			isa = PBXGroup;
			children = (
				9986F2E51806F96400A93A82 /* libWhiteboard.a */,
				9986F2E71806F96400A93A82 /* WhiteboardTests.xctest */,
			);
			name = Products;
			sourceTree = "<group>";
		};
/* End PBXGroup section */

/* Begin PBXNativeTarget section */
		9919151D17DA7B2A005DA25C /* WBAnypic */ = {
			isa = PBXNativeTarget;
			buildConfigurationList = 9919155017DA7B2B005DA25C /* Build configuration list for PBXNativeTarget "WBAnypic" */;
			buildPhases = (
				9919151A17DA7B2A005DA25C /* Sources */,
				9919151B17DA7B2A005DA25C /* Frameworks */,
				9919151C17DA7B2A005DA25C /* Resources */,
				999D8EA21807386300981101 /* ShellScript */,
			);
			buildRules = (
			);
			dependencies = (
				9986F2E91806F97300A93A82 /* PBXTargetDependency */,
			);
			name = WBAnypic;
			productName = whiteboard;
			productReference = 9919151E17DA7B2A005DA25C /* WBAnypic.app */;
			productType = "com.apple.product-type.application";
		};
		9919153E17DA7B2A005DA25C /* WBAnypicTests */ = {
			isa = PBXNativeTarget;
			buildConfigurationList = 9919155317DA7B2B005DA25C /* Build configuration list for PBXNativeTarget "WBAnypicTests" */;
			buildPhases = (
				9919153B17DA7B2A005DA25C /* Sources */,
				9919153C17DA7B2A005DA25C /* Frameworks */,
				9919153D17DA7B2A005DA25C /* Resources */,
			);
			buildRules = (
			);
			dependencies = (
				9919154517DA7B2A005DA25C /* PBXTargetDependency */,
			);
			name = WBAnypicTests;
			productName = whiteboardTests;
			productReference = 9919153F17DA7B2A005DA25C /* WBAnypicTests.xctest */;
			productType = "com.apple.product-type.bundle.unit-test";
		};
/* End PBXNativeTarget section */

/* Begin PBXProject section */
		9919151617DA7B2A005DA25C /* Project object */ = {
			isa = PBXProject;
			attributes = {
				CLASSPREFIX = WB;
				LastUpgradeCheck = 0500;
				ORGANIZATIONNAME = Fueled;
				TargetAttributes = {
					9919153E17DA7B2A005DA25C = {
						TestTargetID = 9919151D17DA7B2A005DA25C;
					};
				};
			};
			buildConfigurationList = 9919151917DA7B2A005DA25C /* Build configuration list for PBXProject "WBAnypic" */;
			compatibilityVersion = "Xcode 3.2";
			developmentRegion = English;
			hasScannedForEncodings = 0;
			knownRegions = (
				en,
				Base,
			);
			mainGroup = 9919151517DA7B2A005DA25C;
			productRefGroup = 9919151F17DA7B2A005DA25C /* Products */;
			projectDirPath = "";
			projectReferences = (
				{
					ProductGroup = 9986F2DF1806F96400A93A82 /* Products */;
					ProjectRef = 9986F2DE1806F96400A93A82 /* Whiteboard.xcodeproj */;
				},
			);
			projectRoot = "";
			targets = (
				9919151D17DA7B2A005DA25C /* WBAnypic */,
				9919153E17DA7B2A005DA25C /* WBAnypicTests */,
			);
		};
/* End PBXProject section */

/* Begin PBXReferenceProxy section */
		9986F2E51806F96400A93A82 /* libWhiteboard.a */ = {
			isa = PBXReferenceProxy;
			fileType = archive.ar;
			path = libWhiteboard.a;
			remoteRef = 9986F2E41806F96400A93A82 /* PBXContainerItemProxy */;
			sourceTree = BUILT_PRODUCTS_DIR;
		};
		9986F2E71806F96400A93A82 /* WhiteboardTests.xctest */ = {
			isa = PBXReferenceProxy;
			fileType = wrapper.cfbundle;
			path = WhiteboardTests.xctest;
			remoteRef = 9986F2E61806F96400A93A82 /* PBXContainerItemProxy */;
			sourceTree = BUILT_PRODUCTS_DIR;
		};
/* End PBXReferenceProxy section */

/* Begin PBXResourcesBuildPhase section */
		9919151C17DA7B2A005DA25C /* Resources */ = {
			isa = PBXResourcesBuildPhase;
			buildActionMask = 2147483647;
			files = (
				9940AE971807502B008881EB /* WBProfileHeaderView.xib in Resources */,
				9940AE751807502B008881EB /* ProfileViewController.xib in Resources */,
				9940AE701807502B008881EB /* MainWindow.xib in Resources */,
				9940AE7A1807502B008881EB /* Settings.bundle in Resources */,
				9940AE8E1807502B008881EB /* WBPhotoDetailsCellLikes.xib in Resources */,
				9940AE991807502B008881EB /* WBTheme.plist in Resources */,
				9940AE7F1807502B008881EB /* MainFeedCell.xib in Resources */,
				9940AE8A1807502B008881EB /* WBPhotoDetailsCellAddComment.xib in Resources */,
				9940AE781807502B008881EB /* Localizable.strings in Resources */,
				9940AE951807502B008881EB /* WBPhotoTimelineSectionHeaderView.xib in Resources */,
				9940AE611807502B008881EB /* MainFeedViewController.xib in Resources */,
				9940AE7B1807502B008881EB /* WBAnypic-Info.plist in Resources */,
				9940AE771807502B008881EB /* WBSignupViewController.xib in Resources */,
				9940AE831807502B008881EB /* WBFriendCell.xib in Resources */,
				9940AE731807502B008881EB /* WBPhotoDetailsViewController.xib in Resources */,
				9940AE811807502B008881EB /* WBActivityCell.xib in Resources */,
				9940AE851807502B008881EB /* WBInviteFriendsCell.xib in Resources */,
				9940AE6F1807502B008881EB /* mainpage.dox in Resources */,
				9940AE6B1807502B008881EB /* Images.xcassets in Resources */,
				9940AE5D1807502B008881EB /* ActivityViewController.xib in Resources */,
				9940AE901807502B008881EB /* WBPhotoDetailsCellPhoto.xib in Resources */,
				9940AE921807502B008881EB /* WBPhotoTimelineCell.xib in Resources */,
				9940AE871807502B008881EB /* WBLoadMoreCell.xib in Resources */,
				9940AE791807502B008881EB /* ParseConfiguration.plist in Resources */,
				9940AE8C1807502B008881EB /* WBPhotoDetailsCellComment.xib in Resources */,
				9940AE5F1807502B008881EB /* InfoPlist.strings in Resources */,
				9940AE6D1807502B008881EB /* WBLoginViewController.xib in Resources */,
			);
			runOnlyForDeploymentPostprocessing = 0;
		};
		9919153D17DA7B2A005DA25C /* Resources */ = {
			isa = PBXResourcesBuildPhase;
			buildActionMask = 2147483647;
			files = (
				9919154B17DA7B2B005DA25C /* InfoPlist.strings in Resources */,
			);
			runOnlyForDeploymentPostprocessing = 0;
		};
/* End PBXResourcesBuildPhase section */

/* Begin PBXShellScriptBuildPhase section */
		999D8EA21807386300981101 /* ShellScript */ = {
			isa = PBXShellScriptBuildPhase;
			buildActionMask = 2147483647;
			files = (
			);
			inputPaths = (
			);
			outputPaths = (
			);
			runOnlyForDeploymentPostprocessing = 0;
			shellPath = /bin/sh;
			shellScript = "cd $PROJECT_DIR\ncd \"$BUILT_PRODUCTS_DIR/$PRODUCT_NAME.app\"\nRELEASE_VERSION=$(/usr/libexec/PlistBuddy -c \"Print CFBundleShortVersionString\" Info.plist)\nBUILD_VERSION=$(/usr/libexec/PlistBuddy -c \"Print CFBundleVersion\" Info.plist)\nTZ='America/New_York'\nexport TZ\nBUILD_DATE=$(date +\"%a %l:%M %b %d, %Y\")\n/usr/libexec/PlistBuddy -c \"Set :PreferenceSpecifiers:1:DefaultValue $RELEASE_VERSION\" Settings.bundle/Root.plist\n/usr/libexec/PlistBuddy -c \"Set :PreferenceSpecifiers:2:DefaultValue $BUILD_VERSION\" Settings.bundle/Root.plist\n/usr/libexec/PlistBuddy -c \"Set :PreferenceSpecifiers:3:DefaultValue $BUILD_DATE\" Settings.bundle/Root.plist";
		};
/* End PBXShellScriptBuildPhase section */

/* Begin PBXSourcesBuildPhase section */
		9919151A17DA7B2A005DA25C /* Sources */ = {
			isa = PBXSourcesBuildPhase;
			buildActionMask = 2147483647;
			files = (
				9940AE911807502B008881EB /* WBPhotoTimelineCell.m in Sources */,
				9940AE821807502B008881EB /* WBFriendCell.m in Sources */,
				9940AE8F1807502B008881EB /* WBPhotoDetailsCellPhoto.m in Sources */,
				9940AE941807502B008881EB /* WBPhotoTimelineSectionHeaderView.m in Sources */,
				9940AE931807502B008881EB /* WBPhotoTimelineSectionHeaderButton.m in Sources */,
				9940AE7E1807502B008881EB /* MainFeedCell.m in Sources */,
				9940AE8B1807502B008881EB /* WBPhotoDetailsCellComment.m in Sources */,
				9940AE661807502B008881EB /* NSNotification+Keyboard.m in Sources */,
				9940AE761807502B008881EB /* WBSignupViewController.m in Sources */,
				9940AE881807502B008881EB /* WBPhotoDetailsCell.m in Sources */,
				9940AE961807502B008881EB /* WBProfileHeaderView.m in Sources */,
				9940AE721807502B008881EB /* WBPhotoDetailsViewController.m in Sources */,
				9940AE5E1807502B008881EB /* AppDelegate.m in Sources */,
				9940AE8D1807502B008881EB /* WBPhotoDetailsCellLikes.m in Sources */,
				9940AE641807502B008881EB /* EmailValidator.m in Sources */,
				9940AE711807502B008881EB /* WBNavigationController.m in Sources */,
				9940AE631807502B008881EB /* WBFindFriendsViewController.m in Sources */,
				9940AE6C1807502B008881EB /* WBLoginViewController.m in Sources */,
				9940AE861807502B008881EB /* WBLoadMoreCell.m in Sources */,
				9940AE6A1807502B008881EB /* UIImageView+WBImageLoader.m in Sources */,
				9940AE841807502B008881EB /* WBInviteFriendsCell.m in Sources */,
				9940AE9A1807502B008881EB /* WBViewController.m in Sources */,
				9940AE671807502B008881EB /* UIColor+Hex.m in Sources */,
				9940AE741807502B008881EB /* ProfileViewController.m in Sources */,
				9940AE5C1807502B008881EB /* ActivityViewController.m in Sources */,
				9940AE7D1807502B008881EB /* WBTheme.m in Sources */,
				9940AE601807502B008881EB /* MainFeedViewController.m in Sources */,
				9940AE891807502B008881EB /* WBPhotoDetailsCellAddComment.m in Sources */,
				9940AE621807502B008881EB /* WBPhotoTimelineViewController.m in Sources */,
				9940AE691807502B008881EB /* UIImageView+SLImageLoader.m in Sources */,
				9940AE801807502B008881EB /* WBActivityCell.m in Sources */,
				9940AE651807502B008881EB /* KeyboardAnimationView.m in Sources */,
				9940AE981807502B008881EB /* WBPhoto+Utils.m in Sources */,
				9940AE6E1807502B008881EB /* main.m in Sources */,
				9940AE7C1807502B008881EB /* WBTabBarController.m in Sources */,
				9940AE681807502B008881EB /* UIImageView+RoundedCorners.m in Sources */,
			);
			runOnlyForDeploymentPostprocessing = 0;
		};
		9919153B17DA7B2A005DA25C /* Sources */ = {
			isa = PBXSourcesBuildPhase;
			buildActionMask = 2147483647;
			files = (
				9940D16817DF62F1008B2825 /* WBDatasourceTests.m in Sources */,
			);
			runOnlyForDeploymentPostprocessing = 0;
		};
/* End PBXSourcesBuildPhase section */

/* Begin PBXTargetDependency section */
		9919154517DA7B2A005DA25C /* PBXTargetDependency */ = {
			isa = PBXTargetDependency;
			target = 9919151D17DA7B2A005DA25C /* WBAnypic */;
			targetProxy = 9919154417DA7B2A005DA25C /* PBXContainerItemProxy */;
		};
		9986F2E91806F97300A93A82 /* PBXTargetDependency */ = {
			isa = PBXTargetDependency;
			name = Whiteboard;
			targetProxy = 9986F2E81806F97300A93A82 /* PBXContainerItemProxy */;
		};
/* End PBXTargetDependency section */

/* Begin PBXVariantGroup section */
		9919154917DA7B2B005DA25C /* InfoPlist.strings */ = {
			isa = PBXVariantGroup;
			children = (
				9919154A17DA7B2B005DA25C /* en */,
			);
			name = InfoPlist.strings;
			sourceTree = "<group>";
		};
		9940ADF11807502B008881EB /* InfoPlist.strings */ = {
			isa = PBXVariantGroup;
			children = (
				9940ADF21807502B008881EB /* en */,
			);
			name = InfoPlist.strings;
			sourceTree = "<group>";
		};
/* End PBXVariantGroup section */

/* Begin XCBuildConfiguration section */
		9919154E17DA7B2B005DA25C /* Debug */ = {
			isa = XCBuildConfiguration;
			buildSettings = {
				ALWAYS_SEARCH_USER_PATHS = NO;
				CLANG_CXX_LANGUAGE_STANDARD = "gnu++0x";
				CLANG_CXX_LIBRARY = "libc++";
				CLANG_ENABLE_MODULES = YES;
				CLANG_ENABLE_OBJC_ARC = YES;
				CLANG_WARN_BOOL_CONVERSION = YES;
				CLANG_WARN_CONSTANT_CONVERSION = YES;
				CLANG_WARN_DIRECT_OBJC_ISA_USAGE = YES_ERROR;
				CLANG_WARN_EMPTY_BODY = YES;
				CLANG_WARN_ENUM_CONVERSION = YES;
				CLANG_WARN_INT_CONVERSION = YES;
				CLANG_WARN_OBJC_ROOT_CLASS = YES_ERROR;
				CLANG_WARN__DUPLICATE_METHOD_MATCH = YES;
				CODE_SIGN_IDENTITY = "iPhone Developer: Sacha Durand Saint Omer (QT789KJF79)";
				"CODE_SIGN_IDENTITY[sdk=iphoneos*]" = "iPhone Developer: Sacha Durand Saint Omer (QT789KJF79)";
				COPY_PHASE_STRIP = NO;
				GCC_C_LANGUAGE_STANDARD = gnu99;
				GCC_DYNAMIC_NO_PIC = NO;
				GCC_OPTIMIZATION_LEVEL = 0;
				GCC_PREPROCESSOR_DEFINITIONS = (
					"DEBUG=1",
					"$(inherited)",
				);
				GCC_SYMBOLS_PRIVATE_EXTERN = NO;
				GCC_TREAT_IMPLICIT_FUNCTION_DECLARATIONS_AS_ERRORS = YES;
				GCC_TREAT_INCOMPATIBLE_POINTER_TYPE_WARNINGS_AS_ERRORS = YES;
				GCC_TREAT_WARNINGS_AS_ERRORS = YES;
				GCC_WARN_ABOUT_RETURN_TYPE = YES_ERROR;
				GCC_WARN_UNDECLARED_SELECTOR = YES;
				GCC_WARN_UNINITIALIZED_AUTOS = YES;
				GCC_WARN_UNUSED_FUNCTION = YES;
				GCC_WARN_UNUSED_VARIABLE = YES;
				IPHONEOS_DEPLOYMENT_TARGET = 7.0;
				ONLY_ACTIVE_ARCH = YES;
				PROVISIONING_PROFILE = "BEFAEE8E-7BD1-4FE4-B72B-16E9BD25C772";
				SDKROOT = iphoneos;
			};
			name = Debug;
		};
		9919154F17DA7B2B005DA25C /* Release */ = {
			isa = XCBuildConfiguration;
			buildSettings = {
				ALWAYS_SEARCH_USER_PATHS = NO;
				CLANG_CXX_LANGUAGE_STANDARD = "gnu++0x";
				CLANG_CXX_LIBRARY = "libc++";
				CLANG_ENABLE_MODULES = YES;
				CLANG_ENABLE_OBJC_ARC = YES;
				CLANG_WARN_BOOL_CONVERSION = YES;
				CLANG_WARN_CONSTANT_CONVERSION = YES;
				CLANG_WARN_DIRECT_OBJC_ISA_USAGE = YES_ERROR;
				CLANG_WARN_EMPTY_BODY = YES;
				CLANG_WARN_ENUM_CONVERSION = YES;
				CLANG_WARN_INT_CONVERSION = YES;
				CLANG_WARN_OBJC_ROOT_CLASS = YES_ERROR;
				CLANG_WARN__DUPLICATE_METHOD_MATCH = YES;
				CODE_SIGN_IDENTITY = "iPhone Developer: Sacha Durand Saint Omer (QT789KJF79)";
				"CODE_SIGN_IDENTITY[sdk=iphoneos*]" = "iPhone Developer: Sacha Durand Saint Omer (QT789KJF79)";
				COPY_PHASE_STRIP = YES;
				ENABLE_NS_ASSERTIONS = NO;
				GCC_C_LANGUAGE_STANDARD = gnu99;
				GCC_TREAT_IMPLICIT_FUNCTION_DECLARATIONS_AS_ERRORS = YES;
				GCC_TREAT_INCOMPATIBLE_POINTER_TYPE_WARNINGS_AS_ERRORS = YES;
				GCC_TREAT_WARNINGS_AS_ERRORS = YES;
				GCC_WARN_ABOUT_RETURN_TYPE = YES_ERROR;
				GCC_WARN_UNDECLARED_SELECTOR = YES;
				GCC_WARN_UNINITIALIZED_AUTOS = YES;
				GCC_WARN_UNUSED_FUNCTION = YES;
				GCC_WARN_UNUSED_VARIABLE = YES;
				IPHONEOS_DEPLOYMENT_TARGET = 7.0;
				PROVISIONING_PROFILE = "BEFAEE8E-7BD1-4FE4-B72B-16E9BD25C772";
				SDKROOT = iphoneos;
				VALIDATE_PRODUCT = YES;
			};
			name = Release;
		};
		9919155117DA7B2B005DA25C /* Debug */ = {
			isa = XCBuildConfiguration;
			buildSettings = {
				ASSETCATALOG_COMPILER_APPICON_NAME = AppIcon;
				ASSETCATALOG_COMPILER_LAUNCHIMAGE_NAME = LaunchImage;
				CODE_SIGN_IDENTITY = "";
				FRAMEWORK_SEARCH_PATHS = (
					"$(inherited)",
					$SRCROOT,
				);
				GCC_PRECOMPILE_PREFIX_HEADER = YES;
				GCC_PREFIX_HEADER = "WBAnypic/WBAnypic-Prefix.pch";
				GCC_TREAT_WARNINGS_AS_ERRORS = NO;
				INFOPLIST_FILE = "WBAnypic/Supporting Files/WBAnypic-Info.plist";
				OTHER_LDFLAGS = (
					"-ObjC",
					"-framework",
					CoreGraphics,
					"-framework",
					MobileCoreServices,
					"-framework",
					Security,
					"-framework",
					SystemConfiguration,
					"-all_load",
				);
				PRODUCT_NAME = WBAnypic;
				PROVISIONING_PROFILE = "1E584F4A-723B-4F7B-A99D-9B212CE472A9";
				USER_HEADER_SEARCH_PATHS = "../Code/** ../Pods/Headers ../Pods/Headers/AFNetworking ../Pods/Headers/CocoaLumberjack ../Pods/Headers/FormatterKit";
				WRAPPER_EXTENSION = app;
			};
			name = Debug;
		};
		9919155217DA7B2B005DA25C /* Release */ = {
			isa = XCBuildConfiguration;
			buildSettings = {
				ASSETCATALOG_COMPILER_APPICON_NAME = AppIcon;
				ASSETCATALOG_COMPILER_LAUNCHIMAGE_NAME = LaunchImage;
				CODE_SIGN_IDENTITY = "";
				FRAMEWORK_SEARCH_PATHS = (
					"$(inherited)",
					$SRCROOT,
				);
				GCC_PRECOMPILE_PREFIX_HEADER = YES;
				GCC_PREFIX_HEADER = "WBAnypic/WBAnypic-Prefix.pch";
				GCC_TREAT_WARNINGS_AS_ERRORS = NO;
				INFOPLIST_FILE = "WBAnypic/Supporting Files/WBAnypic-Info.plist";
				OTHER_LDFLAGS = (
					"-ObjC",
					"-framework",
					CoreGraphics,
					"-framework",
					MobileCoreServices,
					"-framework",
					Security,
					"-framework",
					SystemConfiguration,
					"-all_load",
				);
				PRODUCT_NAME = WBAnypic;
				PROVISIONING_PROFILE = "1E584F4A-723B-4F7B-A99D-9B212CE472A9";
				USER_HEADER_SEARCH_PATHS = "../Code/** ../Pods/Headers ../Pods/Headers/AFNetworking ../Pods/Headers/CocoaLumberjack ../Pods/Headers/FormatterKit";
				WRAPPER_EXTENSION = app;
			};
			name = Release;
		};
		9919155417DA7B2B005DA25C /* Debug */ = {
			isa = XCBuildConfiguration;
			buildSettings = {
				BUNDLE_LOADER = "$(BUILT_PRODUCTS_DIR)/whiteboard.app/whiteboard";
				FRAMEWORK_SEARCH_PATHS = (
					"$(SDKROOT)/Developer/Library/Frameworks",
					"$(inherited)",
					"$(DEVELOPER_FRAMEWORKS_DIR)",
				);
				GCC_PRECOMPILE_PREFIX_HEADER = YES;
				GCC_PREFIX_HEADER = "whiteboard/whiteboard-Prefix.pch";
				GCC_PREPROCESSOR_DEFINITIONS = (
					"DEBUG=1",
					"$(inherited)",
				);
				INFOPLIST_FILE = "whiteboardTests/WBAnypicTests-Info.plist";
				PRODUCT_NAME = WBAnypicTests;
				TEST_HOST = "$(BUNDLE_LOADER)";
				WRAPPER_EXTENSION = xctest;
			};
			name = Debug;
		};
		9919155517DA7B2B005DA25C /* Release */ = {
			isa = XCBuildConfiguration;
			buildSettings = {
				BUNDLE_LOADER = "$(BUILT_PRODUCTS_DIR)/whiteboard.app/whiteboard";
				FRAMEWORK_SEARCH_PATHS = (
					"$(SDKROOT)/Developer/Library/Frameworks",
					"$(inherited)",
					"$(DEVELOPER_FRAMEWORKS_DIR)",
				);
				GCC_PRECOMPILE_PREFIX_HEADER = YES;
				GCC_PREFIX_HEADER = "whiteboard/whiteboard-Prefix.pch";
				INFOPLIST_FILE = "whiteboardTests/WBAnypicTests-Info.plist";
				PRODUCT_NAME = WBAnypicTests;
				TEST_HOST = "$(BUNDLE_LOADER)";
				WRAPPER_EXTENSION = xctest;
			};
			name = Release;
		};
/* End XCBuildConfiguration section */

/* Begin XCConfigurationList section */
		9919151917DA7B2A005DA25C /* Build configuration list for PBXProject "WBAnypic" */ = {
			isa = XCConfigurationList;
			buildConfigurations = (
				9919154E17DA7B2B005DA25C /* Debug */,
				9919154F17DA7B2B005DA25C /* Release */,
			);
			defaultConfigurationIsVisible = 0;
			defaultConfigurationName = Release;
		};
		9919155017DA7B2B005DA25C /* Build configuration list for PBXNativeTarget "WBAnypic" */ = {
			isa = XCConfigurationList;
			buildConfigurations = (
				9919155117DA7B2B005DA25C /* Debug */,
				9919155217DA7B2B005DA25C /* Release */,
			);
			defaultConfigurationIsVisible = 0;
			defaultConfigurationName = Release;
		};
		9919155317DA7B2B005DA25C /* Build configuration list for PBXNativeTarget "WBAnypicTests" */ = {
			isa = XCConfigurationList;
			buildConfigurations = (
				9919155417DA7B2B005DA25C /* Debug */,
				9919155517DA7B2B005DA25C /* Release */,
			);
			defaultConfigurationIsVisible = 0;
			defaultConfigurationName = Release;
		};
/* End XCConfigurationList section */
	};
	rootObject = 9919151617DA7B2A005DA25C /* Project object */;
}
